<?xml version="1.0" encoding="utf-8"?>
<Project ToolsVersion="4.0" xmlns="http://schemas.microsoft.com/developer/msbuild/2003">
  <ItemGroup>
    <ClInclude Include="stdafx.h" />
    <ClInclude Include="UnreferencedFunctions.h" />
    <ClInclude Include="ByteVectorMacro.h" />
    <ClInclude Include="TestTemplates.h" />
    <ClInclude Include="MockTokenResolver.h" />
  </ItemGroup>
  <ItemGroup>
    <ClCompile Include="stdafx.cpp" />
    <ClCompile Include="SignatureParserTest.cpp" />
    <ClCompile Include="TestModuleAttributes.cpp" />
  </ItemGroup>
  <ItemGroup>
    <None Include="$(MSBuildThisFileDirectory)newrelic-icon.png" />
  </ItemGroup>
</Project>