
Microsoft Visual Studio Solution File, Format Version 12.00
# Visual Studio Version 17
VisualStudioVersion = 17.4.33205.214
MinimumVisualStudioVersion = 15.0.26228.04
Project("{9A19103F-16F7-4668-BE54-9A1E7A4F7556}") = "Core", "src\Agent\NewRelic\Agent\Core\Core.csproj", "{D6E22195-EE69-4320-B08B-E68229FB69AB}"
EndProject
Project("{9A19103F-16F7-4668-BE54-9A1E7A4F7556}") = "NewRelic.Api.Agent", "src\Agent\NewRelic.Api.Agent\NewRelic.Api.Agent.csproj", "{64C7F267-5185-4AB7-9EB5-0183D8BB0171}"
EndProject
Project("{2150E333-8FDC-42A3-9474-1A3956D46DE8}") = "Miscellaneous", "Miscellaneous", "{D8E8DC37-B021-4C1D-8E32-6F9DF0F0A2BD}"
	ProjectSection(SolutionItems) = preProject
		src\Agent\Miscellaneous\core-agent-readme.md = src\Agent\Miscellaneous\core-agent-readme.md
		src\Agent\Miscellaneous\NewRelic-icon-16x16.ico = src\Agent\Miscellaneous\NewRelic-icon-16x16.ico
		src\Agent\Miscellaneous\NewRelic.Providers.Wrapper.Misc.Instrumentation.xml = src\Agent\Miscellaneous\NewRelic.Providers.Wrapper.Misc.Instrumentation.xml
	EndProjectSection
EndProject
Project("{2150E333-8FDC-42A3-9474-1A3956D46DE8}") = "Scripts", "Scripts", "{56C28975-53A0-4359-AC48-13007DD8081E}"
	ProjectSection(SolutionItems) = preProject
		src\Agent\Scripts\flush_dotnet_temp.cmd = src\Agent\Scripts\flush_dotnet_temp.cmd
	EndProjectSection
EndProject
Project("{2150E333-8FDC-42A3-9474-1A3956D46DE8}") = "Configuration", "Configuration", "{08C05693-F579-403F-8438-75CDA92C47A0}"
	ProjectSection(SolutionItems) = preProject
		src\Agent\Configuration\newrelic.config = src\Agent\Configuration\newrelic.config
	EndProjectSection
EndProject
Project("{2150E333-8FDC-42A3-9474-1A3956D46DE8}") = "NewRelic", "NewRelic", "{E3DAC9C6-AE41-4B37-A253-C621E568590E}"
EndProject
Project("{2150E333-8FDC-42A3-9474-1A3956D46DE8}") = "Agent", "Agent", "{592C9958-32E6-4834-ACEB-D32CBDB57310}"
EndProject
Project("{2150E333-8FDC-42A3-9474-1A3956D46DE8}") = "Extensions", "Extensions", "{1800B0F7-BA26-47E5-A7D4-63BC85880C99}"
EndProject
Project("{2150E333-8FDC-42A3-9474-1A3956D46DE8}") = "Providers", "Providers", "{8DE69D20-1763-42A1-B3FB-A11E2311BB9C}"
EndProject
Project("{2150E333-8FDC-42A3-9474-1A3956D46DE8}") = "Wrapper", "Wrapper", "{5E86E10A-C38F-48CB-ADE9-67B22BB2F50A}"
	ProjectSection(SolutionItems) = preProject
		src\Agent\NewRelic\Agent\Extensions\Providers\Wrapper\README.md = src\Agent\NewRelic\Agent\Extensions\Providers\Wrapper\README.md
	EndProjectSection
EndProject
Project("{9A19103F-16F7-4668-BE54-9A1E7A4F7556}") = "NServiceBus", "src\Agent\NewRelic\Agent\Extensions\Providers\Wrapper\NServiceBus\NServiceBus.csproj", "{9E9E1367-E09E-45F9-9A01-7D4489FBCB23}"
EndProject
Project("{9A19103F-16F7-4668-BE54-9A1E7A4F7556}") = "Mvc3", "src\Agent\NewRelic\Agent\Extensions\Providers\Wrapper\Mvc3\Mvc3.csproj", "{EA98ED03-D1B4-4283-8412-98985B06AFDA}"
EndProject
Project("{9A19103F-16F7-4668-BE54-9A1E7A4F7556}") = "WebApi2", "src\Agent\NewRelic\Agent\Extensions\Providers\Wrapper\WebApi2\WebApi2.csproj", "{44434B8F-EE14-49B0-855D-6EA0B48048BF}"
EndProject
Project("{9A19103F-16F7-4668-BE54-9A1E7A4F7556}") = "AspNet", "src\Agent\NewRelic\Agent\Extensions\Providers\Wrapper\AspNet\AspNet.csproj", "{279F8AD0-C959-476F-BD58-3581D9A33238}"
EndProject
Project("{9A19103F-16F7-4668-BE54-9A1E7A4F7556}") = "WebApi1", "src\Agent\NewRelic\Agent\Extensions\Providers\Wrapper\WebApi1\WebApi1.csproj", "{5BBEEC11-B753-4631-BCDD-43BE73B5CCAC}"
EndProject
Project("{9A19103F-16F7-4668-BE54-9A1E7A4F7556}") = "MongoDb", "src\Agent\NewRelic\Agent\Extensions\Providers\Wrapper\MongoDb\MongoDb.csproj", "{230CDE78-9D21-4D10-9C4B-E00C88B8B021}"
EndProject
Project("{9A19103F-16F7-4668-BE54-9A1E7A4F7556}") = "Wcf3", "src\Agent\NewRelic\Agent\Extensions\Providers\Wrapper\Wcf3\Wcf3.csproj", "{C60C1767-A73A-4A9E-BAF1-D3463C7CEFEC}"
EndProject
Project("{9A19103F-16F7-4668-BE54-9A1E7A4F7556}") = "WebServices", "src\Agent\NewRelic\Agent\Extensions\Providers\Wrapper\WebServices\WebServices.csproj", "{FA3ABF45-6DAB-47DC-B886-06BBEFE4292F}"
EndProject
Project("{9A19103F-16F7-4668-BE54-9A1E7A4F7556}") = "ServiceStackRedis", "src\Agent\NewRelic\Agent\Extensions\Providers\Wrapper\ServiceStackRedis\ServiceStackRedis.csproj", "{87EF7419-8390-49F2-8C51-4DF9B886E834}"
EndProject
Project("{9A19103F-16F7-4668-BE54-9A1E7A4F7556}") = "WebOptimization", "src\Agent\NewRelic\Agent\Extensions\Providers\Wrapper\WebOptimization\WebOptimization.csproj", "{10B2665A-B898-49F7-8BCA-2511872B0902}"
EndProject
Project("{9A19103F-16F7-4668-BE54-9A1E7A4F7556}") = "HttpClient", "src\Agent\NewRelic\Agent\Extensions\Providers\Wrapper\HttpClient\HttpClient.csproj", "{1593CA23-F7EC-42F2-A915-F5D5B18F8C6B}"
EndProject
Project("{9A19103F-16F7-4668-BE54-9A1E7A4F7556}") = "Owin", "src\Agent\NewRelic\Agent\Extensions\Providers\Wrapper\Owin\Owin.csproj", "{6FA157C2-C50C-49E4-8CD7-50F2AD77A33D}"
EndProject
Project("{9A19103F-16F7-4668-BE54-9A1E7A4F7556}") = "StackExchangeRedis", "src\Agent\NewRelic\Agent\Extensions\Providers\Wrapper\StackExchangeRedis\StackExchangeRedis.csproj", "{F889CE37-934F-48F2-A105-6C19CE292D37}"
EndProject
Project("{9A19103F-16F7-4668-BE54-9A1E7A4F7556}") = "HttpWebRequest", "src\Agent\NewRelic\Agent\Extensions\Providers\Wrapper\HttpWebRequest\HttpWebRequest.csproj", "{C51E44B7-ADC9-4EDA-AAAE-F6307180A3EB}"
EndProject
Project("{9A19103F-16F7-4668-BE54-9A1E7A4F7556}") = "Sql", "src\Agent\NewRelic\Agent\Extensions\Providers\Wrapper\Sql\Sql.csproj", "{22274460-3222-4474-B679-19E1F27A2CC3}"
EndProject
Project("{9A19103F-16F7-4668-BE54-9A1E7A4F7556}") = "Parsing", "src\Agent\NewRelic\Agent\Parsing\Parsing.csproj", "{7C0C1700-6001-48F5-A214-6D392F225A07}"
EndProject
Project("{9A19103F-16F7-4668-BE54-9A1E7A4F7556}") = "Msmq", "src\Agent\NewRelic\Agent\Extensions\Providers\Wrapper\Msmq\Msmq.csproj", "{570429FD-C785-4673-82DF-643D06B6DC53}"
EndProject
Project("{9A19103F-16F7-4668-BE54-9A1E7A4F7556}") = "ScriptHandlerFactory", "src\Agent\NewRelic\Agent\Extensions\Providers\Wrapper\ScriptHandlerFactory\ScriptHandlerFactory.csproj", "{AA683341-1FF5-4D45-A831-1BAF3C100A5C}"
EndProject
Project("{9A19103F-16F7-4668-BE54-9A1E7A4F7556}") = "OpenRasta", "src\Agent\NewRelic\Agent\Extensions\Providers\Wrapper\OpenRasta\OpenRasta.csproj", "{203A8EA4-A0F2-4139-B02E-9B0F2B39C107}"
EndProject
Project("{9A19103F-16F7-4668-BE54-9A1E7A4F7556}") = "Couchbase", "src\Agent\NewRelic\Agent\Extensions\Providers\Wrapper\Couchbase\Couchbase.csproj", "{0962EF35-B457-479E-9A7A-EC43F9EC7180}"
EndProject
Project("{9A19103F-16F7-4668-BE54-9A1E7A4F7556}") = "RabbitMq", "src\Agent\NewRelic\Agent\Extensions\Providers\Wrapper\RabbitMq\RabbitMq.csproj", "{00B0CD4C-D7DE-4243-8185-79A912E48291}"
EndProject
Project("{2150E333-8FDC-42A3-9474-1A3956D46DE8}") = "Tests", "Tests", "{BADDAE10-27A9-4452-9432-BFDBC3C62E87}"
	ProjectSection(SolutionItems) = preProject
		tests\UnitTests.runsettings = tests\UnitTests.runsettings
	EndProjectSection
EndProject
Project("{9A19103F-16F7-4668-BE54-9A1E7A4F7556}") = "Benchmarking", "tests\Agent\Benchmarking\Benchmarking\Benchmarking.csproj", "{FBD561F5-BA22-46D5-85D4-3BB24B82A85F}"
EndProject
Project("{9A19103F-16F7-4668-BE54-9A1E7A4F7556}") = "ConcurrentBenchmarking", "tests\Agent\Benchmarking\ConcurrentBenchmarking\ConcurrentBenchmarking.csproj", "{4E32935B-8C6E-4885-9B15-19D632040ABA}"
EndProject
Project("{9A19103F-16F7-4668-BE54-9A1E7A4F7556}") = "NewRelic.Agent.Extensions", "src\Agent\NewRelic\Agent\Extensions\NewRelic.Agent.Extensions\NewRelic.Agent.Extensions.csproj", "{686AE051-BC8C-4AEC-803D-237AEB807CA9}"
EndProject
Project("{9A19103F-16F7-4668-BE54-9A1E7A4F7556}") = "NewRelic.Core", "src\NewRelic.Core\NewRelic.Core.csproj", "{9784EAEA-C32F-4DC4-BD84-4075BBA541AB}"
EndProject
Project("{2150E333-8FDC-42A3-9474-1A3956D46DE8}") = "Build", "Build", "{C0BB7A5D-6820-4058-AC47-0111ECC34015}"
	ProjectSection(SolutionItems) = preProject
		build\Common.src.props = build\Common.src.props
		build\Common.test.props = build\Common.test.props
		build\Versioning.targets = build\Versioning.targets
	EndProjectSection
EndProject
Project("{9A19103F-16F7-4668-BE54-9A1E7A4F7556}") = "CompositeTests", "tests\Agent\UnitTests\CompositeTests\CompositeTests.csproj", "{33F999A9-88AE-44DE-9BAA-267CF55FACA2}"
EndProject
Project("{9A19103F-16F7-4668-BE54-9A1E7A4F7556}") = "Core.UnitTest", "tests\Agent\UnitTests\Core.UnitTest\Core.UnitTest.csproj", "{6D177CB0-32F2-46F5-9C6A-9A6EB9F68892}"
EndProject
Project("{9A19103F-16F7-4668-BE54-9A1E7A4F7556}") = "NewRelic.Agent.Extensions.Tests", "tests\Agent\UnitTests\NewRelic.Agent.Extensions.Tests\NewRelic.Agent.Extensions.Tests.csproj", "{B30142E5-36A2-4D91-A20C-4B8C9632EC41}"
EndProject
Project("{9A19103F-16F7-4668-BE54-9A1E7A4F7556}") = "AsyncLocalTests", "tests\Agent\UnitTests\AsyncLocalTests\AsyncLocalTests.csproj", "{D5509D1E-4FF5-425E-894F-9E5226E87864}"
EndProject
Project("{9A19103F-16F7-4668-BE54-9A1E7A4F7556}") = "NewRelic.Agent.TestUtilities", "tests\Agent\UnitTests\NewRelic.Agent.TestUtilities\NewRelic.Agent.TestUtilities.csproj", "{37FFBAD3-4263-4CDD-9072-CADEE1CD5B37}"
EndProject
Project("{9A19103F-16F7-4668-BE54-9A1E7A4F7556}") = "ParsingTests", "tests\Agent\UnitTests\ParsingTests\ParsingTests.csproj", "{3E734568-9142-4163-B651-F5BDC3D04F4A}"
EndProject
Project("{9A19103F-16F7-4668-BE54-9A1E7A4F7556}") = "AspNetCore", "src\Agent\NewRelic\Agent\Extensions\Providers\Wrapper\AspNetCore\AspNetCore.csproj", "{2FB30555-65A4-43D7-82AA-56BF203D3A96}"
EndProject
Project("{9A19103F-16F7-4668-BE54-9A1E7A4F7556}") = "RestSharp", "src\Agent\NewRelic\Agent\Extensions\Providers\Wrapper\RestSharp\RestSharp.csproj", "{B65A0C00-100D-4F27-BAC7-6B8A9FC7619D}"
EndProject
Project("{9A19103F-16F7-4668-BE54-9A1E7A4F7556}") = "NewRelic.Core.Tests", "tests\NewRelic.Core.Tests\NewRelic.Core.Tests.csproj", "{6DC9A481-9A72-4D35-B312-43E02E36C241}"
EndProject
Project("{2150E333-8FDC-42A3-9474-1A3956D46DE8}") = "Storage", "Storage", "{2D194040-0192-4A87-A076-2B640C7FA82F}"
EndProject
Project("{9A19103F-16F7-4668-BE54-9A1E7A4F7556}") = "CallContext", "src\Agent\NewRelic\Agent\Extensions\Providers\Storage\CallContext\CallContext.csproj", "{8D2B52DD-D45C-481D-92F0-28990F168820}"
EndProject
Project("{9A19103F-16F7-4668-BE54-9A1E7A4F7556}") = "AsyncLocal", "src\Agent\NewRelic\Agent\Extensions\Providers\Storage\AsyncLocal\AsyncLocal.csproj", "{EFFD9051-E3AC-4266-9AF6-7ECC74C032BD}"
EndProject
Project("{9A19103F-16F7-4668-BE54-9A1E7A4F7556}") = "HttpContext", "src\Agent\NewRelic\Agent\Extensions\Providers\Storage\HttpContext\HttpContext.csproj", "{614988AD-7C73-4E71-8F95-520D5F485984}"
EndProject
Project("{9A19103F-16F7-4668-BE54-9A1E7A4F7556}") = "OperationContext", "src\Agent\NewRelic\Agent\Extensions\Providers\Storage\OperationContext\OperationContext.csproj", "{4F5D77F3-B41A-44A7-AF10-2D5462CE0162}"
EndProject
Project("{9A19103F-16F7-4668-BE54-9A1E7A4F7556}") = "MongoDb26", "src\Agent\NewRelic\Agent\Extensions\Providers\Wrapper\MongoDb26\MongoDb26.csproj", "{A4B357E3-9CEF-492C-A0E2-2397D15F1CD6}"
EndProject
Project("{9A19103F-16F7-4668-BE54-9A1E7A4F7556}") = "BenchmarkingTests", "tests\Agent\Benchmarking\BenchmarkingTests\BenchmarkingTests.csproj", "{5637B339-04C4-498D-AB09-404D70693331}"
EndProject
Project("{9A19103F-16F7-4668-BE54-9A1E7A4F7556}") = "NewRelic.Testing.Assertions", "tests\Agent\NewRelic.Testing.Assertions\NewRelic.Testing.Assertions.csproj", "{2A932B62-8787-4963-8D53-F83BF6ACBB5C}"
EndProject
Project("{9A19103F-16F7-4668-BE54-9A1E7A4F7556}") = "NewRelic.Testing.Assertions.UnitTests", "tests\Agent\UnitTests\NewRelic.Testing.Assertions.UnitTests\NewRelic.Testing.Assertions.UnitTests.csproj", "{A6AE0190-AEAB-4B3A-B671-95C2D5123BF9}"
EndProject
Project("{2150E333-8FDC-42A3-9474-1A3956D46DE8}") = "Agent", "Agent", "{E5B988C0-5D19-407E-8210-71FFB90C579A}"
EndProject
Project("{2150E333-8FDC-42A3-9474-1A3956D46DE8}") = "_docs", "_docs", "{5CEC5106-23AE-4155-9D7D-C143E94BF07C}"
	ProjectSection(SolutionItems) = preProject
		src\Agent\CHANGELOG.md = src\Agent\CHANGELOG.md
	EndProjectSection
EndProject
Project("{9A19103F-16F7-4668-BE54-9A1E7A4F7556}") = "Home", "src\Agent\NewRelic\Home\Home.csproj", "{5CF47B2E-9370-4FD8-B9BD-0D95D3EA167C}"
	ProjectSection(ProjectDependencies) = postProject
		{00B0CD4C-D7DE-4243-8185-79A912E48291} = {00B0CD4C-D7DE-4243-8185-79A912E48291}
		{0962EF35-B457-479E-9A7A-EC43F9EC7180} = {0962EF35-B457-479E-9A7A-EC43F9EC7180}
		{0C3E92D7-F16C-4575-9CBB-EB7349A4C5E2} = {0C3E92D7-F16C-4575-9CBB-EB7349A4C5E2}
		{0DC126D1-E782-4A41-BA3E-393083F08627} = {0DC126D1-E782-4A41-BA3E-393083F08627}
		{10B2665A-B898-49F7-8BCA-2511872B0902} = {10B2665A-B898-49F7-8BCA-2511872B0902}
		{1593CA23-F7EC-42F2-A915-F5D5B18F8C6B} = {1593CA23-F7EC-42F2-A915-F5D5B18F8C6B}
		{203A8EA4-A0F2-4139-B02E-9B0F2B39C107} = {203A8EA4-A0F2-4139-B02E-9B0F2B39C107}
		{22274460-3222-4474-B679-19E1F27A2CC3} = {22274460-3222-4474-B679-19E1F27A2CC3}
		{230CDE78-9D21-4D10-9C4B-E00C88B8B021} = {230CDE78-9D21-4D10-9C4B-E00C88B8B021}
		{270A9CC8-8031-49F4-A380-1389E7517DB7} = {270A9CC8-8031-49F4-A380-1389E7517DB7}
		{279F8AD0-C959-476F-BD58-3581D9A33238} = {279F8AD0-C959-476F-BD58-3581D9A33238}
		{2E6CF650-CB50-453D-830A-D00F0540FC2C} = {2E6CF650-CB50-453D-830A-D00F0540FC2C}
		{2FB30555-65A4-43D7-82AA-56BF203D3A96} = {2FB30555-65A4-43D7-82AA-56BF203D3A96}
		{3D69B4C9-FD16-461F-95AF-6FCA6EAA914E} = {3D69B4C9-FD16-461F-95AF-6FCA6EAA914E}
		{44434B8F-EE14-49B0-855D-6EA0B48048BF} = {44434B8F-EE14-49B0-855D-6EA0B48048BF}
		{4F5D77F3-B41A-44A7-AF10-2D5462CE0162} = {4F5D77F3-B41A-44A7-AF10-2D5462CE0162}
		{570429FD-C785-4673-82DF-643D06B6DC53} = {570429FD-C785-4673-82DF-643D06B6DC53}
		{5BBEEC11-B753-4631-BCDD-43BE73B5CCAC} = {5BBEEC11-B753-4631-BCDD-43BE73B5CCAC}
		{614988AD-7C73-4E71-8F95-520D5F485984} = {614988AD-7C73-4E71-8F95-520D5F485984}
		{64C7F267-5185-4AB7-9EB5-0183D8BB0171} = {64C7F267-5185-4AB7-9EB5-0183D8BB0171}
		{686AE051-BC8C-4AEC-803D-237AEB807CA9} = {686AE051-BC8C-4AEC-803D-237AEB807CA9}
		{6FA157C2-C50C-49E4-8CD7-50F2AD77A33D} = {6FA157C2-C50C-49E4-8CD7-50F2AD77A33D}
		{710C7C7A-CD27-4F94-B2D3-9804BD848D57} = {710C7C7A-CD27-4F94-B2D3-9804BD848D57}
		{7C0C1700-6001-48F5-A214-6D392F225A07} = {7C0C1700-6001-48F5-A214-6D392F225A07}
		{87EF7419-8390-49F2-8C51-4DF9B886E834} = {87EF7419-8390-49F2-8C51-4DF9B886E834}
		{8D2B52DD-D45C-481D-92F0-28990F168820} = {8D2B52DD-D45C-481D-92F0-28990F168820}
		{9784EAEA-C32F-4DC4-BD84-4075BBA541AB} = {9784EAEA-C32F-4DC4-BD84-4075BBA541AB}
		{9C20BC4E-7A9F-4518-B3E7-C1FFD6C0EC8A} = {9C20BC4E-7A9F-4518-B3E7-C1FFD6C0EC8A}
		{9E9E1367-E09E-45F9-9A01-7D4489FBCB23} = {9E9E1367-E09E-45F9-9A01-7D4489FBCB23}
		{A4B357E3-9CEF-492C-A0E2-2397D15F1CD6} = {A4B357E3-9CEF-492C-A0E2-2397D15F1CD6}
		{AA683341-1FF5-4D45-A831-1BAF3C100A5C} = {AA683341-1FF5-4D45-A831-1BAF3C100A5C}
		{B65A0C00-100D-4F27-BAC7-6B8A9FC7619D} = {B65A0C00-100D-4F27-BAC7-6B8A9FC7619D}
		{C26170C8-0489-42F8-9579-EE8A06D65CC4} = {C26170C8-0489-42F8-9579-EE8A06D65CC4}
		{C51E44B7-ADC9-4EDA-AAAE-F6307180A3EB} = {C51E44B7-ADC9-4EDA-AAAE-F6307180A3EB}
		{C60C1767-A73A-4A9E-BAF1-D3463C7CEFEC} = {C60C1767-A73A-4A9E-BAF1-D3463C7CEFEC}
		{D4F48A7F-F3D3-4303-921D-BF7FE34B7118} = {D4F48A7F-F3D3-4303-921D-BF7FE34B7118}
		{D6E22195-EE69-4320-B08B-E68229FB69AB} = {D6E22195-EE69-4320-B08B-E68229FB69AB}
		{D9428449-3E4B-4723-A8AA-1191315C7AAD} = {D9428449-3E4B-4723-A8AA-1191315C7AAD}
		{E10BF2F9-D5CA-4330-8169-ED30D861697E} = {E10BF2F9-D5CA-4330-8169-ED30D861697E}
		{EA98ED03-D1B4-4283-8412-98985B06AFDA} = {EA98ED03-D1B4-4283-8412-98985B06AFDA}
		{EC34F023-223D-432F-9401-9C3ED1B75DE4} = {EC34F023-223D-432F-9401-9C3ED1B75DE4}
		{EFFD9051-E3AC-4266-9AF6-7ECC74C032BD} = {EFFD9051-E3AC-4266-9AF6-7ECC74C032BD}
		{F889CE37-934F-48F2-A105-6C19CE292D37} = {F889CE37-934F-48F2-A105-6C19CE292D37}
		{F921A316-A8D2-4992-B894-69A3B5CA34E3} = {F921A316-A8D2-4992-B894-69A3B5CA34E3}
		{FA3ABF45-6DAB-47DC-B886-06BBEFE4292F} = {FA3ABF45-6DAB-47DC-B886-06BBEFE4292F}
	EndProjectSection
EndProject
Project("{9A19103F-16F7-4668-BE54-9A1E7A4F7556}") = "CosmosDb", "src\Agent\NewRelic\Agent\Extensions\Providers\Wrapper\CosmosDb\CosmosDb.csproj", "{E10BF2F9-D5CA-4330-8169-ED30D861697E}"
EndProject
Project("{9A19103F-16F7-4668-BE54-9A1E7A4F7556}") = "MicrosoftExtensionsLogging", "src\Agent\NewRelic\Agent\Extensions\Providers\Wrapper\MicrosoftExtensionsLogging\MicrosoftExtensionsLogging.csproj", "{710C7C7A-CD27-4F94-B2D3-9804BD848D57}"
EndProject
Project("{9A19103F-16F7-4668-BE54-9A1E7A4F7556}") = "SerilogLogging", "src\Agent\NewRelic\Agent\Extensions\Providers\Wrapper\SerilogLogging\SerilogLogging.csproj", "{0C3E92D7-F16C-4575-9CBB-EB7349A4C5E2}"
EndProject
Project("{9A19103F-16F7-4668-BE54-9A1E7A4F7556}") = "Log4NetLogging", "src\Agent\NewRelic\Agent\Extensions\Providers\Wrapper\Log4NetLogging\Log4NetLogging.csproj", "{2E6CF650-CB50-453D-830A-D00F0540FC2C}"
EndProject
Project("{9A19103F-16F7-4668-BE54-9A1E7A4F7556}") = "NLogLogging", "src\Agent\NewRelic\Agent\Extensions\Providers\Wrapper\NLogLogging\NLogLogging.csproj", "{3D69B4C9-FD16-461F-95AF-6FCA6EAA914E}"
EndProject
Project("{9A19103F-16F7-4668-BE54-9A1E7A4F7556}") = "StackExchangeRedis2Plus", "src\Agent\NewRelic\Agent\Extensions\Providers\Wrapper\StackExchangeRedis2Plus\StackExchangeRedis2Plus.csproj", "{EC34F023-223D-432F-9401-9C3ED1B75DE4}"
EndProject
Project("{9A19103F-16F7-4668-BE54-9A1E7A4F7556}") = "Elasticsearch", "src\Agent\NewRelic\Agent\Extensions\Providers\Wrapper\Elasticsearch\Elasticsearch.csproj", "{D9428449-3E4B-4723-A8AA-1191315C7AAD}"
EndProject
Project("{9A19103F-16F7-4668-BE54-9A1E7A4F7556}") = "MassTransit", "src\Agent\NewRelic\Agent\Extensions\Providers\Wrapper\MassTransit\MassTransit.csproj", "{0DC126D1-E782-4A41-BA3E-393083F08627}"
EndProject
Project("{9A19103F-16F7-4668-BE54-9A1E7A4F7556}") = "MassTransitLegacy", "src\Agent\NewRelic\Agent\Extensions\Providers\Wrapper\MassTransitLegacy\MassTransitLegacy.csproj", "{F921A316-A8D2-4992-B894-69A3B5CA34E3}"
EndProject
Project("{9A19103F-16F7-4668-BE54-9A1E7A4F7556}") = "Kafka", "src\Agent\NewRelic\Agent\Extensions\Providers\Wrapper\Kafka\Kafka.csproj", "{270A9CC8-8031-49F4-A380-1389E7517DB7}"
EndProject
Project("{9A19103F-16F7-4668-BE54-9A1E7A4F7556}") = "AspNetCore6Plus", "src\Agent\NewRelic\Agent\Extensions\Providers\Wrapper\AspNetCore6Plus\AspNetCore6Plus.csproj", "{D4F48A7F-F3D3-4303-921D-BF7FE34B7118}"
EndProject
Project("{9A19103F-16F7-4668-BE54-9A1E7A4F7556}") = "Bedrock", "src\Agent\NewRelic\Agent\Extensions\Providers\Wrapper\Bedrock\Bedrock.csproj", "{9C20BC4E-7A9F-4518-B3E7-C1FFD6C0EC8A}"
EndProject
Project("{9A19103F-16F7-4668-BE54-9A1E7A4F7556}") = "AwsLambda", "src\Agent\NewRelic\Agent\Extensions\Providers\Wrapper\AwsLambda\AwsLambda.csproj", "{C26170C8-0489-42F8-9579-EE8A06D65CC4}"
EndProject
Project("{9A19103F-16F7-4668-BE54-9A1E7A4F7556}") = "TestSerializationHelpers", "tests\Agent\Shared\TestSerializationHelpers\TestSerializationHelpers.csproj", "{173B1B8E-51D9-4639-88E9-B08065C2B47B}"
EndProject
Project("{9A19103F-16F7-4668-BE54-9A1E7A4F7556}") = "TestSerializationHelpers.Test", "tests\Agent\Shared\TestSerializationHelpers.Test\TestSerializationHelpers.Test.csproj", "{DC3E4801-A54A-42A4-AC45-DBD2F0CAE438}"
EndProject
Global
	GlobalSection(SolutionConfigurationPlatforms) = preSolution
		Debug|Any CPU = Debug|Any CPU
		Release|Any CPU = Release|Any CPU
	EndGlobalSection
	GlobalSection(ProjectConfigurationPlatforms) = postSolution
		{D6E22195-EE69-4320-B08B-E68229FB69AB}.Debug|Any CPU.ActiveCfg = Debug|Any CPU
		{D6E22195-EE69-4320-B08B-E68229FB69AB}.Debug|Any CPU.Build.0 = Debug|Any CPU
		{D6E22195-EE69-4320-B08B-E68229FB69AB}.Release|Any CPU.ActiveCfg = Release|Any CPU
		{D6E22195-EE69-4320-B08B-E68229FB69AB}.Release|Any CPU.Build.0 = Release|Any CPU
		{64C7F267-5185-4AB7-9EB5-0183D8BB0171}.Debug|Any CPU.ActiveCfg = Debug|Any CPU
		{64C7F267-5185-4AB7-9EB5-0183D8BB0171}.Debug|Any CPU.Build.0 = Debug|Any CPU
		{64C7F267-5185-4AB7-9EB5-0183D8BB0171}.Release|Any CPU.ActiveCfg = Release|Any CPU
		{64C7F267-5185-4AB7-9EB5-0183D8BB0171}.Release|Any CPU.Build.0 = Release|Any CPU
		{9E9E1367-E09E-45F9-9A01-7D4489FBCB23}.Debug|Any CPU.ActiveCfg = Debug|Any CPU
		{9E9E1367-E09E-45F9-9A01-7D4489FBCB23}.Debug|Any CPU.Build.0 = Debug|Any CPU
		{9E9E1367-E09E-45F9-9A01-7D4489FBCB23}.Release|Any CPU.ActiveCfg = Release|Any CPU
		{9E9E1367-E09E-45F9-9A01-7D4489FBCB23}.Release|Any CPU.Build.0 = Release|Any CPU
		{EA98ED03-D1B4-4283-8412-98985B06AFDA}.Debug|Any CPU.ActiveCfg = Debug|Any CPU
		{EA98ED03-D1B4-4283-8412-98985B06AFDA}.Debug|Any CPU.Build.0 = Debug|Any CPU
		{EA98ED03-D1B4-4283-8412-98985B06AFDA}.Release|Any CPU.ActiveCfg = Release|Any CPU
		{EA98ED03-D1B4-4283-8412-98985B06AFDA}.Release|Any CPU.Build.0 = Release|Any CPU
		{44434B8F-EE14-49B0-855D-6EA0B48048BF}.Debug|Any CPU.ActiveCfg = Debug|Any CPU
		{44434B8F-EE14-49B0-855D-6EA0B48048BF}.Debug|Any CPU.Build.0 = Debug|Any CPU
		{44434B8F-EE14-49B0-855D-6EA0B48048BF}.Release|Any CPU.ActiveCfg = Release|Any CPU
		{44434B8F-EE14-49B0-855D-6EA0B48048BF}.Release|Any CPU.Build.0 = Release|Any CPU
		{279F8AD0-C959-476F-BD58-3581D9A33238}.Debug|Any CPU.ActiveCfg = Debug|Any CPU
		{279F8AD0-C959-476F-BD58-3581D9A33238}.Debug|Any CPU.Build.0 = Debug|Any CPU
		{279F8AD0-C959-476F-BD58-3581D9A33238}.Release|Any CPU.ActiveCfg = Release|Any CPU
		{279F8AD0-C959-476F-BD58-3581D9A33238}.Release|Any CPU.Build.0 = Release|Any CPU
		{5BBEEC11-B753-4631-BCDD-43BE73B5CCAC}.Debug|Any CPU.ActiveCfg = Debug|Any CPU
		{5BBEEC11-B753-4631-BCDD-43BE73B5CCAC}.Debug|Any CPU.Build.0 = Debug|Any CPU
		{5BBEEC11-B753-4631-BCDD-43BE73B5CCAC}.Release|Any CPU.ActiveCfg = Release|Any CPU
		{5BBEEC11-B753-4631-BCDD-43BE73B5CCAC}.Release|Any CPU.Build.0 = Release|Any CPU
		{230CDE78-9D21-4D10-9C4B-E00C88B8B021}.Debug|Any CPU.ActiveCfg = Debug|Any CPU
		{230CDE78-9D21-4D10-9C4B-E00C88B8B021}.Debug|Any CPU.Build.0 = Debug|Any CPU
		{230CDE78-9D21-4D10-9C4B-E00C88B8B021}.Release|Any CPU.ActiveCfg = Release|Any CPU
		{230CDE78-9D21-4D10-9C4B-E00C88B8B021}.Release|Any CPU.Build.0 = Release|Any CPU
		{C60C1767-A73A-4A9E-BAF1-D3463C7CEFEC}.Debug|Any CPU.ActiveCfg = Debug|Any CPU
		{C60C1767-A73A-4A9E-BAF1-D3463C7CEFEC}.Debug|Any CPU.Build.0 = Debug|Any CPU
		{C60C1767-A73A-4A9E-BAF1-D3463C7CEFEC}.Release|Any CPU.ActiveCfg = Release|Any CPU
		{C60C1767-A73A-4A9E-BAF1-D3463C7CEFEC}.Release|Any CPU.Build.0 = Release|Any CPU
		{FA3ABF45-6DAB-47DC-B886-06BBEFE4292F}.Debug|Any CPU.ActiveCfg = Debug|Any CPU
		{FA3ABF45-6DAB-47DC-B886-06BBEFE4292F}.Debug|Any CPU.Build.0 = Debug|Any CPU
		{FA3ABF45-6DAB-47DC-B886-06BBEFE4292F}.Release|Any CPU.ActiveCfg = Release|Any CPU
		{FA3ABF45-6DAB-47DC-B886-06BBEFE4292F}.Release|Any CPU.Build.0 = Release|Any CPU
		{87EF7419-8390-49F2-8C51-4DF9B886E834}.Debug|Any CPU.ActiveCfg = Debug|Any CPU
		{87EF7419-8390-49F2-8C51-4DF9B886E834}.Debug|Any CPU.Build.0 = Debug|Any CPU
		{87EF7419-8390-49F2-8C51-4DF9B886E834}.Release|Any CPU.ActiveCfg = Release|Any CPU
		{87EF7419-8390-49F2-8C51-4DF9B886E834}.Release|Any CPU.Build.0 = Release|Any CPU
		{10B2665A-B898-49F7-8BCA-2511872B0902}.Debug|Any CPU.ActiveCfg = Debug|Any CPU
		{10B2665A-B898-49F7-8BCA-2511872B0902}.Debug|Any CPU.Build.0 = Debug|Any CPU
		{10B2665A-B898-49F7-8BCA-2511872B0902}.Release|Any CPU.ActiveCfg = Release|Any CPU
		{10B2665A-B898-49F7-8BCA-2511872B0902}.Release|Any CPU.Build.0 = Release|Any CPU
		{1593CA23-F7EC-42F2-A915-F5D5B18F8C6B}.Debug|Any CPU.ActiveCfg = Debug|Any CPU
		{1593CA23-F7EC-42F2-A915-F5D5B18F8C6B}.Debug|Any CPU.Build.0 = Debug|Any CPU
		{1593CA23-F7EC-42F2-A915-F5D5B18F8C6B}.Release|Any CPU.ActiveCfg = Release|Any CPU
		{1593CA23-F7EC-42F2-A915-F5D5B18F8C6B}.Release|Any CPU.Build.0 = Release|Any CPU
		{6FA157C2-C50C-49E4-8CD7-50F2AD77A33D}.Debug|Any CPU.ActiveCfg = Debug|Any CPU
		{6FA157C2-C50C-49E4-8CD7-50F2AD77A33D}.Debug|Any CPU.Build.0 = Debug|Any CPU
		{6FA157C2-C50C-49E4-8CD7-50F2AD77A33D}.Release|Any CPU.ActiveCfg = Release|Any CPU
		{6FA157C2-C50C-49E4-8CD7-50F2AD77A33D}.Release|Any CPU.Build.0 = Release|Any CPU
		{F889CE37-934F-48F2-A105-6C19CE292D37}.Debug|Any CPU.ActiveCfg = Debug|Any CPU
		{F889CE37-934F-48F2-A105-6C19CE292D37}.Debug|Any CPU.Build.0 = Debug|Any CPU
		{F889CE37-934F-48F2-A105-6C19CE292D37}.Release|Any CPU.ActiveCfg = Release|Any CPU
		{F889CE37-934F-48F2-A105-6C19CE292D37}.Release|Any CPU.Build.0 = Release|Any CPU
		{C51E44B7-ADC9-4EDA-AAAE-F6307180A3EB}.Debug|Any CPU.ActiveCfg = Debug|Any CPU
		{C51E44B7-ADC9-4EDA-AAAE-F6307180A3EB}.Debug|Any CPU.Build.0 = Debug|Any CPU
		{C51E44B7-ADC9-4EDA-AAAE-F6307180A3EB}.Release|Any CPU.ActiveCfg = Release|Any CPU
		{C51E44B7-ADC9-4EDA-AAAE-F6307180A3EB}.Release|Any CPU.Build.0 = Release|Any CPU
		{22274460-3222-4474-B679-19E1F27A2CC3}.Debug|Any CPU.ActiveCfg = Debug|Any CPU
		{22274460-3222-4474-B679-19E1F27A2CC3}.Debug|Any CPU.Build.0 = Debug|Any CPU
		{22274460-3222-4474-B679-19E1F27A2CC3}.Release|Any CPU.ActiveCfg = Release|Any CPU
		{22274460-3222-4474-B679-19E1F27A2CC3}.Release|Any CPU.Build.0 = Release|Any CPU
		{7C0C1700-6001-48F5-A214-6D392F225A07}.Debug|Any CPU.ActiveCfg = Debug|Any CPU
		{7C0C1700-6001-48F5-A214-6D392F225A07}.Debug|Any CPU.Build.0 = Debug|Any CPU
		{7C0C1700-6001-48F5-A214-6D392F225A07}.Release|Any CPU.ActiveCfg = Release|Any CPU
		{7C0C1700-6001-48F5-A214-6D392F225A07}.Release|Any CPU.Build.0 = Release|Any CPU
		{570429FD-C785-4673-82DF-643D06B6DC53}.Debug|Any CPU.ActiveCfg = Debug|Any CPU
		{570429FD-C785-4673-82DF-643D06B6DC53}.Debug|Any CPU.Build.0 = Debug|Any CPU
		{570429FD-C785-4673-82DF-643D06B6DC53}.Release|Any CPU.ActiveCfg = Release|Any CPU
		{570429FD-C785-4673-82DF-643D06B6DC53}.Release|Any CPU.Build.0 = Release|Any CPU
		{AA683341-1FF5-4D45-A831-1BAF3C100A5C}.Debug|Any CPU.ActiveCfg = Debug|Any CPU
		{AA683341-1FF5-4D45-A831-1BAF3C100A5C}.Debug|Any CPU.Build.0 = Debug|Any CPU
		{AA683341-1FF5-4D45-A831-1BAF3C100A5C}.Release|Any CPU.ActiveCfg = Release|Any CPU
		{AA683341-1FF5-4D45-A831-1BAF3C100A5C}.Release|Any CPU.Build.0 = Release|Any CPU
		{203A8EA4-A0F2-4139-B02E-9B0F2B39C107}.Debug|Any CPU.ActiveCfg = Debug|Any CPU
		{203A8EA4-A0F2-4139-B02E-9B0F2B39C107}.Debug|Any CPU.Build.0 = Debug|Any CPU
		{203A8EA4-A0F2-4139-B02E-9B0F2B39C107}.Release|Any CPU.ActiveCfg = Release|Any CPU
		{203A8EA4-A0F2-4139-B02E-9B0F2B39C107}.Release|Any CPU.Build.0 = Release|Any CPU
		{0962EF35-B457-479E-9A7A-EC43F9EC7180}.Debug|Any CPU.ActiveCfg = Debug|Any CPU
		{0962EF35-B457-479E-9A7A-EC43F9EC7180}.Debug|Any CPU.Build.0 = Debug|Any CPU
		{0962EF35-B457-479E-9A7A-EC43F9EC7180}.Release|Any CPU.ActiveCfg = Release|Any CPU
		{0962EF35-B457-479E-9A7A-EC43F9EC7180}.Release|Any CPU.Build.0 = Release|Any CPU
		{00B0CD4C-D7DE-4243-8185-79A912E48291}.Debug|Any CPU.ActiveCfg = Debug|Any CPU
		{00B0CD4C-D7DE-4243-8185-79A912E48291}.Debug|Any CPU.Build.0 = Debug|Any CPU
		{00B0CD4C-D7DE-4243-8185-79A912E48291}.Release|Any CPU.ActiveCfg = Release|Any CPU
		{00B0CD4C-D7DE-4243-8185-79A912E48291}.Release|Any CPU.Build.0 = Release|Any CPU
		{FBD561F5-BA22-46D5-85D4-3BB24B82A85F}.Debug|Any CPU.ActiveCfg = Debug|Any CPU
		{FBD561F5-BA22-46D5-85D4-3BB24B82A85F}.Debug|Any CPU.Build.0 = Debug|Any CPU
		{FBD561F5-BA22-46D5-85D4-3BB24B82A85F}.Release|Any CPU.ActiveCfg = Release|Any CPU
		{FBD561F5-BA22-46D5-85D4-3BB24B82A85F}.Release|Any CPU.Build.0 = Release|Any CPU
		{4E32935B-8C6E-4885-9B15-19D632040ABA}.Debug|Any CPU.ActiveCfg = Debug|Any CPU
		{4E32935B-8C6E-4885-9B15-19D632040ABA}.Debug|Any CPU.Build.0 = Debug|Any CPU
		{4E32935B-8C6E-4885-9B15-19D632040ABA}.Release|Any CPU.ActiveCfg = Release|Any CPU
		{4E32935B-8C6E-4885-9B15-19D632040ABA}.Release|Any CPU.Build.0 = Release|Any CPU
		{686AE051-BC8C-4AEC-803D-237AEB807CA9}.Debug|Any CPU.ActiveCfg = Debug|Any CPU
		{686AE051-BC8C-4AEC-803D-237AEB807CA9}.Debug|Any CPU.Build.0 = Debug|Any CPU
		{686AE051-BC8C-4AEC-803D-237AEB807CA9}.Release|Any CPU.ActiveCfg = Release|Any CPU
		{686AE051-BC8C-4AEC-803D-237AEB807CA9}.Release|Any CPU.Build.0 = Release|Any CPU
		{9784EAEA-C32F-4DC4-BD84-4075BBA541AB}.Debug|Any CPU.ActiveCfg = Debug|Any CPU
		{9784EAEA-C32F-4DC4-BD84-4075BBA541AB}.Debug|Any CPU.Build.0 = Debug|Any CPU
		{9784EAEA-C32F-4DC4-BD84-4075BBA541AB}.Release|Any CPU.ActiveCfg = Release|Any CPU
		{9784EAEA-C32F-4DC4-BD84-4075BBA541AB}.Release|Any CPU.Build.0 = Release|Any CPU
		{33F999A9-88AE-44DE-9BAA-267CF55FACA2}.Debug|Any CPU.ActiveCfg = Debug|Any CPU
		{33F999A9-88AE-44DE-9BAA-267CF55FACA2}.Debug|Any CPU.Build.0 = Debug|Any CPU
		{33F999A9-88AE-44DE-9BAA-267CF55FACA2}.Release|Any CPU.ActiveCfg = Release|Any CPU
		{33F999A9-88AE-44DE-9BAA-267CF55FACA2}.Release|Any CPU.Build.0 = Release|Any CPU
		{6D177CB0-32F2-46F5-9C6A-9A6EB9F68892}.Debug|Any CPU.ActiveCfg = Debug|Any CPU
		{6D177CB0-32F2-46F5-9C6A-9A6EB9F68892}.Debug|Any CPU.Build.0 = Debug|Any CPU
		{6D177CB0-32F2-46F5-9C6A-9A6EB9F68892}.Release|Any CPU.ActiveCfg = Release|Any CPU
		{6D177CB0-32F2-46F5-9C6A-9A6EB9F68892}.Release|Any CPU.Build.0 = Release|Any CPU
		{B30142E5-36A2-4D91-A20C-4B8C9632EC41}.Debug|Any CPU.ActiveCfg = Debug|Any CPU
		{B30142E5-36A2-4D91-A20C-4B8C9632EC41}.Debug|Any CPU.Build.0 = Debug|Any CPU
		{B30142E5-36A2-4D91-A20C-4B8C9632EC41}.Release|Any CPU.ActiveCfg = Release|Any CPU
		{B30142E5-36A2-4D91-A20C-4B8C9632EC41}.Release|Any CPU.Build.0 = Release|Any CPU
		{D5509D1E-4FF5-425E-894F-9E5226E87864}.Debug|Any CPU.ActiveCfg = Debug|Any CPU
		{D5509D1E-4FF5-425E-894F-9E5226E87864}.Debug|Any CPU.Build.0 = Debug|Any CPU
		{D5509D1E-4FF5-425E-894F-9E5226E87864}.Release|Any CPU.ActiveCfg = Release|Any CPU
		{D5509D1E-4FF5-425E-894F-9E5226E87864}.Release|Any CPU.Build.0 = Release|Any CPU
		{37FFBAD3-4263-4CDD-9072-CADEE1CD5B37}.Debug|Any CPU.ActiveCfg = Debug|Any CPU
		{37FFBAD3-4263-4CDD-9072-CADEE1CD5B37}.Debug|Any CPU.Build.0 = Debug|Any CPU
		{37FFBAD3-4263-4CDD-9072-CADEE1CD5B37}.Release|Any CPU.ActiveCfg = Release|Any CPU
		{37FFBAD3-4263-4CDD-9072-CADEE1CD5B37}.Release|Any CPU.Build.0 = Release|Any CPU
		{3E734568-9142-4163-B651-F5BDC3D04F4A}.Debug|Any CPU.ActiveCfg = Debug|Any CPU
		{3E734568-9142-4163-B651-F5BDC3D04F4A}.Debug|Any CPU.Build.0 = Debug|Any CPU
		{3E734568-9142-4163-B651-F5BDC3D04F4A}.Release|Any CPU.ActiveCfg = Release|Any CPU
		{3E734568-9142-4163-B651-F5BDC3D04F4A}.Release|Any CPU.Build.0 = Release|Any CPU
		{2FB30555-65A4-43D7-82AA-56BF203D3A96}.Debug|Any CPU.ActiveCfg = Debug|Any CPU
		{2FB30555-65A4-43D7-82AA-56BF203D3A96}.Debug|Any CPU.Build.0 = Debug|Any CPU
		{2FB30555-65A4-43D7-82AA-56BF203D3A96}.Release|Any CPU.ActiveCfg = Release|Any CPU
		{2FB30555-65A4-43D7-82AA-56BF203D3A96}.Release|Any CPU.Build.0 = Release|Any CPU
		{B65A0C00-100D-4F27-BAC7-6B8A9FC7619D}.Debug|Any CPU.ActiveCfg = Debug|Any CPU
		{B65A0C00-100D-4F27-BAC7-6B8A9FC7619D}.Debug|Any CPU.Build.0 = Debug|Any CPU
		{B65A0C00-100D-4F27-BAC7-6B8A9FC7619D}.Release|Any CPU.ActiveCfg = Release|Any CPU
		{B65A0C00-100D-4F27-BAC7-6B8A9FC7619D}.Release|Any CPU.Build.0 = Release|Any CPU
		{6DC9A481-9A72-4D35-B312-43E02E36C241}.Debug|Any CPU.ActiveCfg = Debug|Any CPU
		{6DC9A481-9A72-4D35-B312-43E02E36C241}.Debug|Any CPU.Build.0 = Debug|Any CPU
		{6DC9A481-9A72-4D35-B312-43E02E36C241}.Release|Any CPU.ActiveCfg = Release|Any CPU
		{6DC9A481-9A72-4D35-B312-43E02E36C241}.Release|Any CPU.Build.0 = Release|Any CPU
		{8D2B52DD-D45C-481D-92F0-28990F168820}.Debug|Any CPU.ActiveCfg = Debug|Any CPU
		{8D2B52DD-D45C-481D-92F0-28990F168820}.Debug|Any CPU.Build.0 = Debug|Any CPU
		{8D2B52DD-D45C-481D-92F0-28990F168820}.Release|Any CPU.ActiveCfg = Release|Any CPU
		{8D2B52DD-D45C-481D-92F0-28990F168820}.Release|Any CPU.Build.0 = Release|Any CPU
		{EFFD9051-E3AC-4266-9AF6-7ECC74C032BD}.Debug|Any CPU.ActiveCfg = Debug|Any CPU
		{EFFD9051-E3AC-4266-9AF6-7ECC74C032BD}.Debug|Any CPU.Build.0 = Debug|Any CPU
		{EFFD9051-E3AC-4266-9AF6-7ECC74C032BD}.Release|Any CPU.ActiveCfg = Release|Any CPU
		{EFFD9051-E3AC-4266-9AF6-7ECC74C032BD}.Release|Any CPU.Build.0 = Release|Any CPU
		{614988AD-7C73-4E71-8F95-520D5F485984}.Debug|Any CPU.ActiveCfg = Debug|Any CPU
		{614988AD-7C73-4E71-8F95-520D5F485984}.Debug|Any CPU.Build.0 = Debug|Any CPU
		{614988AD-7C73-4E71-8F95-520D5F485984}.Release|Any CPU.ActiveCfg = Release|Any CPU
		{614988AD-7C73-4E71-8F95-520D5F485984}.Release|Any CPU.Build.0 = Release|Any CPU
		{4F5D77F3-B41A-44A7-AF10-2D5462CE0162}.Debug|Any CPU.ActiveCfg = Debug|Any CPU
		{4F5D77F3-B41A-44A7-AF10-2D5462CE0162}.Debug|Any CPU.Build.0 = Debug|Any CPU
		{4F5D77F3-B41A-44A7-AF10-2D5462CE0162}.Release|Any CPU.ActiveCfg = Release|Any CPU
		{4F5D77F3-B41A-44A7-AF10-2D5462CE0162}.Release|Any CPU.Build.0 = Release|Any CPU
		{A4B357E3-9CEF-492C-A0E2-2397D15F1CD6}.Debug|Any CPU.ActiveCfg = Debug|Any CPU
		{A4B357E3-9CEF-492C-A0E2-2397D15F1CD6}.Debug|Any CPU.Build.0 = Debug|Any CPU
		{A4B357E3-9CEF-492C-A0E2-2397D15F1CD6}.Release|Any CPU.ActiveCfg = Release|Any CPU
		{A4B357E3-9CEF-492C-A0E2-2397D15F1CD6}.Release|Any CPU.Build.0 = Release|Any CPU
		{5637B339-04C4-498D-AB09-404D70693331}.Debug|Any CPU.ActiveCfg = Debug|Any CPU
		{5637B339-04C4-498D-AB09-404D70693331}.Debug|Any CPU.Build.0 = Debug|Any CPU
		{5637B339-04C4-498D-AB09-404D70693331}.Release|Any CPU.ActiveCfg = Release|Any CPU
		{5637B339-04C4-498D-AB09-404D70693331}.Release|Any CPU.Build.0 = Release|Any CPU
		{2A932B62-8787-4963-8D53-F83BF6ACBB5C}.Debug|Any CPU.ActiveCfg = Debug|Any CPU
		{2A932B62-8787-4963-8D53-F83BF6ACBB5C}.Debug|Any CPU.Build.0 = Debug|Any CPU
		{2A932B62-8787-4963-8D53-F83BF6ACBB5C}.Release|Any CPU.ActiveCfg = Release|Any CPU
		{2A932B62-8787-4963-8D53-F83BF6ACBB5C}.Release|Any CPU.Build.0 = Release|Any CPU
		{A6AE0190-AEAB-4B3A-B671-95C2D5123BF9}.Debug|Any CPU.ActiveCfg = Debug|Any CPU
		{A6AE0190-AEAB-4B3A-B671-95C2D5123BF9}.Debug|Any CPU.Build.0 = Debug|Any CPU
		{A6AE0190-AEAB-4B3A-B671-95C2D5123BF9}.Release|Any CPU.ActiveCfg = Release|Any CPU
		{A6AE0190-AEAB-4B3A-B671-95C2D5123BF9}.Release|Any CPU.Build.0 = Release|Any CPU
		{5CF47B2E-9370-4FD8-B9BD-0D95D3EA167C}.Debug|Any CPU.ActiveCfg = Debug|Any CPU
		{5CF47B2E-9370-4FD8-B9BD-0D95D3EA167C}.Debug|Any CPU.Build.0 = Debug|Any CPU
		{5CF47B2E-9370-4FD8-B9BD-0D95D3EA167C}.Release|Any CPU.ActiveCfg = Release|Any CPU
		{5CF47B2E-9370-4FD8-B9BD-0D95D3EA167C}.Release|Any CPU.Build.0 = Release|Any CPU
		{E10BF2F9-D5CA-4330-8169-ED30D861697E}.Debug|Any CPU.ActiveCfg = Debug|Any CPU
		{E10BF2F9-D5CA-4330-8169-ED30D861697E}.Debug|Any CPU.Build.0 = Debug|Any CPU
		{E10BF2F9-D5CA-4330-8169-ED30D861697E}.Release|Any CPU.ActiveCfg = Release|Any CPU
		{E10BF2F9-D5CA-4330-8169-ED30D861697E}.Release|Any CPU.Build.0 = Release|Any CPU
		{710C7C7A-CD27-4F94-B2D3-9804BD848D57}.Debug|Any CPU.ActiveCfg = Debug|Any CPU
		{710C7C7A-CD27-4F94-B2D3-9804BD848D57}.Debug|Any CPU.Build.0 = Debug|Any CPU
		{710C7C7A-CD27-4F94-B2D3-9804BD848D57}.Release|Any CPU.ActiveCfg = Release|Any CPU
		{710C7C7A-CD27-4F94-B2D3-9804BD848D57}.Release|Any CPU.Build.0 = Release|Any CPU
		{0C3E92D7-F16C-4575-9CBB-EB7349A4C5E2}.Debug|Any CPU.ActiveCfg = Debug|Any CPU
		{0C3E92D7-F16C-4575-9CBB-EB7349A4C5E2}.Debug|Any CPU.Build.0 = Debug|Any CPU
		{0C3E92D7-F16C-4575-9CBB-EB7349A4C5E2}.Release|Any CPU.ActiveCfg = Release|Any CPU
		{0C3E92D7-F16C-4575-9CBB-EB7349A4C5E2}.Release|Any CPU.Build.0 = Release|Any CPU
		{2E6CF650-CB50-453D-830A-D00F0540FC2C}.Debug|Any CPU.ActiveCfg = Debug|Any CPU
		{2E6CF650-CB50-453D-830A-D00F0540FC2C}.Debug|Any CPU.Build.0 = Debug|Any CPU
		{2E6CF650-CB50-453D-830A-D00F0540FC2C}.Release|Any CPU.ActiveCfg = Release|Any CPU
		{2E6CF650-CB50-453D-830A-D00F0540FC2C}.Release|Any CPU.Build.0 = Release|Any CPU
		{3D69B4C9-FD16-461F-95AF-6FCA6EAA914E}.Debug|Any CPU.ActiveCfg = Debug|Any CPU
		{3D69B4C9-FD16-461F-95AF-6FCA6EAA914E}.Debug|Any CPU.Build.0 = Debug|Any CPU
		{3D69B4C9-FD16-461F-95AF-6FCA6EAA914E}.Release|Any CPU.ActiveCfg = Release|Any CPU
		{3D69B4C9-FD16-461F-95AF-6FCA6EAA914E}.Release|Any CPU.Build.0 = Release|Any CPU
		{EC34F023-223D-432F-9401-9C3ED1B75DE4}.Debug|Any CPU.ActiveCfg = Debug|Any CPU
		{EC34F023-223D-432F-9401-9C3ED1B75DE4}.Debug|Any CPU.Build.0 = Debug|Any CPU
		{EC34F023-223D-432F-9401-9C3ED1B75DE4}.Release|Any CPU.ActiveCfg = Release|Any CPU
		{EC34F023-223D-432F-9401-9C3ED1B75DE4}.Release|Any CPU.Build.0 = Release|Any CPU
		{D9428449-3E4B-4723-A8AA-1191315C7AAD}.Debug|Any CPU.ActiveCfg = Debug|Any CPU
		{D9428449-3E4B-4723-A8AA-1191315C7AAD}.Debug|Any CPU.Build.0 = Debug|Any CPU
		{D9428449-3E4B-4723-A8AA-1191315C7AAD}.Release|Any CPU.ActiveCfg = Release|Any CPU
		{D9428449-3E4B-4723-A8AA-1191315C7AAD}.Release|Any CPU.Build.0 = Release|Any CPU
		{0DC126D1-E782-4A41-BA3E-393083F08627}.Debug|Any CPU.ActiveCfg = Debug|Any CPU
		{0DC126D1-E782-4A41-BA3E-393083F08627}.Debug|Any CPU.Build.0 = Debug|Any CPU
		{0DC126D1-E782-4A41-BA3E-393083F08627}.Release|Any CPU.ActiveCfg = Release|Any CPU
		{0DC126D1-E782-4A41-BA3E-393083F08627}.Release|Any CPU.Build.0 = Release|Any CPU
		{F921A316-A8D2-4992-B894-69A3B5CA34E3}.Debug|Any CPU.ActiveCfg = Debug|Any CPU
		{F921A316-A8D2-4992-B894-69A3B5CA34E3}.Debug|Any CPU.Build.0 = Debug|Any CPU
		{F921A316-A8D2-4992-B894-69A3B5CA34E3}.Release|Any CPU.ActiveCfg = Release|Any CPU
		{F921A316-A8D2-4992-B894-69A3B5CA34E3}.Release|Any CPU.Build.0 = Release|Any CPU
		{270A9CC8-8031-49F4-A380-1389E7517DB7}.Debug|Any CPU.ActiveCfg = Debug|Any CPU
		{270A9CC8-8031-49F4-A380-1389E7517DB7}.Debug|Any CPU.Build.0 = Debug|Any CPU
		{270A9CC8-8031-49F4-A380-1389E7517DB7}.Release|Any CPU.ActiveCfg = Release|Any CPU
		{270A9CC8-8031-49F4-A380-1389E7517DB7}.Release|Any CPU.Build.0 = Release|Any CPU
		{D4F48A7F-F3D3-4303-921D-BF7FE34B7118}.Debug|Any CPU.ActiveCfg = Debug|Any CPU
		{D4F48A7F-F3D3-4303-921D-BF7FE34B7118}.Debug|Any CPU.Build.0 = Debug|Any CPU
		{D4F48A7F-F3D3-4303-921D-BF7FE34B7118}.Release|Any CPU.ActiveCfg = Release|Any CPU
		{D4F48A7F-F3D3-4303-921D-BF7FE34B7118}.Release|Any CPU.Build.0 = Release|Any CPU
		{9C20BC4E-7A9F-4518-B3E7-C1FFD6C0EC8A}.Debug|Any CPU.ActiveCfg = Debug|Any CPU
		{9C20BC4E-7A9F-4518-B3E7-C1FFD6C0EC8A}.Debug|Any CPU.Build.0 = Debug|Any CPU
		{9C20BC4E-7A9F-4518-B3E7-C1FFD6C0EC8A}.Release|Any CPU.ActiveCfg = Release|Any CPU
		{9C20BC4E-7A9F-4518-B3E7-C1FFD6C0EC8A}.Release|Any CPU.Build.0 = Release|Any CPU
		{C26170C8-0489-42F8-9579-EE8A06D65CC4}.Debug|Any CPU.ActiveCfg = Debug|Any CPU
		{C26170C8-0489-42F8-9579-EE8A06D65CC4}.Debug|Any CPU.Build.0 = Debug|Any CPU
		{C26170C8-0489-42F8-9579-EE8A06D65CC4}.Release|Any CPU.ActiveCfg = Release|Any CPU
		{C26170C8-0489-42F8-9579-EE8A06D65CC4}.Release|Any CPU.Build.0 = Release|Any CPU
		{173B1B8E-51D9-4639-88E9-B08065C2B47B}.Debug|Any CPU.ActiveCfg = Debug|Any CPU
		{173B1B8E-51D9-4639-88E9-B08065C2B47B}.Debug|Any CPU.Build.0 = Debug|Any CPU
		{173B1B8E-51D9-4639-88E9-B08065C2B47B}.Release|Any CPU.ActiveCfg = Release|Any CPU
		{173B1B8E-51D9-4639-88E9-B08065C2B47B}.Release|Any CPU.Build.0 = Release|Any CPU
		{DC3E4801-A54A-42A4-AC45-DBD2F0CAE438}.Debug|Any CPU.ActiveCfg = Debug|Any CPU
		{DC3E4801-A54A-42A4-AC45-DBD2F0CAE438}.Debug|Any CPU.Build.0 = Debug|Any CPU
		{DC3E4801-A54A-42A4-AC45-DBD2F0CAE438}.Release|Any CPU.ActiveCfg = Release|Any CPU
		{DC3E4801-A54A-42A4-AC45-DBD2F0CAE438}.Release|Any CPU.Build.0 = Release|Any CPU
	EndGlobalSection
	GlobalSection(SolutionProperties) = preSolution
		HideSolutionNode = FALSE
	EndGlobalSection
	GlobalSection(NestedProjects) = preSolution
		{D6E22195-EE69-4320-B08B-E68229FB69AB} = {592C9958-32E6-4834-ACEB-D32CBDB57310}
		{64C7F267-5185-4AB7-9EB5-0183D8BB0171} = {592C9958-32E6-4834-ACEB-D32CBDB57310}
		{592C9958-32E6-4834-ACEB-D32CBDB57310} = {E3DAC9C6-AE41-4B37-A253-C621E568590E}
		{1800B0F7-BA26-47E5-A7D4-63BC85880C99} = {592C9958-32E6-4834-ACEB-D32CBDB57310}
		{8DE69D20-1763-42A1-B3FB-A11E2311BB9C} = {1800B0F7-BA26-47E5-A7D4-63BC85880C99}
		{5E86E10A-C38F-48CB-ADE9-67B22BB2F50A} = {8DE69D20-1763-42A1-B3FB-A11E2311BB9C}
		{9E9E1367-E09E-45F9-9A01-7D4489FBCB23} = {5E86E10A-C38F-48CB-ADE9-67B22BB2F50A}
		{EA98ED03-D1B4-4283-8412-98985B06AFDA} = {5E86E10A-C38F-48CB-ADE9-67B22BB2F50A}
		{44434B8F-EE14-49B0-855D-6EA0B48048BF} = {5E86E10A-C38F-48CB-ADE9-67B22BB2F50A}
		{279F8AD0-C959-476F-BD58-3581D9A33238} = {5E86E10A-C38F-48CB-ADE9-67B22BB2F50A}
		{5BBEEC11-B753-4631-BCDD-43BE73B5CCAC} = {5E86E10A-C38F-48CB-ADE9-67B22BB2F50A}
		{230CDE78-9D21-4D10-9C4B-E00C88B8B021} = {5E86E10A-C38F-48CB-ADE9-67B22BB2F50A}
		{C60C1767-A73A-4A9E-BAF1-D3463C7CEFEC} = {5E86E10A-C38F-48CB-ADE9-67B22BB2F50A}
		{FA3ABF45-6DAB-47DC-B886-06BBEFE4292F} = {5E86E10A-C38F-48CB-ADE9-67B22BB2F50A}
		{87EF7419-8390-49F2-8C51-4DF9B886E834} = {5E86E10A-C38F-48CB-ADE9-67B22BB2F50A}
		{10B2665A-B898-49F7-8BCA-2511872B0902} = {5E86E10A-C38F-48CB-ADE9-67B22BB2F50A}
		{1593CA23-F7EC-42F2-A915-F5D5B18F8C6B} = {5E86E10A-C38F-48CB-ADE9-67B22BB2F50A}
		{6FA157C2-C50C-49E4-8CD7-50F2AD77A33D} = {5E86E10A-C38F-48CB-ADE9-67B22BB2F50A}
		{F889CE37-934F-48F2-A105-6C19CE292D37} = {5E86E10A-C38F-48CB-ADE9-67B22BB2F50A}
		{C51E44B7-ADC9-4EDA-AAAE-F6307180A3EB} = {5E86E10A-C38F-48CB-ADE9-67B22BB2F50A}
		{22274460-3222-4474-B679-19E1F27A2CC3} = {5E86E10A-C38F-48CB-ADE9-67B22BB2F50A}
		{7C0C1700-6001-48F5-A214-6D392F225A07} = {592C9958-32E6-4834-ACEB-D32CBDB57310}
		{570429FD-C785-4673-82DF-643D06B6DC53} = {5E86E10A-C38F-48CB-ADE9-67B22BB2F50A}
		{AA683341-1FF5-4D45-A831-1BAF3C100A5C} = {5E86E10A-C38F-48CB-ADE9-67B22BB2F50A}
		{203A8EA4-A0F2-4139-B02E-9B0F2B39C107} = {5E86E10A-C38F-48CB-ADE9-67B22BB2F50A}
		{0962EF35-B457-479E-9A7A-EC43F9EC7180} = {5E86E10A-C38F-48CB-ADE9-67B22BB2F50A}
		{00B0CD4C-D7DE-4243-8185-79A912E48291} = {5E86E10A-C38F-48CB-ADE9-67B22BB2F50A}
		{FBD561F5-BA22-46D5-85D4-3BB24B82A85F} = {E5B988C0-5D19-407E-8210-71FFB90C579A}
		{4E32935B-8C6E-4885-9B15-19D632040ABA} = {E5B988C0-5D19-407E-8210-71FFB90C579A}
		{686AE051-BC8C-4AEC-803D-237AEB807CA9} = {1800B0F7-BA26-47E5-A7D4-63BC85880C99}
		{9784EAEA-C32F-4DC4-BD84-4075BBA541AB} = {E3DAC9C6-AE41-4B37-A253-C621E568590E}
		{33F999A9-88AE-44DE-9BAA-267CF55FACA2} = {E5B988C0-5D19-407E-8210-71FFB90C579A}
		{6D177CB0-32F2-46F5-9C6A-9A6EB9F68892} = {E5B988C0-5D19-407E-8210-71FFB90C579A}
		{B30142E5-36A2-4D91-A20C-4B8C9632EC41} = {E5B988C0-5D19-407E-8210-71FFB90C579A}
		{D5509D1E-4FF5-425E-894F-9E5226E87864} = {E5B988C0-5D19-407E-8210-71FFB90C579A}
		{37FFBAD3-4263-4CDD-9072-CADEE1CD5B37} = {E5B988C0-5D19-407E-8210-71FFB90C579A}
		{3E734568-9142-4163-B651-F5BDC3D04F4A} = {E5B988C0-5D19-407E-8210-71FFB90C579A}
		{2FB30555-65A4-43D7-82AA-56BF203D3A96} = {5E86E10A-C38F-48CB-ADE9-67B22BB2F50A}
		{B65A0C00-100D-4F27-BAC7-6B8A9FC7619D} = {5E86E10A-C38F-48CB-ADE9-67B22BB2F50A}
		{6DC9A481-9A72-4D35-B312-43E02E36C241} = {BADDAE10-27A9-4452-9432-BFDBC3C62E87}
		{2D194040-0192-4A87-A076-2B640C7FA82F} = {8DE69D20-1763-42A1-B3FB-A11E2311BB9C}
		{8D2B52DD-D45C-481D-92F0-28990F168820} = {2D194040-0192-4A87-A076-2B640C7FA82F}
		{EFFD9051-E3AC-4266-9AF6-7ECC74C032BD} = {2D194040-0192-4A87-A076-2B640C7FA82F}
		{614988AD-7C73-4E71-8F95-520D5F485984} = {2D194040-0192-4A87-A076-2B640C7FA82F}
		{4F5D77F3-B41A-44A7-AF10-2D5462CE0162} = {2D194040-0192-4A87-A076-2B640C7FA82F}
		{A4B357E3-9CEF-492C-A0E2-2397D15F1CD6} = {5E86E10A-C38F-48CB-ADE9-67B22BB2F50A}
		{5637B339-04C4-498D-AB09-404D70693331} = {E5B988C0-5D19-407E-8210-71FFB90C579A}
		{2A932B62-8787-4963-8D53-F83BF6ACBB5C} = {E5B988C0-5D19-407E-8210-71FFB90C579A}
		{A6AE0190-AEAB-4B3A-B671-95C2D5123BF9} = {E5B988C0-5D19-407E-8210-71FFB90C579A}
		{E5B988C0-5D19-407E-8210-71FFB90C579A} = {BADDAE10-27A9-4452-9432-BFDBC3C62E87}
		{5CF47B2E-9370-4FD8-B9BD-0D95D3EA167C} = {E3DAC9C6-AE41-4B37-A253-C621E568590E}
		{E10BF2F9-D5CA-4330-8169-ED30D861697E} = {5E86E10A-C38F-48CB-ADE9-67B22BB2F50A}
		{710C7C7A-CD27-4F94-B2D3-9804BD848D57} = {5E86E10A-C38F-48CB-ADE9-67B22BB2F50A}
		{0C3E92D7-F16C-4575-9CBB-EB7349A4C5E2} = {5E86E10A-C38F-48CB-ADE9-67B22BB2F50A}
		{2E6CF650-CB50-453D-830A-D00F0540FC2C} = {5E86E10A-C38F-48CB-ADE9-67B22BB2F50A}
		{3D69B4C9-FD16-461F-95AF-6FCA6EAA914E} = {5E86E10A-C38F-48CB-ADE9-67B22BB2F50A}
		{EC34F023-223D-432F-9401-9C3ED1B75DE4} = {5E86E10A-C38F-48CB-ADE9-67B22BB2F50A}
		{D9428449-3E4B-4723-A8AA-1191315C7AAD} = {5E86E10A-C38F-48CB-ADE9-67B22BB2F50A}
		{0DC126D1-E782-4A41-BA3E-393083F08627} = {5E86E10A-C38F-48CB-ADE9-67B22BB2F50A}
		{F921A316-A8D2-4992-B894-69A3B5CA34E3} = {5E86E10A-C38F-48CB-ADE9-67B22BB2F50A}
		{270A9CC8-8031-49F4-A380-1389E7517DB7} = {5E86E10A-C38F-48CB-ADE9-67B22BB2F50A}
		{D4F48A7F-F3D3-4303-921D-BF7FE34B7118} = {5E86E10A-C38F-48CB-ADE9-67B22BB2F50A}
		{9C20BC4E-7A9F-4518-B3E7-C1FFD6C0EC8A} = {5E86E10A-C38F-48CB-ADE9-67B22BB2F50A}
		{C26170C8-0489-42F8-9579-EE8A06D65CC4} = {5E86E10A-C38F-48CB-ADE9-67B22BB2F50A}
		{173B1B8E-51D9-4639-88E9-B08065C2B47B} = {E5B988C0-5D19-407E-8210-71FFB90C579A}
		{DC3E4801-A54A-42A4-AC45-DBD2F0CAE438} = {E5B988C0-5D19-407E-8210-71FFB90C579A}
	EndGlobalSection
	GlobalSection(ExtensibilityGlobals) = postSolution
		EnterpriseLibraryConfigurationToolBinariesPath = packages\Unity.2.1.505.2\lib\NET35
		SolutionGuid = {D8B98070-6B8E-403C-A07F-A3F2E4A3A3D0}
	EndGlobalSection
	GlobalSection(TestCaseManagementSettings) = postSolution
		CategoryFile = FullAgent.vsmdi
	EndGlobalSection
	GlobalSection(SubversionScc) = preSolution
		Svn-Managed = True
		Manager = AnkhSVN - Subversion Support for Visual Studio
	EndGlobalSection
	GlobalSection(MonoDevelopProperties) = preSolution
		StartupItem = TestConsoleApplication\TestConsoleApplication.csproj
	EndGlobalSection
EndGlobal
