<?xml version="1.0" encoding="utf-8"?>
<Project ToolsVersion="4.0" xmlns="http://schemas.microsoft.com/developer/msbuild/2003">
  <ItemGroup>
    <ClInclude Include="rapidxml.hpp" />
    <ClInclude Include="rapidxml_iterators.hpp" />
    <ClInclude Include="rapidxml_print.hpp" />
    <ClInclude Include="rapidxml_utils.hpp" />
  </ItemGroup>
  <ItemGroup>
    <None Include="$(MSBuildThisFileDirectory)newrelic-icon.png" />
  </ItemGroup>
</Project>