
Microsoft Visual Studio Solution File, Format Version 12.00
# Visual Studio Version 16
VisualStudioVersion = 16.0.30128.74
MinimumVisualStudioVersion = 10.0.40219.1
Project("{9A19103F-16F7-4668-BE54-9A1E7A4F7556}") = "AWSLambdaTestApplication", "AWSLambdaTestApplication\AWSLambdaTestApplication.csproj", "{F39DDF36-47F1-446E-9EF2-30B21869FA44}"
EndProject
Project("{9A19103F-16F7-4668-BE54-9A1E7A4F7556}") = "AwsLambdaChainCallingApplication", "AwsLambdaChainCallingApplication\AwsLambdaChainCallingApplication.csproj", "{943CACEC-0422-481B-AE90-9C4FBBBE4229}"
EndProject
Project("{9A19103F-16F7-4668-BE54-9A1E7A4F7556}") = "AwsLambdaErrorTestFunction", "AwsLambdaErrorTestFunction\AwsLambdaErrorTestFunction.csproj", "{18B61B18-376F-45F6-AE66-563321F62F32}"
EndProject
Project("{9A19103F-16F7-4668-BE54-9A1E7A4F7556}") = "AwsLambdaAwsSdkTestFunction", "AwsLambdaAwsSdkTestFunction\AwsLambdaAwsSdkTestFunction.csproj", "{BAA4208D-C6FD-47A2-BC1E-E2751D8A0A18}"
EndProject
Global
	GlobalSection(SolutionConfigurationPlatforms) = preSolution
		Debug|Any CPU = Debug|Any CPU
		Release|Any CPU = Release|Any CPU
	EndGlobalSection
	GlobalSection(ProjectConfigurationPlatforms) = postSolution
		{F39DDF36-47F1-446E-9EF2-30B21869FA44}.Debug|Any CPU.ActiveCfg = Debug|Any CPU
		{F39DDF36-47F1-446E-9EF2-30B21869FA44}.Debug|Any CPU.Build.0 = Debug|Any CPU
		{F39DDF36-47F1-446E-9EF2-30B21869FA44}.Release|Any CPU.ActiveCfg = Release|Any CPU
		{F39DDF36-47F1-446E-9EF2-30B21869FA44}.Release|Any CPU.Build.0 = Release|Any CPU
		{943CACEC-0422-481B-AE90-9C4FBBBE4229}.Debug|Any CPU.ActiveCfg = Debug|Any CPU
		{943CACEC-0422-481B-AE90-9C4FBBBE4229}.Debug|Any CPU.Build.0 = Debug|Any CPU
		{943CACEC-0422-481B-AE90-9C4FBBBE4229}.Release|Any CPU.ActiveCfg = Release|Any CPU
		{943CACEC-0422-481B-AE90-9C4FBBBE4229}.Release|Any CPU.Build.0 = Release|Any CPU
		{18B61B18-376F-45F6-AE66-563321F62F32}.Debug|Any CPU.ActiveCfg = Debug|Any CPU
		{18B61B18-376F-45F6-AE66-563321F62F32}.Debug|Any CPU.Build.0 = Debug|Any CPU
		{18B61B18-376F-45F6-AE66-563321F62F32}.Release|Any CPU.ActiveCfg = Release|Any CPU
		{18B61B18-376F-45F6-AE66-563321F62F32}.Release|Any CPU.Build.0 = Release|Any CPU
		{BAA4208D-C6FD-47A2-BC1E-E2751D8A0A18}.Debug|Any CPU.ActiveCfg = Debug|Any CPU
		{BAA4208D-C6FD-47A2-BC1E-E2751D8A0A18}.Debug|Any CPU.Build.0 = Debug|Any CPU
		{BAA4208D-C6FD-47A2-BC1E-E2751D8A0A18}.Release|Any CPU.ActiveCfg = Release|Any CPU
		{BAA4208D-C6FD-47A2-BC1E-E2751D8A0A18}.Release|Any CPU.Build.0 = Release|Any CPU
	EndGlobalSection
	GlobalSection(SolutionProperties) = preSolution
		HideSolutionNode = FALSE
	EndGlobalSection
	GlobalSection(ExtensibilityGlobals) = postSolution
		SolutionGuid = {28F8FCEA-6908-4C54-8F03-DA4F95F9535F}
	EndGlobalSection
EndGlobal
