
Microsoft Visual Studio Solution File, Format Version 12.00
# Visual Studio 15
VisualStudioVersion = 15.0.27428.2005
MinimumVisualStudioVersion = 10.0.40219.1
Project("{FAE04EC0-301F-11D3-BF4B-00C04F79EFBC}") = "AgentLogHelper", "..\AgentLogHelper\AgentLogHelper.csproj", "{D811FFB5-2B9B-4D1B-B2F6-5C2557BE0A6B}"
EndProject
Project("{FAE04EC0-301F-11D3-BF4B-00C04F79EFBC}") = "NetFrameworkBasicApplication", "NetFrameworkBasicApplication\NetFrameworkBasicApplication.csproj", "{2CE3DF18-F0EE-494A-94D3-5BA7BE94C249}"
EndProject
Global
	GlobalSection(SolutionConfigurationPlatforms) = preSolution
		Debug|Any CPU = Debug|Any CPU
		Release|Any CPU = Release|Any CPU
	EndGlobalSection
	GlobalSection(ProjectConfigurationPlatforms) = postSolution
		{D811FFB5-2B9B-4D1B-B2F6-5C2557BE0A6B}.Debug|Any CPU.ActiveCfg = Debug|Any CPU
		{D811FFB5-2B9B-4D1B-B2F6-5C2557BE0A6B}.Debug|Any CPU.Build.0 = Debug|Any CPU
		{D811FFB5-2B9B-4D1B-B2F6-5C2557BE0A6B}.Release|Any CPU.ActiveCfg = Release|Any CPU
		{D811FFB5-2B9B-4D1B-B2F6-5C2557BE0A6B}.Release|Any CPU.Build.0 = Release|Any CPU
		{2CE3DF18-F0EE-494A-94D3-5BA7BE94C249}.Debug|Any CPU.ActiveCfg = Debug|Any CPU
		{2CE3DF18-F0EE-494A-94D3-5BA7BE94C249}.Debug|Any CPU.Build.0 = Debug|Any CPU
		{2CE3DF18-F0EE-494A-94D3-5BA7BE94C249}.Release|Any CPU.ActiveCfg = Release|Any CPU
		{2CE3DF18-F0EE-494A-94D3-5BA7BE94C249}.Release|Any CPU.Build.0 = Release|Any CPU
	EndGlobalSection
	GlobalSection(SolutionProperties) = preSolution
		HideSolutionNode = FALSE
	EndGlobalSection
	GlobalSection(ExtensibilityGlobals) = postSolution
		SolutionGuid = {C51ED808-E127-463B-83EE-D8E3ECF2E642}
	EndGlobalSection
EndGlobal
