
Microsoft Visual Studio Solution File, Format Version 12.00
# Visual Studio Version 17
VisualStudioVersion = 17.5.002.0
MinimumVisualStudioVersion = 10.0.40219.1
Project("{9A19103F-16F7-4668-BE54-9A1E7A4F7556}") = "KafkaTestApp", "KafkaTestApp.csproj", "{A4522527-84A9-422F-9639-214854AC0CE8}"
EndProject
Global
	GlobalSection(SolutionConfigurationPlatforms) = preSolution
		Debug|Any CPU = Debug|Any CPU
		Release|Any CPU = Release|Any CPU
	EndGlobalSection
	GlobalSection(ProjectConfigurationPlatforms) = postSolution
		{A4522527-84A9-422F-9639-214854AC0CE8}.Debug|Any CPU.ActiveCfg = Debug|Any CPU
		{A4522527-84A9-422F-9639-214854AC0CE8}.Debug|Any CPU.Build.0 = Debug|Any CPU
		{A4522527-84A9-422F-9639-214854AC0CE8}.Release|Any CPU.ActiveCfg = Release|Any CPU
		{A4522527-84A9-422F-9639-214854AC0CE8}.Release|Any CPU.Build.0 = Release|Any CPU
	EndGlobalSection
	GlobalSection(SolutionProperties) = preSolution
		HideSolutionNode = FALSE
	EndGlobalSection
	GlobalSection(ExtensibilityGlobals) = postSolution
		SolutionGuid = {7CA0F04E-7F53-4F6C-B0F7-C89383920366}
	EndGlobalSection
EndGlobal
