
Microsoft Visual Studio Solution File, Format Version 12.00
# Visual Studio Version 17
VisualStudioVersion = 17.4.33205.214
MinimumVisualStudioVersion = 10.0.40219.1
Project("{FAE04EC0-301F-11D3-BF4B-00C04F79EFBC}") = "release-notes-generator", "release-notes-generator\release-notes-generator.csproj", "{17539330-F04F-438E-91F4-998C8DA00622}"
EndProject
Global
	GlobalSection(SolutionConfigurationPlatforms) = preSolution
		Debug|Any CPU = Debug|Any CPU
		Release|Any CPU = Release|Any CPU
	EndGlobalSection
	GlobalSection(ProjectConfigurationPlatforms) = postSolution
		{17539330-F04F-438E-91F4-998C8DA00622}.Debug|Any CPU.ActiveCfg = Debug|Any CPU
		{17539330-F04F-438E-91F4-998C8DA00622}.Debug|Any CPU.Build.0 = Debug|Any CPU
		{17539330-F04F-438E-91F4-998C8DA00622}.Release|Any CPU.ActiveCfg = Release|Any CPU
		{17539330-F04F-438E-91F4-998C8DA00622}.Release|Any CPU.Build.0 = Release|Any CPU
	EndGlobalSection
	GlobalSection(SolutionProperties) = preSolution
		HideSolutionNode = FALSE
	EndGlobalSection
	GlobalSection(ExtensibilityGlobals) = postSolution
		SolutionGuid = {37BA418B-78D1-4EF8-8957-5ACD9B437786}
	EndGlobalSection
EndGlobal
