
Microsoft Visual Studio Solution File, Format Version 12.00
# Visual Studio 15
VisualStudioVersion = 15.0.27130.2003
MinimumVisualStudioVersion = 15.0.26228.04
Project("{9A19103F-16F7-4668-BE54-9A1E7A4F7556}") = "IntegrationTests", "IntegrationTests\IntegrationTests.csproj", "{EE939277-76B4-4099-B3D6-300C8D70F3C1}"
	ProjectSection(ProjectDependencies) = postProject
		{07FC6D0B-0638-4B73-80D1-05E17EF89183} = {07FC6D0B-0638-4B73-80D1-05E17EF89183}
		{9E5D7614-414C-427E-83A9-2A723409F45D} = {9E5D7614-414C-427E-83A9-2A723409F45D}
		{253E9927-3159-4978-9030-7042885612A2} = {253E9927-3159-4978-9030-7042885612A2}
		{ABA30329-4619-4D2D-8606-68639419420B} = {ABA30329-4619-4D2D-8606-68639419420B}
		{599A1D30-4859-4714-8F10-52942E165B3C} = {599A1D30-4859-4714-8F10-52942E165B3C}
		{D37E2134-901A-4908-8084-9FCC3BF4A0CD} = {D37E2134-901A-4908-8084-9FCC3BF4A0CD}
		{17284146-1556-49EE-9D89-C545970D72FD} = {17284146-1556-49EE-9D89-C545970D72FD}
		{B630545D-9A54-4D20-BDC5-B50212606E93} = {B630545D-9A54-4D20-BDC5-B50212606E93}
		{C4F7465E-C9E7-4087-A99B-E5CDD6182FB5} = {C4F7465E-C9E7-4087-A99B-E5CDD6182FB5}
		{5CF71C91-EE5E-4F8D-8FEE-AE497A32BF8B} = {5CF71C91-EE5E-4F8D-8FEE-AE497A32BF8B}
		{61C7C293-86E1-47E4-B947-9B17F94B126B} = {61C7C293-86E1-47E4-B947-9B17F94B126B}
		{6F5355A3-F57F-4BE4-9EDF-8F0953062931} = {6F5355A3-F57F-4BE4-9EDF-8F0953062931}
	EndProjectSection
EndProject
Project("{2150E333-8FDC-42A3-9474-1A3956D46DE8}") = "Applications", "Applications", "{F0F6F2CE-8AE8-49E1-8EE9-A44B451EFC29}"
EndProject
Project("{9A19103F-16F7-4668-BE54-9A1E7A4F7556}") = "AsyncWcfService", "Applications\AsyncWcfService\AsyncWcfService.csproj", "{241D534C-55D2-44A5-81C4-6DC82EDB3D46}"
EndProject
Project("{9A19103F-16F7-4668-BE54-9A1E7A4F7556}") = "BasicWebApi", "Applications\BasicWebApi\BasicWebApi.csproj", "{D37E2134-901A-4908-8084-9FCC3BF4A0CD}"
EndProject
Project("{9A19103F-16F7-4668-BE54-9A1E7A4F7556}") = "CustomAttributesWebApi", "Applications\CustomAttributesWebApi\CustomAttributesWebApi.csproj", "{9E5D7614-414C-427E-83A9-2A723409F45D}"
EndProject
Project("{9A19103F-16F7-4668-BE54-9A1E7A4F7556}") = "HostedWebCore", "HostedWebCore\HostedWebCore.csproj", "{5CF71C91-EE5E-4F8D-8FEE-AE497A32BF8B}"
EndProject
Project("{FAE04EC0-301F-11D3-BF4B-00C04F79EFBC}") = "BasicMvcApplication", "Applications\BasicMvcApplication\BasicMvcApplication.csproj", "{599A1D30-4859-4714-8F10-52942E165B3C}"
EndProject
Project("{FAE04EC0-301F-11D3-BF4B-00C04F79EFBC}") = "ToBeInstrumented", "ToBeInstrumented\ToBeInstrumented.csproj", "{0012380D-8065-4624-A38A-68EE72C709B9}"
EndProject
Project("{FAE04EC0-301F-11D3-BF4B-00C04F79EFBC}") = "BasicWebApplication", "Applications\BasicWebApplication\BasicWebApplication.csproj", "{ABA30329-4619-4D2D-8606-68639419420B}"
EndProject
Project("{FAE04EC0-301F-11D3-BF4B-00C04F79EFBC}") = "BasicWebService", "Applications\BasicWebService\BasicWebService.csproj", "{C4F7465E-C9E7-4087-A99B-E5CDD6182FB5}"
EndProject
Project("{9A19103F-16F7-4668-BE54-9A1E7A4F7556}") = "AgentApiExecutor", "Applications\AgentApiExecutor\AgentApiExecutor.csproj", "{B630545D-9A54-4D20-BDC5-B50212606E93}"
EndProject
Project("{9A19103F-16F7-4668-BE54-9A1E7A4F7556}") = "ApiAppNameChange", "Applications\ApiAppNameChange\ApiAppNameChange.csproj", "{6F5355A3-F57F-4BE4-9EDF-8F0953062931}"
EndProject
Project("{FAE04EC0-301F-11D3-BF4B-00C04F79EFBC}") = "BasicWebFormsApplication", "Applications\BasicWebFormsApplication\BasicWebFormsApplication.csproj", "{61C7C293-86E1-47E4-B947-9B17F94B126B}"
EndProject
Project("{9A19103F-16F7-4668-BE54-9A1E7A4F7556}") = "WcfAppIisHosted", "Applications\WcfAppIisHosted\WcfAppIisHosted.csproj", "{07FC6D0B-0638-4B73-80D1-05E17EF89183}"
EndProject
Project("{9A19103F-16F7-4668-BE54-9A1E7A4F7556}") = "WcfAppSelfHosted", "Applications\WcfAppSelfHosted\WcfAppSelfHosted.csproj", "{253E9927-3159-4978-9030-7042885612A2}"
EndProject
Project("{9A19103F-16F7-4668-BE54-9A1E7A4F7556}") = "IntegrationTestHelpers", "IntegrationTestHelpers\IntegrationTestHelpers.csproj", "{9AABBBB0-32FC-4DA3-A38C-96A50A7ABAC1}"
EndProject
Project("{FAE04EC0-301F-11D3-BF4B-00C04F79EFBC}") = "WebForms45Application", "Applications\WebForms45Application\WebForms45Application.csproj", "{17284146-1556-49EE-9D89-C545970D72FD}"
EndProject
Project("{FAE04EC0-301F-11D3-BF4B-00C04F79EFBC}") = "BasicAspWebService", "Applications\BasicAspWebService\BasicAspWebService.csproj", "{E49FCAB4-88AB-47C3-BCD1-DCE4EFE203D2}"
EndProject
Project("{FAE04EC0-301F-11D3-BF4B-00C04F79EFBC}") = "OpenRastaWebApplication", "Applications\OpenRastaWebApplication\OpenRastaWebApplication.csproj", "{5CCC0395-51F8-41FB-ABAB-332C7F686F47}"
EndProject
Project("{FAE04EC0-301F-11D3-BF4B-00C04F79EFBC}") = "HttpCollector", "Applications\HttpCollector\HttpCollector.csproj", "{CFB490A0-33EC-4099-A21A-AFDA7024BD7B}"
EndProject
Project("{9A19103F-16F7-4668-BE54-9A1E7A4F7556}") = "Shared", "Shared\Shared.csproj", "{F4B857C6-8458-41C7-9254-F9CE97BB473A}"
EndProject
Project("{9A19103F-16F7-4668-BE54-9A1E7A4F7556}") = "Owin3WebApi", "Applications\Owin3WebApi\Owin3WebApi.csproj", "{96FAB968-BFE7-4A47-83AC-9A49AACBA977}"
EndProject
Project("{9A19103F-16F7-4668-BE54-9A1E7A4F7556}") = "AttributeInstrumentation", "Applications\AttributeInstrumentation\AttributeInstrumentation.csproj", "{887C1553-B842-4712-865B-6FFAB01EE7EA}"
EndProject
Project("{FAE04EC0-301F-11D3-BF4B-00C04F79EFBC}") = "RejitMvcApplication", "Applications\RejitMvcApplication\RejitMvcApplication.csproj", "{2F2A1324-5D9C-4C66-91EC-D66F50DC4336}"
EndProject
Project("{9A19103F-16F7-4668-BE54-9A1E7A4F7556}") = "AspNetCoreMvcBasicRequestsApplication", "Applications\AspNetCoreMvcBasicRequestsApplication\AspNetCoreMvcBasicRequestsApplication.csproj", "{EDA8AF34-CC6C-47A6-87BF-FFE7D6DC878D}"
EndProject
Project("{9A19103F-16F7-4668-BE54-9A1E7A4F7556}") = "NetCoreAttributeInstrumentationApplication", "Applications\NetCoreAttributeInstrumentationApplication\NetCoreAttributeInstrumentationApplication.csproj", "{1005EDC7-1531-4C38-9933-98E5B3088512}"
EndProject
Project("{9A19103F-16F7-4668-BE54-9A1E7A4F7556}") = "AspNetCoreWebApiCustomAttributesApplication", "Applications\AspNetCoreWebApiCustomAttributesApplication\AspNetCoreWebApiCustomAttributesApplication.csproj", "{E28E36CD-A15F-4438-ADCA-40B26844592A}"
EndProject
Project("{FAE04EC0-301F-11D3-BF4B-00C04F79EFBC}") = "OwinRemotingClient", "Applications\OwinRemotingClient\OwinRemotingClient.csproj", "{C07AF48C-AFE2-40FC-AFB5-E3E872F5CD7D}"
EndProject
Project("{FAE04EC0-301F-11D3-BF4B-00C04F79EFBC}") = "OwinRemotingServer", "Applications\OwinRemotingServer\OwinRemotingServer.csproj", "{D203693A-F862-4598-92F2-B91C3959EDE6}"
EndProject
Project("{FAE04EC0-301F-11D3-BF4B-00C04F79EFBC}") = "NewRelic.Testing.Assertions", "..\Tests\NewRelic.Testing.Assertions\NewRelic.Testing.Assertions.csproj", "{2A932B62-8787-4963-8D53-F83BF6ACBB5C}"
EndProject
Global
	GlobalSection(SolutionConfigurationPlatforms) = preSolution
		Debug|Any CPU = Debug|Any CPU
		Release|Any CPU = Release|Any CPU
	EndGlobalSection
	GlobalSection(ProjectConfigurationPlatforms) = postSolution
		{EE939277-76B4-4099-B3D6-300C8D70F3C1}.Debug|Any CPU.ActiveCfg = Debug|Any CPU
		{EE939277-76B4-4099-B3D6-300C8D70F3C1}.Debug|Any CPU.Build.0 = Debug|Any CPU
		{EE939277-76B4-4099-B3D6-300C8D70F3C1}.Release|Any CPU.ActiveCfg = Release|Any CPU
		{EE939277-76B4-4099-B3D6-300C8D70F3C1}.Release|Any CPU.Build.0 = Release|Any CPU
		{241D534C-55D2-44A5-81C4-6DC82EDB3D46}.Debug|Any CPU.ActiveCfg = Debug|Any CPU
		{241D534C-55D2-44A5-81C4-6DC82EDB3D46}.Debug|Any CPU.Build.0 = Debug|Any CPU
		{241D534C-55D2-44A5-81C4-6DC82EDB3D46}.Release|Any CPU.ActiveCfg = Release|Any CPU
		{241D534C-55D2-44A5-81C4-6DC82EDB3D46}.Release|Any CPU.Build.0 = Release|Any CPU
		{D37E2134-901A-4908-8084-9FCC3BF4A0CD}.Debug|Any CPU.ActiveCfg = Debug|Any CPU
		{D37E2134-901A-4908-8084-9FCC3BF4A0CD}.Debug|Any CPU.Build.0 = Debug|Any CPU
		{D37E2134-901A-4908-8084-9FCC3BF4A0CD}.Release|Any CPU.ActiveCfg = Release|Any CPU
		{D37E2134-901A-4908-8084-9FCC3BF4A0CD}.Release|Any CPU.Build.0 = Release|Any CPU
		{9E5D7614-414C-427E-83A9-2A723409F45D}.Debug|Any CPU.ActiveCfg = Debug|Any CPU
		{9E5D7614-414C-427E-83A9-2A723409F45D}.Debug|Any CPU.Build.0 = Debug|Any CPU
		{9E5D7614-414C-427E-83A9-2A723409F45D}.Release|Any CPU.ActiveCfg = Release|Any CPU
		{9E5D7614-414C-427E-83A9-2A723409F45D}.Release|Any CPU.Build.0 = Release|Any CPU
		{5CF71C91-EE5E-4F8D-8FEE-AE497A32BF8B}.Debug|Any CPU.ActiveCfg = Debug|Any CPU
		{5CF71C91-EE5E-4F8D-8FEE-AE497A32BF8B}.Debug|Any CPU.Build.0 = Debug|Any CPU
		{5CF71C91-EE5E-4F8D-8FEE-AE497A32BF8B}.Release|Any CPU.ActiveCfg = Release|Any CPU
		{5CF71C91-EE5E-4F8D-8FEE-AE497A32BF8B}.Release|Any CPU.Build.0 = Release|Any CPU
		{599A1D30-4859-4714-8F10-52942E165B3C}.Debug|Any CPU.ActiveCfg = Debug|Any CPU
		{599A1D30-4859-4714-8F10-52942E165B3C}.Debug|Any CPU.Build.0 = Debug|Any CPU
		{599A1D30-4859-4714-8F10-52942E165B3C}.Release|Any CPU.ActiveCfg = Release|Any CPU
		{599A1D30-4859-4714-8F10-52942E165B3C}.Release|Any CPU.Build.0 = Release|Any CPU
		{0012380D-8065-4624-A38A-68EE72C709B9}.Debug|Any CPU.ActiveCfg = Debug|Any CPU
		{0012380D-8065-4624-A38A-68EE72C709B9}.Debug|Any CPU.Build.0 = Debug|Any CPU
		{0012380D-8065-4624-A38A-68EE72C709B9}.Release|Any CPU.ActiveCfg = Release|Any CPU
		{0012380D-8065-4624-A38A-68EE72C709B9}.Release|Any CPU.Build.0 = Release|Any CPU
		{ABA30329-4619-4D2D-8606-68639419420B}.Debug|Any CPU.ActiveCfg = Debug|Any CPU
		{ABA30329-4619-4D2D-8606-68639419420B}.Debug|Any CPU.Build.0 = Debug|Any CPU
		{ABA30329-4619-4D2D-8606-68639419420B}.Release|Any CPU.ActiveCfg = Release|Any CPU
		{ABA30329-4619-4D2D-8606-68639419420B}.Release|Any CPU.Build.0 = Release|Any CPU
		{C4F7465E-C9E7-4087-A99B-E5CDD6182FB5}.Debug|Any CPU.ActiveCfg = Debug|Any CPU
		{C4F7465E-C9E7-4087-A99B-E5CDD6182FB5}.Debug|Any CPU.Build.0 = Debug|Any CPU
		{C4F7465E-C9E7-4087-A99B-E5CDD6182FB5}.Release|Any CPU.ActiveCfg = Release|Any CPU
		{C4F7465E-C9E7-4087-A99B-E5CDD6182FB5}.Release|Any CPU.Build.0 = Release|Any CPU
		{B630545D-9A54-4D20-BDC5-B50212606E93}.Debug|Any CPU.ActiveCfg = Debug|Any CPU
		{B630545D-9A54-4D20-BDC5-B50212606E93}.Debug|Any CPU.Build.0 = Debug|Any CPU
		{B630545D-9A54-4D20-BDC5-B50212606E93}.Release|Any CPU.ActiveCfg = Release|Any CPU
		{B630545D-9A54-4D20-BDC5-B50212606E93}.Release|Any CPU.Build.0 = Release|Any CPU
		{6F5355A3-F57F-4BE4-9EDF-8F0953062931}.Debug|Any CPU.ActiveCfg = Debug|Any CPU
		{6F5355A3-F57F-4BE4-9EDF-8F0953062931}.Debug|Any CPU.Build.0 = Debug|Any CPU
		{6F5355A3-F57F-4BE4-9EDF-8F0953062931}.Release|Any CPU.ActiveCfg = Release|Any CPU
		{6F5355A3-F57F-4BE4-9EDF-8F0953062931}.Release|Any CPU.Build.0 = Release|Any CPU
		{61C7C293-86E1-47E4-B947-9B17F94B126B}.Debug|Any CPU.ActiveCfg = Debug|Any CPU
		{61C7C293-86E1-47E4-B947-9B17F94B126B}.Debug|Any CPU.Build.0 = Debug|Any CPU
		{61C7C293-86E1-47E4-B947-9B17F94B126B}.Release|Any CPU.ActiveCfg = Release|Any CPU
		{61C7C293-86E1-47E4-B947-9B17F94B126B}.Release|Any CPU.Build.0 = Release|Any CPU
		{07FC6D0B-0638-4B73-80D1-05E17EF89183}.Debug|Any CPU.ActiveCfg = Debug|Any CPU
		{07FC6D0B-0638-4B73-80D1-05E17EF89183}.Debug|Any CPU.Build.0 = Debug|Any CPU
		{07FC6D0B-0638-4B73-80D1-05E17EF89183}.Release|Any CPU.ActiveCfg = Release|Any CPU
		{07FC6D0B-0638-4B73-80D1-05E17EF89183}.Release|Any CPU.Build.0 = Release|Any CPU
		{253E9927-3159-4978-9030-7042885612A2}.Debug|Any CPU.ActiveCfg = Debug|Any CPU
		{253E9927-3159-4978-9030-7042885612A2}.Debug|Any CPU.Build.0 = Debug|Any CPU
		{253E9927-3159-4978-9030-7042885612A2}.Release|Any CPU.ActiveCfg = Release|Any CPU
		{253E9927-3159-4978-9030-7042885612A2}.Release|Any CPU.Build.0 = Release|Any CPU
		{9AABBBB0-32FC-4DA3-A38C-96A50A7ABAC1}.Debug|Any CPU.ActiveCfg = Debug|Any CPU
		{9AABBBB0-32FC-4DA3-A38C-96A50A7ABAC1}.Debug|Any CPU.Build.0 = Debug|Any CPU
		{9AABBBB0-32FC-4DA3-A38C-96A50A7ABAC1}.Release|Any CPU.ActiveCfg = Release|Any CPU
		{9AABBBB0-32FC-4DA3-A38C-96A50A7ABAC1}.Release|Any CPU.Build.0 = Release|Any CPU
		{17284146-1556-49EE-9D89-C545970D72FD}.Debug|Any CPU.ActiveCfg = Debug|Any CPU
		{17284146-1556-49EE-9D89-C545970D72FD}.Debug|Any CPU.Build.0 = Debug|Any CPU
		{17284146-1556-49EE-9D89-C545970D72FD}.Release|Any CPU.ActiveCfg = Release|Any CPU
		{17284146-1556-49EE-9D89-C545970D72FD}.Release|Any CPU.Build.0 = Release|Any CPU
		{E49FCAB4-88AB-47C3-BCD1-DCE4EFE203D2}.Debug|Any CPU.ActiveCfg = Debug|Any CPU
		{E49FCAB4-88AB-47C3-BCD1-DCE4EFE203D2}.Debug|Any CPU.Build.0 = Debug|Any CPU
		{E49FCAB4-88AB-47C3-BCD1-DCE4EFE203D2}.Release|Any CPU.ActiveCfg = Release|Any CPU
		{E49FCAB4-88AB-47C3-BCD1-DCE4EFE203D2}.Release|Any CPU.Build.0 = Release|Any CPU
		{5CCC0395-51F8-41FB-ABAB-332C7F686F47}.Debug|Any CPU.ActiveCfg = Debug|Any CPU
		{5CCC0395-51F8-41FB-ABAB-332C7F686F47}.Debug|Any CPU.Build.0 = Debug|Any CPU
		{5CCC0395-51F8-41FB-ABAB-332C7F686F47}.Release|Any CPU.ActiveCfg = Release|Any CPU
		{5CCC0395-51F8-41FB-ABAB-332C7F686F47}.Release|Any CPU.Build.0 = Release|Any CPU
		{CFB490A0-33EC-4099-A21A-AFDA7024BD7B}.Debug|Any CPU.ActiveCfg = Debug|Any CPU
		{CFB490A0-33EC-4099-A21A-AFDA7024BD7B}.Debug|Any CPU.Build.0 = Debug|Any CPU
		{CFB490A0-33EC-4099-A21A-AFDA7024BD7B}.Release|Any CPU.ActiveCfg = Release|Any CPU
		{CFB490A0-33EC-4099-A21A-AFDA7024BD7B}.Release|Any CPU.Build.0 = Release|Any CPU
		{F4B857C6-8458-41C7-9254-F9CE97BB473A}.Debug|Any CPU.ActiveCfg = Debug|Any CPU
		{F4B857C6-8458-41C7-9254-F9CE97BB473A}.Debug|Any CPU.Build.0 = Debug|Any CPU
		{F4B857C6-8458-41C7-9254-F9CE97BB473A}.Release|Any CPU.ActiveCfg = Release|Any CPU
		{F4B857C6-8458-41C7-9254-F9CE97BB473A}.Release|Any CPU.Build.0 = Release|Any CPU
		{96FAB968-BFE7-4A47-83AC-9A49AACBA977}.Debug|Any CPU.ActiveCfg = Debug|Any CPU
		{96FAB968-BFE7-4A47-83AC-9A49AACBA977}.Debug|Any CPU.Build.0 = Debug|Any CPU
		{96FAB968-BFE7-4A47-83AC-9A49AACBA977}.Release|Any CPU.ActiveCfg = Release|Any CPU
		{96FAB968-BFE7-4A47-83AC-9A49AACBA977}.Release|Any CPU.Build.0 = Release|Any CPU
		{887C1553-B842-4712-865B-6FFAB01EE7EA}.Debug|Any CPU.ActiveCfg = Debug|Any CPU
		{887C1553-B842-4712-865B-6FFAB01EE7EA}.Debug|Any CPU.Build.0 = Debug|Any CPU
		{887C1553-B842-4712-865B-6FFAB01EE7EA}.Release|Any CPU.ActiveCfg = Release|Any CPU
		{887C1553-B842-4712-865B-6FFAB01EE7EA}.Release|Any CPU.Build.0 = Release|Any CPU
		{2F2A1324-5D9C-4C66-91EC-D66F50DC4336}.Debug|Any CPU.ActiveCfg = Debug|Any CPU
		{2F2A1324-5D9C-4C66-91EC-D66F50DC4336}.Debug|Any CPU.Build.0 = Debug|Any CPU
		{2F2A1324-5D9C-4C66-91EC-D66F50DC4336}.Release|Any CPU.ActiveCfg = Release|Any CPU
		{2F2A1324-5D9C-4C66-91EC-D66F50DC4336}.Release|Any CPU.Build.0 = Release|Any CPU
		{EDA8AF34-CC6C-47A6-87BF-FFE7D6DC878D}.Debug|Any CPU.ActiveCfg = Debug|Any CPU
		{EDA8AF34-CC6C-47A6-87BF-FFE7D6DC878D}.Debug|Any CPU.Build.0 = Debug|Any CPU
		{EDA8AF34-CC6C-47A6-87BF-FFE7D6DC878D}.Release|Any CPU.ActiveCfg = Release|Any CPU
		{EDA8AF34-CC6C-47A6-87BF-FFE7D6DC878D}.Release|Any CPU.Build.0 = Release|Any CPU
		{1005EDC7-1531-4C38-9933-98E5B3088512}.Debug|Any CPU.ActiveCfg = Debug|Any CPU
		{1005EDC7-1531-4C38-9933-98E5B3088512}.Debug|Any CPU.Build.0 = Debug|Any CPU
		{1005EDC7-1531-4C38-9933-98E5B3088512}.Release|Any CPU.ActiveCfg = Release|Any CPU
		{1005EDC7-1531-4C38-9933-98E5B3088512}.Release|Any CPU.Build.0 = Release|Any CPU
		{E28E36CD-A15F-4438-ADCA-40B26844592A}.Debug|Any CPU.ActiveCfg = Debug|Any CPU
		{E28E36CD-A15F-4438-ADCA-40B26844592A}.Debug|Any CPU.Build.0 = Debug|Any CPU
		{E28E36CD-A15F-4438-ADCA-40B26844592A}.Release|Any CPU.ActiveCfg = Release|Any CPU
		{E28E36CD-A15F-4438-ADCA-40B26844592A}.Release|Any CPU.Build.0 = Release|Any CPU
		{C07AF48C-AFE2-40FC-AFB5-E3E872F5CD7D}.Debug|Any CPU.ActiveCfg = Debug|Any CPU
		{C07AF48C-AFE2-40FC-AFB5-E3E872F5CD7D}.Debug|Any CPU.Build.0 = Debug|Any CPU
		{C07AF48C-AFE2-40FC-AFB5-E3E872F5CD7D}.Release|Any CPU.ActiveCfg = Release|Any CPU
		{C07AF48C-AFE2-40FC-AFB5-E3E872F5CD7D}.Release|Any CPU.Build.0 = Release|Any CPU
		{D203693A-F862-4598-92F2-B91C3959EDE6}.Debug|Any CPU.ActiveCfg = Debug|Any CPU
		{D203693A-F862-4598-92F2-B91C3959EDE6}.Debug|Any CPU.Build.0 = Debug|Any CPU
		{D203693A-F862-4598-92F2-B91C3959EDE6}.Release|Any CPU.ActiveCfg = Release|Any CPU
		{D203693A-F862-4598-92F2-B91C3959EDE6}.Release|Any CPU.Build.0 = Release|Any CPU
		{2A932B62-8787-4963-8D53-F83BF6ACBB5C}.Debug|Any CPU.ActiveCfg = Debug|Any CPU
		{2A932B62-8787-4963-8D53-F83BF6ACBB5C}.Debug|Any CPU.Build.0 = Debug|Any CPU
		{2A932B62-8787-4963-8D53-F83BF6ACBB5C}.Release|Any CPU.ActiveCfg = Release|Any CPU
		{2A932B62-8787-4963-8D53-F83BF6ACBB5C}.Release|Any CPU.Build.0 = Release|Any CPU
	EndGlobalSection
	GlobalSection(SolutionProperties) = preSolution
		HideSolutionNode = FALSE
	EndGlobalSection
	GlobalSection(NestedProjects) = preSolution
		{241D534C-55D2-44A5-81C4-6DC82EDB3D46} = {F0F6F2CE-8AE8-49E1-8EE9-A44B451EFC29}
		{D37E2134-901A-4908-8084-9FCC3BF4A0CD} = {F0F6F2CE-8AE8-49E1-8EE9-A44B451EFC29}
		{9E5D7614-414C-427E-83A9-2A723409F45D} = {F0F6F2CE-8AE8-49E1-8EE9-A44B451EFC29}
		{599A1D30-4859-4714-8F10-52942E165B3C} = {F0F6F2CE-8AE8-49E1-8EE9-A44B451EFC29}
		{ABA30329-4619-4D2D-8606-68639419420B} = {F0F6F2CE-8AE8-49E1-8EE9-A44B451EFC29}
		{C4F7465E-C9E7-4087-A99B-E5CDD6182FB5} = {F0F6F2CE-8AE8-49E1-8EE9-A44B451EFC29}
		{B630545D-9A54-4D20-BDC5-B50212606E93} = {F0F6F2CE-8AE8-49E1-8EE9-A44B451EFC29}
		{6F5355A3-F57F-4BE4-9EDF-8F0953062931} = {F0F6F2CE-8AE8-49E1-8EE9-A44B451EFC29}
		{61C7C293-86E1-47E4-B947-9B17F94B126B} = {F0F6F2CE-8AE8-49E1-8EE9-A44B451EFC29}
		{07FC6D0B-0638-4B73-80D1-05E17EF89183} = {F0F6F2CE-8AE8-49E1-8EE9-A44B451EFC29}
		{253E9927-3159-4978-9030-7042885612A2} = {F0F6F2CE-8AE8-49E1-8EE9-A44B451EFC29}
		{17284146-1556-49EE-9D89-C545970D72FD} = {F0F6F2CE-8AE8-49E1-8EE9-A44B451EFC29}
		{E49FCAB4-88AB-47C3-BCD1-DCE4EFE203D2} = {F0F6F2CE-8AE8-49E1-8EE9-A44B451EFC29}
		{5CCC0395-51F8-41FB-ABAB-332C7F686F47} = {F0F6F2CE-8AE8-49E1-8EE9-A44B451EFC29}
		{CFB490A0-33EC-4099-A21A-AFDA7024BD7B} = {F0F6F2CE-8AE8-49E1-8EE9-A44B451EFC29}
		{96FAB968-BFE7-4A47-83AC-9A49AACBA977} = {F0F6F2CE-8AE8-49E1-8EE9-A44B451EFC29}
		{887C1553-B842-4712-865B-6FFAB01EE7EA} = {F0F6F2CE-8AE8-49E1-8EE9-A44B451EFC29}
		{2F2A1324-5D9C-4C66-91EC-D66F50DC4336} = {F0F6F2CE-8AE8-49E1-8EE9-A44B451EFC29}
		{EDA8AF34-CC6C-47A6-87BF-FFE7D6DC878D} = {F0F6F2CE-8AE8-49E1-8EE9-A44B451EFC29}
		{1005EDC7-1531-4C38-9933-98E5B3088512} = {F0F6F2CE-8AE8-49E1-8EE9-A44B451EFC29}
		{E28E36CD-A15F-4438-ADCA-40B26844592A} = {F0F6F2CE-8AE8-49E1-8EE9-A44B451EFC29}
		{C07AF48C-AFE2-40FC-AFB5-E3E872F5CD7D} = {F0F6F2CE-8AE8-49E1-8EE9-A44B451EFC29}
		{D203693A-F862-4598-92F2-B91C3959EDE6} = {F0F6F2CE-8AE8-49E1-8EE9-A44B451EFC29}
	EndGlobalSection
	GlobalSection(ExtensibilityGlobals) = postSolution
		SolutionGuid = {3830ABDF-4AEA-4D91-83A2-13F091D1DF5F}
	EndGlobalSection
EndGlobal
