
Microsoft Visual Studio Solution File, Format Version 12.00
# Visual Studio Version 17
VisualStudioVersion = 17.0.31825.309
MinimumVisualStudioVersion = 15.0.26228.04
Project("{9A19103F-16F7-4668-BE54-9A1E7A4F7556}") = "IntegrationTests", "IntegrationTests\IntegrationTests.csproj", "{EE939277-76B4-4099-B3D6-300C8D70F3C1}"
	ProjectSection(ProjectDependencies) = postProject
		{01291327-B0E8-4EAB-929B-D6B796BF1D7C} = {01291327-B0E8-4EAB-929B-D6B796BF1D7C}
		{07FC6D0B-0638-4B73-80D1-05E17EF89183} = {07FC6D0B-0638-4B73-80D1-05E17EF89183}
		{0BD4D452-1466-43E0-BFE9-8B15B53BB11E} = {0BD4D452-1466-43E0-BFE9-8B15B53BB11E}
		{1B7BED7D-156F-4789-ABAA-AC5D982F57DE} = {1B7BED7D-156F-4789-ABAA-AC5D982F57DE}
		{1F9D5857-EEE4-48FC-B101-2ADFFC88EA4A} = {1F9D5857-EEE4-48FC-B101-2ADFFC88EA4A}
		{26992998-C56A-4A9C-BB4C-2557E74084E0} = {26992998-C56A-4A9C-BB4C-2557E74084E0}
		{2ADAC860-2D99-4256-A848-663BB7E98CB7} = {2ADAC860-2D99-4256-A848-663BB7E98CB7}
		{2F2A1324-5D9C-4C66-91EC-D66F50DC4336} = {2F2A1324-5D9C-4C66-91EC-D66F50DC4336}
		{31DB04AF-2ED3-4379-98D7-7D02F38864F9} = {31DB04AF-2ED3-4379-98D7-7D02F38864F9}
		{38F3B035-E712-43EB-A419-5176240A06EA} = {38F3B035-E712-43EB-A419-5176240A06EA}
		{3C182E17-0085-4B30-8AA9-B229ABED7A39} = {3C182E17-0085-4B30-8AA9-B229ABED7A39}
		{4213F281-732C-4447-B347-1C46E3609986} = {4213F281-732C-4447-B347-1C46E3609986}
		{4389B305-B381-4B50-B1A8-BBB5259A0524} = {4389B305-B381-4B50-B1A8-BBB5259A0524}
		{472F6F9A-97E9-4DC3-9D70-AE79A20FA240} = {472F6F9A-97E9-4DC3-9D70-AE79A20FA240}
		{4E1D6B15-DB8F-40D6-B673-8A7ADA094594} = {4E1D6B15-DB8F-40D6-B673-8A7ADA094594}
		{599A1D30-4859-4714-8F10-52942E165B3C} = {599A1D30-4859-4714-8F10-52942E165B3C}
		{5CCC0395-51F8-41FB-ABAB-332C7F686F47} = {5CCC0395-51F8-41FB-ABAB-332C7F686F47}
		{5CF71C91-EE5E-4F8D-8FEE-AE497A32BF8B} = {5CF71C91-EE5E-4F8D-8FEE-AE497A32BF8B}
		{5D0D06CC-B17B-491E-9478-A920F964B960} = {5D0D06CC-B17B-491E-9478-A920F964B960}
		{5EF05574-5A01-404B-92B0-728A46577FDC} = {5EF05574-5A01-404B-92B0-728A46577FDC}
		{61C7C293-86E1-47E4-B947-9B17F94B126B} = {61C7C293-86E1-47E4-B947-9B17F94B126B}
		{63EC546C-650D-4CF4-94C4-A350D1D491FD} = {63EC546C-650D-4CF4-94C4-A350D1D491FD}
		{69F04BE2-6859-45BB-97E7-E5ACDEE53503} = {69F04BE2-6859-45BB-97E7-E5ACDEE53503}
		{6F5355A3-F57F-4BE4-9EDF-8F0953062931} = {6F5355A3-F57F-4BE4-9EDF-8F0953062931}
		{6FD48F14-8D60-4BB0-8DC9-72E4A4D43DFF} = {6FD48F14-8D60-4BB0-8DC9-72E4A4D43DFF}
		{757C723A-C1BA-4432-9127-79E5940F8969} = {757C723A-C1BA-4432-9127-79E5940F8969}
		{83FA6862-73F2-4305-9B7C-2DF849D80C36} = {83FA6862-73F2-4305-9B7C-2DF849D80C36}
		{85A4B5C1-1248-4DE2-AE97-B96B6FA3AE09} = {85A4B5C1-1248-4DE2-AE97-B96B6FA3AE09}
		{882747A5-5B57-4AD9-B209-D1F03A657DB9} = {882747A5-5B57-4AD9-B209-D1F03A657DB9}
		{8AC32C1E-2C20-4ECE-8480-700E28C3E43D} = {8AC32C1E-2C20-4ECE-8480-700E28C3E43D}
		{8F7EBBC3-B22F-43AC-978E-2CD8AD7C02CF} = {8F7EBBC3-B22F-43AC-978E-2CD8AD7C02CF}
		{946BAE37-C765-47A9-AE4D-3100D115E5C0} = {946BAE37-C765-47A9-AE4D-3100D115E5C0}
		{96FAB968-BFE7-4A47-83AC-9A49AACBA977} = {96FAB968-BFE7-4A47-83AC-9A49AACBA977}
		{9E5D7614-414C-427E-83A9-2A723409F45D} = {9E5D7614-414C-427E-83A9-2A723409F45D}
		{A7CDAC1B-5CA6-4A35-99B7-10144D586B32} = {A7CDAC1B-5CA6-4A35-99B7-10144D586B32}
		{ABA2F56E-4CF6-4DB7-9168-03515AD25AE3} = {ABA2F56E-4CF6-4DB7-9168-03515AD25AE3}
		{ABA30329-4619-4D2D-8606-68639419420B} = {ABA30329-4619-4D2D-8606-68639419420B}
		{B187563A-795B-4C70-A525-6470B88AD341} = {B187563A-795B-4C70-A525-6470B88AD341}
		{B1BA0266-10CF-46C8-B64E-CCBEBA8BE54A} = {B1BA0266-10CF-46C8-B64E-CCBEBA8BE54A}
		{B630545D-9A54-4D20-BDC5-B50212606E93} = {B630545D-9A54-4D20-BDC5-B50212606E93}
		{C07AF48C-AFE2-40FC-AFB5-E3E872F5CD7D} = {C07AF48C-AFE2-40FC-AFB5-E3E872F5CD7D}
		{C37AA470-FFF4-4A61-B240-F858CF1357C5} = {C37AA470-FFF4-4A61-B240-F858CF1357C5}
		{C3D78B19-80F7-4210-B848-A5AA2BF5D13F} = {C3D78B19-80F7-4210-B848-A5AA2BF5D13F}
		{C4F7465E-C9E7-4087-A99B-E5CDD6182FB5} = {C4F7465E-C9E7-4087-A99B-E5CDD6182FB5}
		{D2013833-D5F9-4C25-A0B3-9D7B2DFF9051} = {D2013833-D5F9-4C25-A0B3-9D7B2DFF9051}
		{D203693A-F862-4598-92F2-B91C3959EDE6} = {D203693A-F862-4598-92F2-B91C3959EDE6}
		{E28E36CD-A15F-4438-ADCA-40B26844592A} = {E28E36CD-A15F-4438-ADCA-40B26844592A}
		{E49FCAB4-88AB-47C3-BCD1-DCE4EFE203D2} = {E49FCAB4-88AB-47C3-BCD1-DCE4EFE203D2}
		{EDA8AF34-CC6C-47A6-87BF-FFE7D6DC878D} = {EDA8AF34-CC6C-47A6-87BF-FFE7D6DC878D}
		{F807B888-2B70-49BB-ACD8-0ACA3B168E25} = {F807B888-2B70-49BB-ACD8-0ACA3B168E25}
	EndProjectSection
EndProject
Project("{2150E333-8FDC-42A3-9474-1A3956D46DE8}") = "Applications", "Applications", "{F0F6F2CE-8AE8-49E1-8EE9-A44B451EFC29}"
EndProject
Project("{9A19103F-16F7-4668-BE54-9A1E7A4F7556}") = "CustomAttributesWebApi", "Applications\CustomAttributesWebApi\CustomAttributesWebApi.csproj", "{9E5D7614-414C-427E-83A9-2A723409F45D}"
EndProject
Project("{9A19103F-16F7-4668-BE54-9A1E7A4F7556}") = "HostedWebCore", "HostedWebCore\HostedWebCore.csproj", "{5CF71C91-EE5E-4F8D-8FEE-AE497A32BF8B}"
EndProject
Project("{FAE04EC0-301F-11D3-BF4B-00C04F79EFBC}") = "BasicMvcApplication", "Applications\BasicMvcApplication\BasicMvcApplication.csproj", "{599A1D30-4859-4714-8F10-52942E165B3C}"
EndProject
Project("{FAE04EC0-301F-11D3-BF4B-00C04F79EFBC}") = "BasicWebApplication", "Applications\BasicWebApplication\BasicWebApplication.csproj", "{ABA30329-4619-4D2D-8606-68639419420B}"
EndProject
Project("{FAE04EC0-301F-11D3-BF4B-00C04F79EFBC}") = "BasicWebService", "Applications\BasicWebService\BasicWebService.csproj", "{C4F7465E-C9E7-4087-A99B-E5CDD6182FB5}"
EndProject
Project("{9A19103F-16F7-4668-BE54-9A1E7A4F7556}") = "AgentApiExecutor", "Applications\AgentApiExecutor\AgentApiExecutor.csproj", "{B630545D-9A54-4D20-BDC5-B50212606E93}"
EndProject
Project("{9A19103F-16F7-4668-BE54-9A1E7A4F7556}") = "ApiAppNameChange", "Applications\ApiAppNameChange\ApiAppNameChange.csproj", "{6F5355A3-F57F-4BE4-9EDF-8F0953062931}"
EndProject
Project("{FAE04EC0-301F-11D3-BF4B-00C04F79EFBC}") = "BasicWebFormsApplication", "Applications\BasicWebFormsApplication\BasicWebFormsApplication.csproj", "{61C7C293-86E1-47E4-B947-9B17F94B126B}"
EndProject
Project("{9A19103F-16F7-4668-BE54-9A1E7A4F7556}") = "WcfAppIisHosted", "SharedApplications\WcfAppIisHosted\WcfAppIisHosted.csproj", "{07FC6D0B-0638-4B73-80D1-05E17EF89183}"
EndProject
Project("{9A19103F-16F7-4668-BE54-9A1E7A4F7556}") = "IntegrationTestHelpers", "IntegrationTestHelpers\IntegrationTestHelpers.csproj", "{9AABBBB0-32FC-4DA3-A38C-96A50A7ABAC1}"
EndProject
Project("{FAE04EC0-301F-11D3-BF4B-00C04F79EFBC}") = "BasicAspWebService", "Applications\BasicAspWebService\BasicAspWebService.csproj", "{E49FCAB4-88AB-47C3-BCD1-DCE4EFE203D2}"
EndProject
Project("{FAE04EC0-301F-11D3-BF4B-00C04F79EFBC}") = "OpenRastaWebApplication", "Applications\OpenRastaWebApplication\OpenRastaWebApplication.csproj", "{5CCC0395-51F8-41FB-ABAB-332C7F686F47}"
EndProject
Project("{9A19103F-16F7-4668-BE54-9A1E7A4F7556}") = "Shared", "Shared\Shared.csproj", "{F4B857C6-8458-41C7-9254-F9CE97BB473A}"
EndProject
Project("{9A19103F-16F7-4668-BE54-9A1E7A4F7556}") = "Owin3WebApi", "Applications\Owin3WebApi\Owin3WebApi.csproj", "{96FAB968-BFE7-4A47-83AC-9A49AACBA977}"
EndProject
Project("{FAE04EC0-301F-11D3-BF4B-00C04F79EFBC}") = "RejitMvcApplication", "Applications\RejitMvcApplication\RejitMvcApplication.csproj", "{2F2A1324-5D9C-4C66-91EC-D66F50DC4336}"
EndProject
Project("{9A19103F-16F7-4668-BE54-9A1E7A4F7556}") = "AspNetCoreMvcBasicRequestsApplication", "Applications\AspNetCoreMvcBasicRequestsApplication\AspNetCoreMvcBasicRequestsApplication.csproj", "{EDA8AF34-CC6C-47A6-87BF-FFE7D6DC878D}"
EndProject
Project("{9A19103F-16F7-4668-BE54-9A1E7A4F7556}") = "AspNetCoreWebApiCustomAttributesApplication", "Applications\AspNetCoreWebApiCustomAttributesApplication\AspNetCoreWebApiCustomAttributesApplication.csproj", "{E28E36CD-A15F-4438-ADCA-40B26844592A}"
EndProject
Project("{FAE04EC0-301F-11D3-BF4B-00C04F79EFBC}") = "OwinRemotingClient", "Applications\OwinRemotingClient\OwinRemotingClient.csproj", "{C07AF48C-AFE2-40FC-AFB5-E3E872F5CD7D}"
EndProject
Project("{FAE04EC0-301F-11D3-BF4B-00C04F79EFBC}") = "OwinRemotingServer", "Applications\OwinRemotingServer\OwinRemotingServer.csproj", "{D203693A-F862-4598-92F2-B91C3959EDE6}"
EndProject
Project("{9A19103F-16F7-4668-BE54-9A1E7A4F7556}") = "AspNetCoreMvcAsyncApplication", "Applications\AspNetCoreMvcAsyncApplication\AspNetCoreMvcAsyncApplication.csproj", "{757C723A-C1BA-4432-9127-79E5940F8969}"
EndProject
Project("{9A19103F-16F7-4668-BE54-9A1E7A4F7556}") = "NetCoreAsyncApplication", "Applications\NetCoreAsyncApplication\NetCoreAsyncApplication.csproj", "{B1BA0266-10CF-46C8-B64E-CCBEBA8BE54A}"
EndProject
Project("{9A19103F-16F7-4668-BE54-9A1E7A4F7556}") = "Owin2WebApi", "Applications\Owin2WebApi\Owin2WebApi.csproj", "{A7CDAC1B-5CA6-4A35-99B7-10144D586B32}"
EndProject
Project("{FAE04EC0-301F-11D3-BF4B-00C04F79EFBC}") = "ConsoleAsyncApplication", "Applications\ConsoleAsyncApplication\ConsoleAsyncApplication.csproj", "{946BAE37-C765-47A9-AE4D-3100D115E5C0}"
EndProject
Project("{9A19103F-16F7-4668-BE54-9A1E7A4F7556}") = "MockNewRelic", "Applications\MockNewRelic\MockNewRelic.csproj", "{38F3B035-E712-43EB-A419-5176240A06EA}"
EndProject
Project("{9A19103F-16F7-4668-BE54-9A1E7A4F7556}") = "Models", "Models\Models.csproj", "{99DA3AEA-A9F4-4E7B-9B54-D098A1C7E5DE}"
EndProject
Project("{9A19103F-16F7-4668-BE54-9A1E7A4F7556}") = "AspNetCoreMvcFrameworkApplication", "Applications\AspNetCoreMvcFrameworkApplication\AspNetCoreMvcFrameworkApplication.csproj", "{ABA2F56E-4CF6-4DB7-9168-03515AD25AE3}"
EndProject
Project("{9A19103F-16F7-4668-BE54-9A1E7A4F7556}") = "AspNetCoreMvcFrameworkAsyncApplication", "Applications\AspNetCoreMvcFrameworkAsyncApplication\AspNetCoreMvcFrameworkAsyncApplication.csproj", "{F807B888-2B70-49BB-ACD8-0ACA3B168E25}"
EndProject
Project("{FAE04EC0-301F-11D3-BF4B-00C04F79EFBC}") = "WebApiAsyncApplication", "Applications\WebApiAsyncApplication\WebApiAsyncApplication.csproj", "{0BD4D452-1466-43E0-BFE9-8B15B53BB11E}"
EndProject
Project("{FAE04EC0-301F-11D3-BF4B-00C04F79EFBC}") = "ServiceStackApplication", "Applications\ServiceStackApplication\ServiceStackApplication.csproj", "{4389B305-B381-4B50-B1A8-BBB5259A0524}"
EndProject
Project("{FAE04EC0-301F-11D3-BF4B-00C04F79EFBC}") = "MvcAsyncApplication", "Applications\MvcAsyncApplication\MvcAsyncApplication.csproj", "{D2013833-D5F9-4C25-A0B3-9D7B2DFF9051}"
EndProject
Project("{9A19103F-16F7-4668-BE54-9A1E7A4F7556}") = "AspNetCoreMvcRejitApplication", "Applications\AspNetCoreMvcRejitApplication\AspNetCoreMvcRejitApplication.csproj", "{1B7BED7D-156F-4789-ABAA-AC5D982F57DE}"
EndProject
Project("{9A19103F-16F7-4668-BE54-9A1E7A4F7556}") = "AspNetCoreDistTracingApplication", "Applications\AspNetCoreDistTracingApplication\AspNetCoreDistTracingApplication.csproj", "{5D0D06CC-B17B-491E-9478-A920F964B960}"
EndProject
Project("{FAE04EC0-301F-11D3-BF4B-00C04F79EFBC}") = "ThreadProfileStressTest", "Applications\ThreadProfileStressTest\ThreadProfileStressTest.csproj", "{26992998-C56A-4A9C-BB4C-2557E74084E0}"
EndProject
Project("{9A19103F-16F7-4668-BE54-9A1E7A4F7556}") = "SerilogSumologicApplication", "Applications\SerilogSumologicApplication\SerilogSumologicApplication.csproj", "{4E1D6B15-DB8F-40D6-B673-8A7ADA094594}"
EndProject
Project("{9A19103F-16F7-4668-BE54-9A1E7A4F7556}") = "DistributedTracingApiApplication", "Applications\DistributedTracingApiApplication\DistributedTracingApiApplication.csproj", "{2ADAC860-2D99-4256-A848-663BB7E98CB7}"
EndProject
Project("{9A19103F-16F7-4668-BE54-9A1E7A4F7556}") = "Owin4WebApi", "Applications\Owin4WebApi\Owin4WebApi.csproj", "{83FA6862-73F2-4305-9B7C-2DF849D80C36}"
EndProject
Project("{9A19103F-16F7-4668-BE54-9A1E7A4F7556}") = "NewRelic.Testing.Assertions", "..\NewRelic.Testing.Assertions\NewRelic.Testing.Assertions.csproj", "{2A932B62-8787-4963-8D53-F83BF6ACBB5C}"
EndProject
Project("{FAE04EC0-301F-11D3-BF4B-00C04F79EFBC}") = "ConsoleInstrumentationLoader", "Applications\ConsoleInstrumentationLoader\ConsoleInstrumentationLoader.csproj", "{C3D78B19-80F7-4210-B848-A5AA2BF5D13F}"
EndProject
Project("{2150E333-8FDC-42A3-9474-1A3956D46DE8}") = "ApplicationHelpers", "ApplicationHelpers", "{CB5B7DCD-F949-4435-BC39-C34F4F3D2009}"
	ProjectSection(SolutionItems) = preProject
		ApplicationHelperLibraries\readme.md = ApplicationHelperLibraries\readme.md
	EndProjectSection
EndProject
Project("{FAE04EC0-301F-11D3-BF4B-00C04F79EFBC}") = "ConsoleOtherTransactionWrapperApplication", "Applications\ConsoleOtherTransactionWrapperApplication\ConsoleOtherTransactionWrapperApplication.csproj", "{5EF05574-5A01-404B-92B0-728A46577FDC}"
EndProject
Project("{9A19103F-16F7-4668-BE54-9A1E7A4F7556}") = "ConsoleMultiFunctionApplicationFW", "SharedApplications\ConsoleMultiFunctionApplicationFW\ConsoleMultiFunctionApplicationFW.csproj", "{C37AA470-FFF4-4A61-B240-F858CF1357C5}"
EndProject
Project("{9A19103F-16F7-4668-BE54-9A1E7A4F7556}") = "ConsoleMultiFunctionApplicationCore", "SharedApplications\ConsoleMultiFunctionApplicationCore\ConsoleMultiFunctionApplicationCore.csproj", "{4213F281-732C-4447-B347-1C46E3609986}"
EndProject
Project("{9A19103F-16F7-4668-BE54-9A1E7A4F7556}") = "MultiFunctionApplicationHelpers", "SharedApplications\Common\MultiFunctionApplicationHelpers\MultiFunctionApplicationHelpers.csproj", "{882747A5-5B57-4AD9-B209-D1F03A657DB9}"
	ProjectSection(ProjectDependencies) = postProject
		{B187563A-795B-4C70-A525-6470B88AD341} = {B187563A-795B-4C70-A525-6470B88AD341}
	EndProjectSection
EndProject
Project("{9A19103F-16F7-4668-BE54-9A1E7A4F7556}") = "AspNetCoreMvcCoreFrameworkApplication", "Applications\AspNetCoreMvcCoreFrameworkApplication\AspNetCoreMvcCoreFrameworkApplication.csproj", "{63EC546C-650D-4CF4-94C4-A350D1D491FD}"
EndProject
Project("{9A19103F-16F7-4668-BE54-9A1E7A4F7556}") = "NetCore3Collectible", "ApplicationHelperLibraries\NetCore3Collectible\NetCore3Collectible.csproj", "{1F9D5857-EEE4-48FC-B101-2ADFFC88EA4A}"
EndProject
Project("{9A19103F-16F7-4668-BE54-9A1E7A4F7556}") = "ConsoleInstrumentationLoaderCore", "Applications\ConsoleInstrumentationLoaderCore\ConsoleInstrumentationLoaderCore.csproj", "{8AC32C1E-2C20-4ECE-8480-700E28C3E43D}"
EndProject
Project("{9A19103F-16F7-4668-BE54-9A1E7A4F7556}") = "NetStandardTestLibrary", "SharedApplications\Common\NetStandardTestLibrary\NetStandardTestLibrary.csproj", "{6FD48F14-8D60-4BB0-8DC9-72E4A4D43DFF}"
EndProject
Project("{2150E333-8FDC-42A3-9474-1A3956D46DE8}") = "SharedApplications", "SharedApplications", "{AD5B3EF6-1222-46B1-8FD4-6084FF75FA30}"
EndProject
Project("{2150E333-8FDC-42A3-9474-1A3956D46DE8}") = "Common", "Common", "{30CF078E-E531-441E-83AB-24AB9B1C179F}"
EndProject
Project("{9A19103F-16F7-4668-BE54-9A1E7A4F7556}") = "ApplicationLifecycle", "ApplicationHelperLibraries\ApplicationLifecycle\ApplicationLifecycle.csproj", "{3C182E17-0085-4B30-8AA9-B229ABED7A39}"
EndProject
Project("{9A19103F-16F7-4668-BE54-9A1E7A4F7556}") = "NewRelic.Api.Agent", "..\..\..\src\Agent\NewRelic.Api.Agent\NewRelic.Api.Agent.csproj", "{B187563A-795B-4C70-A525-6470B88AD341}"
EndProject
Project("{9A19103F-16F7-4668-BE54-9A1E7A4F7556}") = "AspNetCoreFeatures", "Applications\AspNetCoreFeatures\AspNetCoreFeatures.csproj", "{01291327-B0E8-4EAB-929B-D6B796BF1D7C}"
EndProject
Project("{9A19103F-16F7-4668-BE54-9A1E7A4F7556}") = "AspNetCoreBasicWebApiApplication", "Applications\AspNetCoreBasicWebApiApplication\AspNetCoreBasicWebApiApplication.csproj", "{69F04BE2-6859-45BB-97E7-E5ACDEE53503}"
EndProject
Project("{9A19103F-16F7-4668-BE54-9A1E7A4F7556}") = "SharedApplicationHelpers", "SharedApplications\Common\SharedApplicationHelpers\SharedApplicationHelpers.csproj", "{85A4B5C1-1248-4DE2-AE97-B96B6FA3AE09}"
EndProject
Project("{9A19103F-16F7-4668-BE54-9A1E7A4F7556}") = "BasicAspNetCoreRazorApplication", "Applications\BasicAspNetCoreRazorApplication\BasicAspNetCoreRazorApplication.csproj", "{8F7EBBC3-B22F-43AC-978E-2CD8AD7C02CF}"
EndProject
Project("{9A19103F-16F7-4668-BE54-9A1E7A4F7556}") = "ConsoleInstrumentationStartup", "Applications\ConsoleInstrumentationStartup\ConsoleInstrumentationStartup.csproj", "{31DB04AF-2ED3-4379-98D7-7D02F38864F9}"
EndProject
Project("{9A19103F-16F7-4668-BE54-9A1E7A4F7556}") = "LambdaSelfExecutingAssembly", "Applications\LambdaSelfExecutingAssembly\LambdaSelfExecutingAssembly.csproj", "{472F6F9A-97E9-4DC3-9D70-AE79A20FA240}"
EndProject
Project("{9A19103F-16F7-4668-BE54-9A1E7A4F7556}") = "TestSerializationHelpers", "..\Shared\TestSerializationHelpers\TestSerializationHelpers.csproj", "{6E4EA2C1-07CC-4B7A-8713-1B22FEB3FAAD}"
EndProject
Project("{9A19103F-16F7-4668-BE54-9A1E7A4F7556}") = "TestSerializationHelpers.Test", "..\Shared\TestSerializationHelpers.Test\TestSerializationHelpers.Test.csproj", "{D33E155E-C7EC-49F1-AA24-B293A74F472D}"
EndProject
Global
	GlobalSection(SolutionConfigurationPlatforms) = preSolution
		Debug|Any CPU = Debug|Any CPU
		Release|Any CPU = Release|Any CPU
	EndGlobalSection
	GlobalSection(ProjectConfigurationPlatforms) = postSolution
		{EE939277-76B4-4099-B3D6-300C8D70F3C1}.Debug|Any CPU.ActiveCfg = Debug|Any CPU
		{EE939277-76B4-4099-B3D6-300C8D70F3C1}.Debug|Any CPU.Build.0 = Debug|Any CPU
		{EE939277-76B4-4099-B3D6-300C8D70F3C1}.Release|Any CPU.ActiveCfg = Release|Any CPU
		{EE939277-76B4-4099-B3D6-300C8D70F3C1}.Release|Any CPU.Build.0 = Release|Any CPU
		{9E5D7614-414C-427E-83A9-2A723409F45D}.Debug|Any CPU.ActiveCfg = Debug|Any CPU
		{9E5D7614-414C-427E-83A9-2A723409F45D}.Debug|Any CPU.Build.0 = Debug|Any CPU
		{9E5D7614-414C-427E-83A9-2A723409F45D}.Release|Any CPU.ActiveCfg = Release|Any CPU
		{9E5D7614-414C-427E-83A9-2A723409F45D}.Release|Any CPU.Build.0 = Release|Any CPU
		{5CF71C91-EE5E-4F8D-8FEE-AE497A32BF8B}.Debug|Any CPU.ActiveCfg = Debug|Any CPU
		{5CF71C91-EE5E-4F8D-8FEE-AE497A32BF8B}.Debug|Any CPU.Build.0 = Debug|Any CPU
		{5CF71C91-EE5E-4F8D-8FEE-AE497A32BF8B}.Release|Any CPU.ActiveCfg = Release|Any CPU
		{5CF71C91-EE5E-4F8D-8FEE-AE497A32BF8B}.Release|Any CPU.Build.0 = Release|Any CPU
		{599A1D30-4859-4714-8F10-52942E165B3C}.Debug|Any CPU.ActiveCfg = Debug|Any CPU
		{599A1D30-4859-4714-8F10-52942E165B3C}.Debug|Any CPU.Build.0 = Debug|Any CPU
		{599A1D30-4859-4714-8F10-52942E165B3C}.Release|Any CPU.ActiveCfg = Release|Any CPU
		{599A1D30-4859-4714-8F10-52942E165B3C}.Release|Any CPU.Build.0 = Release|Any CPU
		{ABA30329-4619-4D2D-8606-68639419420B}.Debug|Any CPU.ActiveCfg = Debug|Any CPU
		{ABA30329-4619-4D2D-8606-68639419420B}.Debug|Any CPU.Build.0 = Debug|Any CPU
		{ABA30329-4619-4D2D-8606-68639419420B}.Release|Any CPU.ActiveCfg = Release|Any CPU
		{ABA30329-4619-4D2D-8606-68639419420B}.Release|Any CPU.Build.0 = Release|Any CPU
		{C4F7465E-C9E7-4087-A99B-E5CDD6182FB5}.Debug|Any CPU.ActiveCfg = Debug|Any CPU
		{C4F7465E-C9E7-4087-A99B-E5CDD6182FB5}.Debug|Any CPU.Build.0 = Debug|Any CPU
		{C4F7465E-C9E7-4087-A99B-E5CDD6182FB5}.Release|Any CPU.ActiveCfg = Release|Any CPU
		{C4F7465E-C9E7-4087-A99B-E5CDD6182FB5}.Release|Any CPU.Build.0 = Release|Any CPU
		{B630545D-9A54-4D20-BDC5-B50212606E93}.Debug|Any CPU.ActiveCfg = Debug|Any CPU
		{B630545D-9A54-4D20-BDC5-B50212606E93}.Debug|Any CPU.Build.0 = Debug|Any CPU
		{B630545D-9A54-4D20-BDC5-B50212606E93}.Release|Any CPU.ActiveCfg = Release|Any CPU
		{B630545D-9A54-4D20-BDC5-B50212606E93}.Release|Any CPU.Build.0 = Release|Any CPU
		{6F5355A3-F57F-4BE4-9EDF-8F0953062931}.Debug|Any CPU.ActiveCfg = Debug|Any CPU
		{6F5355A3-F57F-4BE4-9EDF-8F0953062931}.Debug|Any CPU.Build.0 = Debug|Any CPU
		{6F5355A3-F57F-4BE4-9EDF-8F0953062931}.Release|Any CPU.ActiveCfg = Release|Any CPU
		{6F5355A3-F57F-4BE4-9EDF-8F0953062931}.Release|Any CPU.Build.0 = Release|Any CPU
		{61C7C293-86E1-47E4-B947-9B17F94B126B}.Debug|Any CPU.ActiveCfg = Debug|Any CPU
		{61C7C293-86E1-47E4-B947-9B17F94B126B}.Debug|Any CPU.Build.0 = Debug|Any CPU
		{61C7C293-86E1-47E4-B947-9B17F94B126B}.Release|Any CPU.ActiveCfg = Release|Any CPU
		{61C7C293-86E1-47E4-B947-9B17F94B126B}.Release|Any CPU.Build.0 = Release|Any CPU
		{07FC6D0B-0638-4B73-80D1-05E17EF89183}.Debug|Any CPU.ActiveCfg = Debug|Any CPU
		{07FC6D0B-0638-4B73-80D1-05E17EF89183}.Debug|Any CPU.Build.0 = Debug|Any CPU
		{07FC6D0B-0638-4B73-80D1-05E17EF89183}.Release|Any CPU.ActiveCfg = Release|Any CPU
		{07FC6D0B-0638-4B73-80D1-05E17EF89183}.Release|Any CPU.Build.0 = Release|Any CPU
		{9AABBBB0-32FC-4DA3-A38C-96A50A7ABAC1}.Debug|Any CPU.ActiveCfg = Debug|Any CPU
		{9AABBBB0-32FC-4DA3-A38C-96A50A7ABAC1}.Debug|Any CPU.Build.0 = Debug|Any CPU
		{9AABBBB0-32FC-4DA3-A38C-96A50A7ABAC1}.Release|Any CPU.ActiveCfg = Release|Any CPU
		{9AABBBB0-32FC-4DA3-A38C-96A50A7ABAC1}.Release|Any CPU.Build.0 = Release|Any CPU
		{E49FCAB4-88AB-47C3-BCD1-DCE4EFE203D2}.Debug|Any CPU.ActiveCfg = Debug|Any CPU
		{E49FCAB4-88AB-47C3-BCD1-DCE4EFE203D2}.Debug|Any CPU.Build.0 = Debug|Any CPU
		{E49FCAB4-88AB-47C3-BCD1-DCE4EFE203D2}.Release|Any CPU.ActiveCfg = Release|Any CPU
		{E49FCAB4-88AB-47C3-BCD1-DCE4EFE203D2}.Release|Any CPU.Build.0 = Release|Any CPU
		{5CCC0395-51F8-41FB-ABAB-332C7F686F47}.Debug|Any CPU.ActiveCfg = Debug|Any CPU
		{5CCC0395-51F8-41FB-ABAB-332C7F686F47}.Debug|Any CPU.Build.0 = Debug|Any CPU
		{5CCC0395-51F8-41FB-ABAB-332C7F686F47}.Release|Any CPU.ActiveCfg = Release|Any CPU
		{5CCC0395-51F8-41FB-ABAB-332C7F686F47}.Release|Any CPU.Build.0 = Release|Any CPU
		{F4B857C6-8458-41C7-9254-F9CE97BB473A}.Debug|Any CPU.ActiveCfg = Debug|Any CPU
		{F4B857C6-8458-41C7-9254-F9CE97BB473A}.Debug|Any CPU.Build.0 = Debug|Any CPU
		{F4B857C6-8458-41C7-9254-F9CE97BB473A}.Release|Any CPU.ActiveCfg = Release|Any CPU
		{F4B857C6-8458-41C7-9254-F9CE97BB473A}.Release|Any CPU.Build.0 = Release|Any CPU
		{96FAB968-BFE7-4A47-83AC-9A49AACBA977}.Debug|Any CPU.ActiveCfg = Debug|Any CPU
		{96FAB968-BFE7-4A47-83AC-9A49AACBA977}.Debug|Any CPU.Build.0 = Debug|Any CPU
		{96FAB968-BFE7-4A47-83AC-9A49AACBA977}.Release|Any CPU.ActiveCfg = Release|Any CPU
		{96FAB968-BFE7-4A47-83AC-9A49AACBA977}.Release|Any CPU.Build.0 = Release|Any CPU
		{2F2A1324-5D9C-4C66-91EC-D66F50DC4336}.Debug|Any CPU.ActiveCfg = Debug|Any CPU
		{2F2A1324-5D9C-4C66-91EC-D66F50DC4336}.Debug|Any CPU.Build.0 = Debug|Any CPU
		{2F2A1324-5D9C-4C66-91EC-D66F50DC4336}.Release|Any CPU.ActiveCfg = Release|Any CPU
		{2F2A1324-5D9C-4C66-91EC-D66F50DC4336}.Release|Any CPU.Build.0 = Release|Any CPU
		{EDA8AF34-CC6C-47A6-87BF-FFE7D6DC878D}.Debug|Any CPU.ActiveCfg = Debug|Any CPU
		{EDA8AF34-CC6C-47A6-87BF-FFE7D6DC878D}.Debug|Any CPU.Build.0 = Debug|Any CPU
		{EDA8AF34-CC6C-47A6-87BF-FFE7D6DC878D}.Release|Any CPU.ActiveCfg = Release|Any CPU
		{EDA8AF34-CC6C-47A6-87BF-FFE7D6DC878D}.Release|Any CPU.Build.0 = Release|Any CPU
		{E28E36CD-A15F-4438-ADCA-40B26844592A}.Debug|Any CPU.ActiveCfg = Debug|Any CPU
		{E28E36CD-A15F-4438-ADCA-40B26844592A}.Debug|Any CPU.Build.0 = Debug|Any CPU
		{E28E36CD-A15F-4438-ADCA-40B26844592A}.Release|Any CPU.ActiveCfg = Release|Any CPU
		{E28E36CD-A15F-4438-ADCA-40B26844592A}.Release|Any CPU.Build.0 = Release|Any CPU
		{C07AF48C-AFE2-40FC-AFB5-E3E872F5CD7D}.Debug|Any CPU.ActiveCfg = Debug|Any CPU
		{C07AF48C-AFE2-40FC-AFB5-E3E872F5CD7D}.Debug|Any CPU.Build.0 = Debug|Any CPU
		{C07AF48C-AFE2-40FC-AFB5-E3E872F5CD7D}.Release|Any CPU.ActiveCfg = Release|Any CPU
		{C07AF48C-AFE2-40FC-AFB5-E3E872F5CD7D}.Release|Any CPU.Build.0 = Release|Any CPU
		{D203693A-F862-4598-92F2-B91C3959EDE6}.Debug|Any CPU.ActiveCfg = Debug|Any CPU
		{D203693A-F862-4598-92F2-B91C3959EDE6}.Debug|Any CPU.Build.0 = Debug|Any CPU
		{D203693A-F862-4598-92F2-B91C3959EDE6}.Release|Any CPU.ActiveCfg = Release|Any CPU
		{D203693A-F862-4598-92F2-B91C3959EDE6}.Release|Any CPU.Build.0 = Release|Any CPU
		{757C723A-C1BA-4432-9127-79E5940F8969}.Debug|Any CPU.ActiveCfg = Debug|Any CPU
		{757C723A-C1BA-4432-9127-79E5940F8969}.Debug|Any CPU.Build.0 = Debug|Any CPU
		{757C723A-C1BA-4432-9127-79E5940F8969}.Release|Any CPU.ActiveCfg = Release|Any CPU
		{757C723A-C1BA-4432-9127-79E5940F8969}.Release|Any CPU.Build.0 = Release|Any CPU
		{B1BA0266-10CF-46C8-B64E-CCBEBA8BE54A}.Debug|Any CPU.ActiveCfg = Debug|Any CPU
		{B1BA0266-10CF-46C8-B64E-CCBEBA8BE54A}.Debug|Any CPU.Build.0 = Debug|Any CPU
		{B1BA0266-10CF-46C8-B64E-CCBEBA8BE54A}.Release|Any CPU.ActiveCfg = Release|Any CPU
		{B1BA0266-10CF-46C8-B64E-CCBEBA8BE54A}.Release|Any CPU.Build.0 = Release|Any CPU
		{A7CDAC1B-5CA6-4A35-99B7-10144D586B32}.Debug|Any CPU.ActiveCfg = Debug|Any CPU
		{A7CDAC1B-5CA6-4A35-99B7-10144D586B32}.Debug|Any CPU.Build.0 = Debug|Any CPU
		{A7CDAC1B-5CA6-4A35-99B7-10144D586B32}.Release|Any CPU.ActiveCfg = Release|Any CPU
		{A7CDAC1B-5CA6-4A35-99B7-10144D586B32}.Release|Any CPU.Build.0 = Release|Any CPU
		{946BAE37-C765-47A9-AE4D-3100D115E5C0}.Debug|Any CPU.ActiveCfg = Debug|Any CPU
		{946BAE37-C765-47A9-AE4D-3100D115E5C0}.Debug|Any CPU.Build.0 = Debug|Any CPU
		{946BAE37-C765-47A9-AE4D-3100D115E5C0}.Release|Any CPU.ActiveCfg = Release|Any CPU
		{946BAE37-C765-47A9-AE4D-3100D115E5C0}.Release|Any CPU.Build.0 = Release|Any CPU
		{38F3B035-E712-43EB-A419-5176240A06EA}.Debug|Any CPU.ActiveCfg = Debug|Any CPU
		{38F3B035-E712-43EB-A419-5176240A06EA}.Debug|Any CPU.Build.0 = Debug|Any CPU
		{38F3B035-E712-43EB-A419-5176240A06EA}.Release|Any CPU.ActiveCfg = Release|Any CPU
		{38F3B035-E712-43EB-A419-5176240A06EA}.Release|Any CPU.Build.0 = Release|Any CPU
		{99DA3AEA-A9F4-4E7B-9B54-D098A1C7E5DE}.Debug|Any CPU.ActiveCfg = Debug|Any CPU
		{99DA3AEA-A9F4-4E7B-9B54-D098A1C7E5DE}.Debug|Any CPU.Build.0 = Debug|Any CPU
		{99DA3AEA-A9F4-4E7B-9B54-D098A1C7E5DE}.Release|Any CPU.ActiveCfg = Release|Any CPU
		{99DA3AEA-A9F4-4E7B-9B54-D098A1C7E5DE}.Release|Any CPU.Build.0 = Release|Any CPU
		{ABA2F56E-4CF6-4DB7-9168-03515AD25AE3}.Debug|Any CPU.ActiveCfg = Debug|Any CPU
		{ABA2F56E-4CF6-4DB7-9168-03515AD25AE3}.Debug|Any CPU.Build.0 = Debug|Any CPU
		{ABA2F56E-4CF6-4DB7-9168-03515AD25AE3}.Release|Any CPU.ActiveCfg = Release|Any CPU
		{ABA2F56E-4CF6-4DB7-9168-03515AD25AE3}.Release|Any CPU.Build.0 = Release|Any CPU
		{F807B888-2B70-49BB-ACD8-0ACA3B168E25}.Debug|Any CPU.ActiveCfg = Debug|Any CPU
		{F807B888-2B70-49BB-ACD8-0ACA3B168E25}.Debug|Any CPU.Build.0 = Debug|Any CPU
		{F807B888-2B70-49BB-ACD8-0ACA3B168E25}.Release|Any CPU.ActiveCfg = Release|Any CPU
		{F807B888-2B70-49BB-ACD8-0ACA3B168E25}.Release|Any CPU.Build.0 = Release|Any CPU
		{0BD4D452-1466-43E0-BFE9-8B15B53BB11E}.Debug|Any CPU.ActiveCfg = Debug|Any CPU
		{0BD4D452-1466-43E0-BFE9-8B15B53BB11E}.Debug|Any CPU.Build.0 = Debug|Any CPU
		{0BD4D452-1466-43E0-BFE9-8B15B53BB11E}.Release|Any CPU.ActiveCfg = Release|Any CPU
		{0BD4D452-1466-43E0-BFE9-8B15B53BB11E}.Release|Any CPU.Build.0 = Release|Any CPU
		{4389B305-B381-4B50-B1A8-BBB5259A0524}.Debug|Any CPU.ActiveCfg = Debug|Any CPU
		{4389B305-B381-4B50-B1A8-BBB5259A0524}.Debug|Any CPU.Build.0 = Debug|Any CPU
		{4389B305-B381-4B50-B1A8-BBB5259A0524}.Release|Any CPU.ActiveCfg = Release|Any CPU
		{4389B305-B381-4B50-B1A8-BBB5259A0524}.Release|Any CPU.Build.0 = Release|Any CPU
		{D2013833-D5F9-4C25-A0B3-9D7B2DFF9051}.Debug|Any CPU.ActiveCfg = Debug|Any CPU
		{D2013833-D5F9-4C25-A0B3-9D7B2DFF9051}.Debug|Any CPU.Build.0 = Debug|Any CPU
		{D2013833-D5F9-4C25-A0B3-9D7B2DFF9051}.Release|Any CPU.ActiveCfg = Release|Any CPU
		{D2013833-D5F9-4C25-A0B3-9D7B2DFF9051}.Release|Any CPU.Build.0 = Release|Any CPU
		{1B7BED7D-156F-4789-ABAA-AC5D982F57DE}.Debug|Any CPU.ActiveCfg = Debug|Any CPU
		{1B7BED7D-156F-4789-ABAA-AC5D982F57DE}.Debug|Any CPU.Build.0 = Debug|Any CPU
		{1B7BED7D-156F-4789-ABAA-AC5D982F57DE}.Release|Any CPU.ActiveCfg = Release|Any CPU
		{1B7BED7D-156F-4789-ABAA-AC5D982F57DE}.Release|Any CPU.Build.0 = Release|Any CPU
		{5D0D06CC-B17B-491E-9478-A920F964B960}.Debug|Any CPU.ActiveCfg = Debug|Any CPU
		{5D0D06CC-B17B-491E-9478-A920F964B960}.Debug|Any CPU.Build.0 = Debug|Any CPU
		{5D0D06CC-B17B-491E-9478-A920F964B960}.Release|Any CPU.ActiveCfg = Release|Any CPU
		{5D0D06CC-B17B-491E-9478-A920F964B960}.Release|Any CPU.Build.0 = Release|Any CPU
		{26992998-C56A-4A9C-BB4C-2557E74084E0}.Debug|Any CPU.ActiveCfg = Debug|Any CPU
		{26992998-C56A-4A9C-BB4C-2557E74084E0}.Debug|Any CPU.Build.0 = Debug|Any CPU
		{26992998-C56A-4A9C-BB4C-2557E74084E0}.Release|Any CPU.ActiveCfg = Release|Any CPU
		{26992998-C56A-4A9C-BB4C-2557E74084E0}.Release|Any CPU.Build.0 = Release|Any CPU
		{4E1D6B15-DB8F-40D6-B673-8A7ADA094594}.Debug|Any CPU.ActiveCfg = Debug|Any CPU
		{4E1D6B15-DB8F-40D6-B673-8A7ADA094594}.Debug|Any CPU.Build.0 = Debug|Any CPU
		{4E1D6B15-DB8F-40D6-B673-8A7ADA094594}.Release|Any CPU.ActiveCfg = Release|Any CPU
		{4E1D6B15-DB8F-40D6-B673-8A7ADA094594}.Release|Any CPU.Build.0 = Release|Any CPU
		{2ADAC860-2D99-4256-A848-663BB7E98CB7}.Debug|Any CPU.ActiveCfg = Debug|Any CPU
		{2ADAC860-2D99-4256-A848-663BB7E98CB7}.Debug|Any CPU.Build.0 = Debug|Any CPU
		{2ADAC860-2D99-4256-A848-663BB7E98CB7}.Release|Any CPU.ActiveCfg = Release|Any CPU
		{2ADAC860-2D99-4256-A848-663BB7E98CB7}.Release|Any CPU.Build.0 = Release|Any CPU
		{83FA6862-73F2-4305-9B7C-2DF849D80C36}.Debug|Any CPU.ActiveCfg = Debug|Any CPU
		{83FA6862-73F2-4305-9B7C-2DF849D80C36}.Debug|Any CPU.Build.0 = Debug|Any CPU
		{83FA6862-73F2-4305-9B7C-2DF849D80C36}.Release|Any CPU.ActiveCfg = Release|Any CPU
		{83FA6862-73F2-4305-9B7C-2DF849D80C36}.Release|Any CPU.Build.0 = Release|Any CPU
		{2A932B62-8787-4963-8D53-F83BF6ACBB5C}.Debug|Any CPU.ActiveCfg = Debug|Any CPU
		{2A932B62-8787-4963-8D53-F83BF6ACBB5C}.Debug|Any CPU.Build.0 = Debug|Any CPU
		{2A932B62-8787-4963-8D53-F83BF6ACBB5C}.Release|Any CPU.ActiveCfg = Release|Any CPU
		{2A932B62-8787-4963-8D53-F83BF6ACBB5C}.Release|Any CPU.Build.0 = Release|Any CPU
		{C3D78B19-80F7-4210-B848-A5AA2BF5D13F}.Debug|Any CPU.ActiveCfg = Debug|Any CPU
		{C3D78B19-80F7-4210-B848-A5AA2BF5D13F}.Debug|Any CPU.Build.0 = Debug|Any CPU
		{C3D78B19-80F7-4210-B848-A5AA2BF5D13F}.Release|Any CPU.ActiveCfg = Release|Any CPU
		{C3D78B19-80F7-4210-B848-A5AA2BF5D13F}.Release|Any CPU.Build.0 = Release|Any CPU
		{5EF05574-5A01-404B-92B0-728A46577FDC}.Debug|Any CPU.ActiveCfg = Debug|Any CPU
		{5EF05574-5A01-404B-92B0-728A46577FDC}.Debug|Any CPU.Build.0 = Debug|Any CPU
		{5EF05574-5A01-404B-92B0-728A46577FDC}.Release|Any CPU.ActiveCfg = Release|Any CPU
		{5EF05574-5A01-404B-92B0-728A46577FDC}.Release|Any CPU.Build.0 = Release|Any CPU
		{C37AA470-FFF4-4A61-B240-F858CF1357C5}.Debug|Any CPU.ActiveCfg = Debug|Any CPU
		{C37AA470-FFF4-4A61-B240-F858CF1357C5}.Debug|Any CPU.Build.0 = Debug|Any CPU
		{C37AA470-FFF4-4A61-B240-F858CF1357C5}.Release|Any CPU.ActiveCfg = Release|Any CPU
		{C37AA470-FFF4-4A61-B240-F858CF1357C5}.Release|Any CPU.Build.0 = Release|Any CPU
		{4213F281-732C-4447-B347-1C46E3609986}.Debug|Any CPU.ActiveCfg = Debug|Any CPU
		{4213F281-732C-4447-B347-1C46E3609986}.Debug|Any CPU.Build.0 = Debug|Any CPU
		{4213F281-732C-4447-B347-1C46E3609986}.Release|Any CPU.ActiveCfg = Release|Any CPU
		{4213F281-732C-4447-B347-1C46E3609986}.Release|Any CPU.Build.0 = Release|Any CPU
		{882747A5-5B57-4AD9-B209-D1F03A657DB9}.Debug|Any CPU.ActiveCfg = Debug|Any CPU
		{882747A5-5B57-4AD9-B209-D1F03A657DB9}.Debug|Any CPU.Build.0 = Debug|Any CPU
		{882747A5-5B57-4AD9-B209-D1F03A657DB9}.Release|Any CPU.ActiveCfg = Release|Any CPU
		{882747A5-5B57-4AD9-B209-D1F03A657DB9}.Release|Any CPU.Build.0 = Release|Any CPU
		{63EC546C-650D-4CF4-94C4-A350D1D491FD}.Debug|Any CPU.ActiveCfg = Debug|Any CPU
		{63EC546C-650D-4CF4-94C4-A350D1D491FD}.Debug|Any CPU.Build.0 = Debug|Any CPU
		{63EC546C-650D-4CF4-94C4-A350D1D491FD}.Release|Any CPU.ActiveCfg = Release|Any CPU
		{63EC546C-650D-4CF4-94C4-A350D1D491FD}.Release|Any CPU.Build.0 = Release|Any CPU
		{1F9D5857-EEE4-48FC-B101-2ADFFC88EA4A}.Debug|Any CPU.ActiveCfg = Debug|Any CPU
		{1F9D5857-EEE4-48FC-B101-2ADFFC88EA4A}.Debug|Any CPU.Build.0 = Debug|Any CPU
		{1F9D5857-EEE4-48FC-B101-2ADFFC88EA4A}.Release|Any CPU.ActiveCfg = Release|Any CPU
		{1F9D5857-EEE4-48FC-B101-2ADFFC88EA4A}.Release|Any CPU.Build.0 = Release|Any CPU
		{8AC32C1E-2C20-4ECE-8480-700E28C3E43D}.Debug|Any CPU.ActiveCfg = Debug|Any CPU
		{8AC32C1E-2C20-4ECE-8480-700E28C3E43D}.Debug|Any CPU.Build.0 = Debug|Any CPU
		{8AC32C1E-2C20-4ECE-8480-700E28C3E43D}.Release|Any CPU.ActiveCfg = Release|Any CPU
		{8AC32C1E-2C20-4ECE-8480-700E28C3E43D}.Release|Any CPU.Build.0 = Release|Any CPU
		{6FD48F14-8D60-4BB0-8DC9-72E4A4D43DFF}.Debug|Any CPU.ActiveCfg = Debug|Any CPU
		{6FD48F14-8D60-4BB0-8DC9-72E4A4D43DFF}.Debug|Any CPU.Build.0 = Debug|Any CPU
		{6FD48F14-8D60-4BB0-8DC9-72E4A4D43DFF}.Release|Any CPU.ActiveCfg = Release|Any CPU
		{6FD48F14-8D60-4BB0-8DC9-72E4A4D43DFF}.Release|Any CPU.Build.0 = Release|Any CPU
		{3C182E17-0085-4B30-8AA9-B229ABED7A39}.Debug|Any CPU.ActiveCfg = Debug|Any CPU
		{3C182E17-0085-4B30-8AA9-B229ABED7A39}.Debug|Any CPU.Build.0 = Debug|Any CPU
		{3C182E17-0085-4B30-8AA9-B229ABED7A39}.Release|Any CPU.ActiveCfg = Release|Any CPU
		{3C182E17-0085-4B30-8AA9-B229ABED7A39}.Release|Any CPU.Build.0 = Release|Any CPU
		{B187563A-795B-4C70-A525-6470B88AD341}.Debug|Any CPU.ActiveCfg = Debug|Any CPU
		{B187563A-795B-4C70-A525-6470B88AD341}.Debug|Any CPU.Build.0 = Debug|Any CPU
		{B187563A-795B-4C70-A525-6470B88AD341}.Release|Any CPU.ActiveCfg = Release|Any CPU
		{B187563A-795B-4C70-A525-6470B88AD341}.Release|Any CPU.Build.0 = Release|Any CPU
		{01291327-B0E8-4EAB-929B-D6B796BF1D7C}.Debug|Any CPU.ActiveCfg = Debug|Any CPU
		{01291327-B0E8-4EAB-929B-D6B796BF1D7C}.Debug|Any CPU.Build.0 = Debug|Any CPU
		{01291327-B0E8-4EAB-929B-D6B796BF1D7C}.Release|Any CPU.ActiveCfg = Release|Any CPU
		{01291327-B0E8-4EAB-929B-D6B796BF1D7C}.Release|Any CPU.Build.0 = Release|Any CPU
		{69F04BE2-6859-45BB-97E7-E5ACDEE53503}.Debug|Any CPU.ActiveCfg = Debug|Any CPU
		{69F04BE2-6859-45BB-97E7-E5ACDEE53503}.Debug|Any CPU.Build.0 = Debug|Any CPU
		{69F04BE2-6859-45BB-97E7-E5ACDEE53503}.Release|Any CPU.ActiveCfg = Release|Any CPU
		{69F04BE2-6859-45BB-97E7-E5ACDEE53503}.Release|Any CPU.Build.0 = Release|Any CPU
		{85A4B5C1-1248-4DE2-AE97-B96B6FA3AE09}.Debug|Any CPU.ActiveCfg = Debug|Any CPU
		{85A4B5C1-1248-4DE2-AE97-B96B6FA3AE09}.Debug|Any CPU.Build.0 = Debug|Any CPU
		{85A4B5C1-1248-4DE2-AE97-B96B6FA3AE09}.Release|Any CPU.ActiveCfg = Release|Any CPU
		{85A4B5C1-1248-4DE2-AE97-B96B6FA3AE09}.Release|Any CPU.Build.0 = Release|Any CPU
		{8F7EBBC3-B22F-43AC-978E-2CD8AD7C02CF}.Debug|Any CPU.ActiveCfg = Debug|Any CPU
		{8F7EBBC3-B22F-43AC-978E-2CD8AD7C02CF}.Debug|Any CPU.Build.0 = Debug|Any CPU
		{8F7EBBC3-B22F-43AC-978E-2CD8AD7C02CF}.Release|Any CPU.ActiveCfg = Release|Any CPU
		{8F7EBBC3-B22F-43AC-978E-2CD8AD7C02CF}.Release|Any CPU.Build.0 = Release|Any CPU
		{31DB04AF-2ED3-4379-98D7-7D02F38864F9}.Debug|Any CPU.ActiveCfg = Debug|Any CPU
		{31DB04AF-2ED3-4379-98D7-7D02F38864F9}.Debug|Any CPU.Build.0 = Debug|Any CPU
		{31DB04AF-2ED3-4379-98D7-7D02F38864F9}.Release|Any CPU.ActiveCfg = Release|Any CPU
		{31DB04AF-2ED3-4379-98D7-7D02F38864F9}.Release|Any CPU.Build.0 = Release|Any CPU
		{472F6F9A-97E9-4DC3-9D70-AE79A20FA240}.Debug|Any CPU.ActiveCfg = Debug|Any CPU
		{472F6F9A-97E9-4DC3-9D70-AE79A20FA240}.Debug|Any CPU.Build.0 = Debug|Any CPU
		{472F6F9A-97E9-4DC3-9D70-AE79A20FA240}.Release|Any CPU.ActiveCfg = Release|Any CPU
		{472F6F9A-97E9-4DC3-9D70-AE79A20FA240}.Release|Any CPU.Build.0 = Release|Any CPU
		{6E4EA2C1-07CC-4B7A-8713-1B22FEB3FAAD}.Debug|Any CPU.ActiveCfg = Debug|Any CPU
		{6E4EA2C1-07CC-4B7A-8713-1B22FEB3FAAD}.Debug|Any CPU.Build.0 = Debug|Any CPU
		{6E4EA2C1-07CC-4B7A-8713-1B22FEB3FAAD}.Release|Any CPU.ActiveCfg = Release|Any CPU
		{6E4EA2C1-07CC-4B7A-8713-1B22FEB3FAAD}.Release|Any CPU.Build.0 = Release|Any CPU
		{D33E155E-C7EC-49F1-AA24-B293A74F472D}.Debug|Any CPU.ActiveCfg = Debug|Any CPU
		{D33E155E-C7EC-49F1-AA24-B293A74F472D}.Debug|Any CPU.Build.0 = Debug|Any CPU
		{D33E155E-C7EC-49F1-AA24-B293A74F472D}.Release|Any CPU.ActiveCfg = Release|Any CPU
		{D33E155E-C7EC-49F1-AA24-B293A74F472D}.Release|Any CPU.Build.0 = Release|Any CPU
	EndGlobalSection
	GlobalSection(SolutionProperties) = preSolution
		HideSolutionNode = FALSE
	EndGlobalSection
	GlobalSection(NestedProjects) = preSolution
		{9E5D7614-414C-427E-83A9-2A723409F45D} = {F0F6F2CE-8AE8-49E1-8EE9-A44B451EFC29}
		{599A1D30-4859-4714-8F10-52942E165B3C} = {F0F6F2CE-8AE8-49E1-8EE9-A44B451EFC29}
		{ABA30329-4619-4D2D-8606-68639419420B} = {F0F6F2CE-8AE8-49E1-8EE9-A44B451EFC29}
		{C4F7465E-C9E7-4087-A99B-E5CDD6182FB5} = {F0F6F2CE-8AE8-49E1-8EE9-A44B451EFC29}
		{B630545D-9A54-4D20-BDC5-B50212606E93} = {F0F6F2CE-8AE8-49E1-8EE9-A44B451EFC29}
		{6F5355A3-F57F-4BE4-9EDF-8F0953062931} = {F0F6F2CE-8AE8-49E1-8EE9-A44B451EFC29}
		{61C7C293-86E1-47E4-B947-9B17F94B126B} = {F0F6F2CE-8AE8-49E1-8EE9-A44B451EFC29}
		{07FC6D0B-0638-4B73-80D1-05E17EF89183} = {AD5B3EF6-1222-46B1-8FD4-6084FF75FA30}
		{E49FCAB4-88AB-47C3-BCD1-DCE4EFE203D2} = {F0F6F2CE-8AE8-49E1-8EE9-A44B451EFC29}
		{5CCC0395-51F8-41FB-ABAB-332C7F686F47} = {F0F6F2CE-8AE8-49E1-8EE9-A44B451EFC29}
		{96FAB968-BFE7-4A47-83AC-9A49AACBA977} = {F0F6F2CE-8AE8-49E1-8EE9-A44B451EFC29}
		{2F2A1324-5D9C-4C66-91EC-D66F50DC4336} = {F0F6F2CE-8AE8-49E1-8EE9-A44B451EFC29}
		{EDA8AF34-CC6C-47A6-87BF-FFE7D6DC878D} = {F0F6F2CE-8AE8-49E1-8EE9-A44B451EFC29}
		{E28E36CD-A15F-4438-ADCA-40B26844592A} = {F0F6F2CE-8AE8-49E1-8EE9-A44B451EFC29}
		{C07AF48C-AFE2-40FC-AFB5-E3E872F5CD7D} = {F0F6F2CE-8AE8-49E1-8EE9-A44B451EFC29}
		{D203693A-F862-4598-92F2-B91C3959EDE6} = {F0F6F2CE-8AE8-49E1-8EE9-A44B451EFC29}
		{757C723A-C1BA-4432-9127-79E5940F8969} = {F0F6F2CE-8AE8-49E1-8EE9-A44B451EFC29}
		{B1BA0266-10CF-46C8-B64E-CCBEBA8BE54A} = {F0F6F2CE-8AE8-49E1-8EE9-A44B451EFC29}
		{A7CDAC1B-5CA6-4A35-99B7-10144D586B32} = {F0F6F2CE-8AE8-49E1-8EE9-A44B451EFC29}
		{946BAE37-C765-47A9-AE4D-3100D115E5C0} = {F0F6F2CE-8AE8-49E1-8EE9-A44B451EFC29}
		{38F3B035-E712-43EB-A419-5176240A06EA} = {F0F6F2CE-8AE8-49E1-8EE9-A44B451EFC29}
		{ABA2F56E-4CF6-4DB7-9168-03515AD25AE3} = {F0F6F2CE-8AE8-49E1-8EE9-A44B451EFC29}
		{F807B888-2B70-49BB-ACD8-0ACA3B168E25} = {F0F6F2CE-8AE8-49E1-8EE9-A44B451EFC29}
		{0BD4D452-1466-43E0-BFE9-8B15B53BB11E} = {F0F6F2CE-8AE8-49E1-8EE9-A44B451EFC29}
		{4389B305-B381-4B50-B1A8-BBB5259A0524} = {F0F6F2CE-8AE8-49E1-8EE9-A44B451EFC29}
		{D2013833-D5F9-4C25-A0B3-9D7B2DFF9051} = {F0F6F2CE-8AE8-49E1-8EE9-A44B451EFC29}
		{1B7BED7D-156F-4789-ABAA-AC5D982F57DE} = {F0F6F2CE-8AE8-49E1-8EE9-A44B451EFC29}
		{5D0D06CC-B17B-491E-9478-A920F964B960} = {F0F6F2CE-8AE8-49E1-8EE9-A44B451EFC29}
		{26992998-C56A-4A9C-BB4C-2557E74084E0} = {F0F6F2CE-8AE8-49E1-8EE9-A44B451EFC29}
		{4E1D6B15-DB8F-40D6-B673-8A7ADA094594} = {F0F6F2CE-8AE8-49E1-8EE9-A44B451EFC29}
		{2ADAC860-2D99-4256-A848-663BB7E98CB7} = {F0F6F2CE-8AE8-49E1-8EE9-A44B451EFC29}
		{83FA6862-73F2-4305-9B7C-2DF849D80C36} = {F0F6F2CE-8AE8-49E1-8EE9-A44B451EFC29}
		{C3D78B19-80F7-4210-B848-A5AA2BF5D13F} = {F0F6F2CE-8AE8-49E1-8EE9-A44B451EFC29}
		{CB5B7DCD-F949-4435-BC39-C34F4F3D2009} = {F0F6F2CE-8AE8-49E1-8EE9-A44B451EFC29}
		{5EF05574-5A01-404B-92B0-728A46577FDC} = {F0F6F2CE-8AE8-49E1-8EE9-A44B451EFC29}
		{C37AA470-FFF4-4A61-B240-F858CF1357C5} = {AD5B3EF6-1222-46B1-8FD4-6084FF75FA30}
		{4213F281-732C-4447-B347-1C46E3609986} = {AD5B3EF6-1222-46B1-8FD4-6084FF75FA30}
		{882747A5-5B57-4AD9-B209-D1F03A657DB9} = {30CF078E-E531-441E-83AB-24AB9B1C179F}
		{63EC546C-650D-4CF4-94C4-A350D1D491FD} = {F0F6F2CE-8AE8-49E1-8EE9-A44B451EFC29}
		{1F9D5857-EEE4-48FC-B101-2ADFFC88EA4A} = {CB5B7DCD-F949-4435-BC39-C34F4F3D2009}
		{8AC32C1E-2C20-4ECE-8480-700E28C3E43D} = {F0F6F2CE-8AE8-49E1-8EE9-A44B451EFC29}
		{6FD48F14-8D60-4BB0-8DC9-72E4A4D43DFF} = {30CF078E-E531-441E-83AB-24AB9B1C179F}
		{30CF078E-E531-441E-83AB-24AB9B1C179F} = {AD5B3EF6-1222-46B1-8FD4-6084FF75FA30}
		{3C182E17-0085-4B30-8AA9-B229ABED7A39} = {CB5B7DCD-F949-4435-BC39-C34F4F3D2009}
		{01291327-B0E8-4EAB-929B-D6B796BF1D7C} = {F0F6F2CE-8AE8-49E1-8EE9-A44B451EFC29}
		{69F04BE2-6859-45BB-97E7-E5ACDEE53503} = {F0F6F2CE-8AE8-49E1-8EE9-A44B451EFC29}
		{85A4B5C1-1248-4DE2-AE97-B96B6FA3AE09} = {30CF078E-E531-441E-83AB-24AB9B1C179F}
		{8F7EBBC3-B22F-43AC-978E-2CD8AD7C02CF} = {F0F6F2CE-8AE8-49E1-8EE9-A44B451EFC29}
		{31DB04AF-2ED3-4379-98D7-7D02F38864F9} = {F0F6F2CE-8AE8-49E1-8EE9-A44B451EFC29}
		{472F6F9A-97E9-4DC3-9D70-AE79A20FA240} = {F0F6F2CE-8AE8-49E1-8EE9-A44B451EFC29}
	EndGlobalSection
	GlobalSection(ExtensibilityGlobals) = postSolution
		SolutionGuid = {3830ABDF-4AEA-4D91-83A2-13F091D1DF5F}
	EndGlobalSection
EndGlobal
