
Microsoft Visual Studio Solution File, Format Version 12.00
# Visual Studio Version 17
VisualStudioVersion = 17.0.31903.59
MinimumVisualStudioVersion = 10.0.40219.1
Project("{FAE04EC0-301F-11D3-BF4B-00C04F79EFBC}") = "IntegrationTests", "IntegrationTests\IntegrationTests.csproj", "{2C7E7C6D-3D64-4A83-9D48-7AADC7D5D7CC}"
EndProject
Project("{FAE04EC0-301F-11D3-BF4B-00C04F79EFBC}") = "NewRelic.Testing.Assertions", "..\NewRelic.Testing.Assertions\NewRelic.Testing.Assertions.csproj", "{68A6FDE2-2569-4DE5-A95F-7C3A2DB15EBA}"
EndProject
Project("{FAE04EC0-301F-11D3-BF4B-00C04F79EFBC}") = "IntegrationTestHelpers", "IntegrationTestHelpers\IntegrationTestHelpers.csproj", "{B5C10F96-396E-4AC6-9F6B-637578997DA4}"
EndProject
Project("{FAE04EC0-301F-11D3-BF4B-00C04F79EFBC}") = "TestSerializationHelpers", "..\Shared\TestSerializationHelpers\TestSerializationHelpers.csproj", "{453EEDBF-1838-4EE4-9D60-91CFF2C64F56}"
EndProject
Project("{FAE04EC0-301F-11D3-BF4B-00C04F79EFBC}") = "Shared", "Shared\Shared.csproj", "{5BCAE3AB-176F-4158-A5BC-845F0734D313}"
EndProject
Project("{FAE04EC0-301F-11D3-BF4B-00C04F79EFBC}") = "Models", "Models\Models.csproj", "{E47D7663-0397-46D6-9F3D-68D01B716E81}"
EndProject
Project("{FAE04EC0-301F-11D3-BF4B-00C04F79EFBC}") = "ConsoleMultiFunctionApplicationCore", "SharedApplications\ConsoleMultiFunctionApplicationCore\ConsoleMultiFunctionApplicationCore.csproj", "{D07C8ADB-2761-4556-8A02-9840CF128B44}"
EndProject
Project("{FAE04EC0-301F-11D3-BF4B-00C04F79EFBC}") = "MultiFunctionApplicationHelpers", "SharedApplications\Common\MultiFunctionApplicationHelpers\MultiFunctionApplicationHelpers.csproj", "{20B73D8C-A783-4E3F-98D1-B5DEC88AE83C}"
EndProject
Project("{FAE04EC0-301F-11D3-BF4B-00C04F79EFBC}") = "NewRelic.Api.Agent", "..\..\..\src\Agent\NewRelic.Api.Agent\NewRelic.Api.Agent.csproj", "{8D780FDC-7650-405D-9C76-211DE4DA2099}"
EndProject
Project("{FAE04EC0-301F-11D3-BF4B-00C04F79EFBC}") = "NetStandardTestLibrary", "SharedApplications\Common\NetStandardTestLibrary\NetStandardTestLibrary.csproj", "{AD7BCF38-E4DB-41D1-AAE3-22631A9D35D7}"
EndProject
Project("{FAE04EC0-301F-11D3-BF4B-00C04F79EFBC}") = "SharedApplicationHelpers", "SharedApplications\Common\SharedApplicationHelpers\SharedApplicationHelpers.csproj", "{8FDA7B40-E0D8-4BA2-B03A-068606E3B674}"
EndProject
Project("{FAE04EC0-301F-11D3-BF4B-00C04F79EFBC}") = "LambdaSelfExecutingAssembly", "Applications\LambdaSelfExecutingAssembly\LambdaSelfExecutingAssembly.csproj", "{062A31E4-D1D5-4BF9-B8C4-BB26255E1D3F}"
EndProject
Project("{FAE04EC0-301F-11D3-BF4B-00C04F79EFBC}") = "ApplicationLifecycle", "ApplicationHelperLibraries\ApplicationLifecycle\ApplicationLifecycle.csproj", "{B127FA71-7E63-45D0-9C18-9C6CF6C7C4E9}"
EndProject
Project("{FAE04EC0-301F-11D3-BF4B-00C04F79EFBC}") = "AspNetCoreWebApiLambdaApplication", "Applications\AspNetCoreWebApiLambdaApplication\AspNetCoreWebApiLambdaApplication.csproj", "{68170D7A-90D6-411B-860E-9A6B1C809240}"
EndProject
Project("{FAE04EC0-301F-11D3-BF4B-00C04F79EFBC}") = "BlazorSignalRApplication", "Applications\BlazorSignalRApplication\BlazorSignalRApplication.csproj", "{D14A5B3B-A365-42EB-99F6-48F9D29BB96D}"
EndProject
Project("{FAE04EC0-301F-11D3-BF4B-00C04F79EFBC}") = "AspNetCoreMvcBasicRequestsApplication", "Applications\AspNetCoreMvcBasicRequestsApplication\AspNetCoreMvcBasicRequestsApplication.csproj", "{1A1803DD-FCD0-44A8-BB69-99F2E799220D}"
EndProject
Project("{FAE04EC0-301F-11D3-BF4B-00C04F79EFBC}") = "AspNetCoreMvcRejitApplication", "Applications\AspNetCoreMvcRejitApplication\AspNetCoreMvcRejitApplication.csproj", "{F5C35A3F-5EEE-4934-A49A-BC1348EC78B3}"
EndProject
Project("{FAE04EC0-301F-11D3-BF4B-00C04F79EFBC}") = "AspNetCoreFeatures", "Applications\AspNetCoreFeatures\AspNetCoreFeatures.csproj", "{A5AF80B5-F829-4D73-9E71-E5B6CD8F8582}"
EndProject
Project("{FAE04EC0-301F-11D3-BF4B-00C04F79EFBC}") = "NetCore3Collectible", "ApplicationHelperLibraries\NetCore3Collectible\NetCore3Collectible.csproj", "{DF3BE68E-DB8F-49A8-801D-9260A85BCB10}"
EndProject
Project("{FAE04EC0-301F-11D3-BF4B-00C04F79EFBC}") = "AspNetCoreMvcAsyncApplication", "Applications\AspNetCoreMvcAsyncApplication\AspNetCoreMvcAsyncApplication.csproj", "{C03E5A86-4321-42FE-82D0-4C3512071A6A}"
EndProject
Project("{FAE04EC0-301F-11D3-BF4B-00C04F79EFBC}") = "NetCoreAsyncApplication", "Applications\NetCoreAsyncApplication\NetCoreAsyncApplication.csproj", "{5B39D876-358B-4CF4-9A16-06654E806C0B}"
EndProject
Project("{FAE04EC0-301F-11D3-BF4B-00C04F79EFBC}") = "SerilogSumologicApplication", "Applications\SerilogSumologicApplication\SerilogSumologicApplication.csproj", "{69AFFE40-5A38-4648-B87D-280F7BD2832A}"
EndProject
Project("{FAE04EC0-301F-11D3-BF4B-00C04F79EFBC}") = "OtelMetricsApplication", "Applications\OtelMetricsApplication\OtelMetricsApplication.csproj", "{712D4EC6-1BB1-41E9-9B20-30B534DDCDF2}"
EndProject
Project("{FAE04EC0-301F-11D3-BF4B-00C04F79EFBC}") = "AzureFunctionApplication", "Applications\AzureFunctionApplication\AzureFunctionApplication.csproj", "{D7535798-4A90-425E-8FD5-85EB03ACD88C}"
EndProject
Project("{FAE04EC0-301F-11D3-BF4B-00C04F79EFBC}") = "AzureFunctionInProcApplication", "Applications\AzureFunctionInProcApplication\AzureFunctionInProcApplication.csproj", "{80D0B0AA-B55B-45CE-97AF-826CCB6A50D5}"
EndProject
Project("{FAE04EC0-301F-11D3-BF4B-00C04F79EFBC}") = "MockNewRelic", "Applications\MockNewRelic\MockNewRelic.csproj", "{BF7C61FD-053D-41EF-B2B1-52D4B00F243B}"
EndProject
Project("{FAE04EC0-301F-11D3-BF4B-00C04F79EFBC}") = "AspNetCoreBasicWebApiApplication", "Applications\AspNetCoreBasicWebApiApplication\AspNetCoreBasicWebApiApplication.csproj", "{F7A14778-A951-4C83-8558-6C2686542334}"
EndProject
Project("{FAE04EC0-301F-11D3-BF4B-00C04F79EFBC}") = "AspNetCoreWebApiCustomAttributesApplication", "Applications\AspNetCoreWebApiCustomAttributesApplication\AspNetCoreWebApiCustomAttributesApplication.csproj", "{62B19315-5842-4025-A015-1DBAEFFF073E}"
EndProject
Project("{FAE04EC0-301F-11D3-BF4B-00C04F79EFBC}") = "AspNetCoreDistTracingApplication", "Applications\AspNetCoreDistTracingApplication\AspNetCoreDistTracingApplication.csproj", "{111E05B5-9FA5-4C48-8E50-A1E8C0F18DCF}"
EndProject
Project("{FAE04EC0-301F-11D3-BF4B-00C04F79EFBC}") = "BasicAspNetCoreRazorApplication", "Applications\BasicAspNetCoreRazorApplication\BasicAspNetCoreRazorApplication.csproj", "{FB2E6BF0-31E3-4001-AB67-59E733BD0F31}"
EndProject
Project("{FAE04EC0-301F-11D3-BF4B-00C04F79EFBC}") = "ConsoleInstrumentationLoaderCore", "Applications\ConsoleInstrumentationLoaderCore\ConsoleInstrumentationLoaderCore.csproj", "{B2237F0E-59A6-4D7E-8376-EA815C79E12D}"
EndProject
Project("{FAE04EC0-301F-11D3-BF4B-00C04F79EFBC}") = "ConsoleInstrumentationStartup", "Applications\ConsoleInstrumentationStartup\ConsoleInstrumentationStartup.csproj", "{F384F84F-E627-4E89-9FB2-FC45C9495AA8}"
EndProject
Global
	GlobalSection(SolutionConfigurationPlatforms) = preSolution
		Debug|Any CPU = Debug|Any CPU
		Debug|x64 = Debug|x64
		Debug|x86 = Debug|x86
		Release|Any CPU = Release|Any CPU
		Release|x64 = Release|x64
		Release|x86 = Release|x86
	EndGlobalSection
	GlobalSection(ProjectConfigurationPlatforms) = postSolution
		{2C7E7C6D-3D64-4A83-9D48-7AADC7D5D7CC}.Debug|Any CPU.ActiveCfg = Debug|Any CPU
		{2C7E7C6D-3D64-4A83-9D48-7AADC7D5D7CC}.Debug|Any CPU.Build.0 = Debug|Any CPU
		{2C7E7C6D-3D64-4A83-9D48-7AADC7D5D7CC}.Debug|x64.ActiveCfg = Debug|Any CPU
		{2C7E7C6D-3D64-4A83-9D48-7AADC7D5D7CC}.Debug|x64.Build.0 = Debug|Any CPU
		{2C7E7C6D-3D64-4A83-9D48-7AADC7D5D7CC}.Debug|x86.ActiveCfg = Debug|Any CPU
		{2C7E7C6D-3D64-4A83-9D48-7AADC7D5D7CC}.Debug|x86.Build.0 = Debug|Any CPU
		{2C7E7C6D-3D64-4A83-9D48-7AADC7D5D7CC}.Release|Any CPU.ActiveCfg = Release|Any CPU
		{2C7E7C6D-3D64-4A83-9D48-7AADC7D5D7CC}.Release|Any CPU.Build.0 = Release|Any CPU
		{2C7E7C6D-3D64-4A83-9D48-7AADC7D5D7CC}.Release|x64.ActiveCfg = Release|Any CPU
		{2C7E7C6D-3D64-4A83-9D48-7AADC7D5D7CC}.Release|x64.Build.0 = Release|Any CPU
		{2C7E7C6D-3D64-4A83-9D48-7AADC7D5D7CC}.Release|x86.ActiveCfg = Release|Any CPU
		{2C7E7C6D-3D64-4A83-9D48-7AADC7D5D7CC}.Release|x86.Build.0 = Release|Any CPU
		{68A6FDE2-2569-4DE5-A95F-7C3A2DB15EBA}.Debug|Any CPU.ActiveCfg = Debug|Any CPU
		{68A6FDE2-2569-4DE5-A95F-7C3A2DB15EBA}.Debug|Any CPU.Build.0 = Debug|Any CPU
		{68A6FDE2-2569-4DE5-A95F-7C3A2DB15EBA}.Debug|x64.ActiveCfg = Debug|Any CPU
		{68A6FDE2-2569-4DE5-A95F-7C3A2DB15EBA}.Debug|x64.Build.0 = Debug|Any CPU
		{68A6FDE2-2569-4DE5-A95F-7C3A2DB15EBA}.Debug|x86.ActiveCfg = Debug|Any CPU
		{68A6FDE2-2569-4DE5-A95F-7C3A2DB15EBA}.Debug|x86.Build.0 = Debug|Any CPU
		{68A6FDE2-2569-4DE5-A95F-7C3A2DB15EBA}.Release|Any CPU.ActiveCfg = Release|Any CPU
		{68A6FDE2-2569-4DE5-A95F-7C3A2DB15EBA}.Release|Any CPU.Build.0 = Release|Any CPU
		{68A6FDE2-2569-4DE5-A95F-7C3A2DB15EBA}.Release|x64.ActiveCfg = Release|Any CPU
		{68A6FDE2-2569-4DE5-A95F-7C3A2DB15EBA}.Release|x64.Build.0 = Release|Any CPU
		{68A6FDE2-2569-4DE5-A95F-7C3A2DB15EBA}.Release|x86.ActiveCfg = Release|Any CPU
		{68A6FDE2-2569-4DE5-A95F-7C3A2DB15EBA}.Release|x86.Build.0 = Release|Any CPU
		{B5C10F96-396E-4AC6-9F6B-637578997DA4}.Debug|Any CPU.ActiveCfg = Debug|Any CPU
		{B5C10F96-396E-4AC6-9F6B-637578997DA4}.Debug|Any CPU.Build.0 = Debug|Any CPU
		{B5C10F96-396E-4AC6-9F6B-637578997DA4}.Debug|x64.ActiveCfg = Debug|Any CPU
		{B5C10F96-396E-4AC6-9F6B-637578997DA4}.Debug|x64.Build.0 = Debug|Any CPU
		{B5C10F96-396E-4AC6-9F6B-637578997DA4}.Debug|x86.ActiveCfg = Debug|Any CPU
		{B5C10F96-396E-4AC6-9F6B-637578997DA4}.Debug|x86.Build.0 = Debug|Any CPU
		{B5C10F96-396E-4AC6-9F6B-637578997DA4}.Release|Any CPU.ActiveCfg = Release|Any CPU
		{B5C10F96-396E-4AC6-9F6B-637578997DA4}.Release|Any CPU.Build.0 = Release|Any CPU
		{B5C10F96-396E-4AC6-9F6B-637578997DA4}.Release|x64.ActiveCfg = Release|Any CPU
		{B5C10F96-396E-4AC6-9F6B-637578997DA4}.Release|x64.Build.0 = Release|Any CPU
		{B5C10F96-396E-4AC6-9F6B-637578997DA4}.Release|x86.ActiveCfg = Release|Any CPU
		{B5C10F96-396E-4AC6-9F6B-637578997DA4}.Release|x86.Build.0 = Release|Any CPU
		{453EEDBF-1838-4EE4-9D60-91CFF2C64F56}.Debug|Any CPU.ActiveCfg = Debug|Any CPU
		{453EEDBF-1838-4EE4-9D60-91CFF2C64F56}.Debug|Any CPU.Build.0 = Debug|Any CPU
		{453EEDBF-1838-4EE4-9D60-91CFF2C64F56}.Debug|x64.ActiveCfg = Debug|Any CPU
		{453EEDBF-1838-4EE4-9D60-91CFF2C64F56}.Debug|x64.Build.0 = Debug|Any CPU
		{453EEDBF-1838-4EE4-9D60-91CFF2C64F56}.Debug|x86.ActiveCfg = Debug|Any CPU
		{453EEDBF-1838-4EE4-9D60-91CFF2C64F56}.Debug|x86.Build.0 = Debug|Any CPU
		{453EEDBF-1838-4EE4-9D60-91CFF2C64F56}.Release|Any CPU.ActiveCfg = Release|Any CPU
		{453EEDBF-1838-4EE4-9D60-91CFF2C64F56}.Release|Any CPU.Build.0 = Release|Any CPU
		{453EEDBF-1838-4EE4-9D60-91CFF2C64F56}.Release|x64.ActiveCfg = Release|Any CPU
		{453EEDBF-1838-4EE4-9D60-91CFF2C64F56}.Release|x64.Build.0 = Release|Any CPU
		{453EEDBF-1838-4EE4-9D60-91CFF2C64F56}.Release|x86.ActiveCfg = Release|Any CPU
		{453EEDBF-1838-4EE4-9D60-91CFF2C64F56}.Release|x86.Build.0 = Release|Any CPU
		{5BCAE3AB-176F-4158-A5BC-845F0734D313}.Debug|Any CPU.ActiveCfg = Debug|Any CPU
		{5BCAE3AB-176F-4158-A5BC-845F0734D313}.Debug|Any CPU.Build.0 = Debug|Any CPU
		{5BCAE3AB-176F-4158-A5BC-845F0734D313}.Debug|x64.ActiveCfg = Debug|Any CPU
		{5BCAE3AB-176F-4158-A5BC-845F0734D313}.Debug|x64.Build.0 = Debug|Any CPU
		{5BCAE3AB-176F-4158-A5BC-845F0734D313}.Debug|x86.ActiveCfg = Debug|Any CPU
		{5BCAE3AB-176F-4158-A5BC-845F0734D313}.Debug|x86.Build.0 = Debug|Any CPU
		{5BCAE3AB-176F-4158-A5BC-845F0734D313}.Release|Any CPU.ActiveCfg = Release|Any CPU
		{5BCAE3AB-176F-4158-A5BC-845F0734D313}.Release|Any CPU.Build.0 = Release|Any CPU
		{5BCAE3AB-176F-4158-A5BC-845F0734D313}.Release|x64.ActiveCfg = Release|Any CPU
		{5BCAE3AB-176F-4158-A5BC-845F0734D313}.Release|x64.Build.0 = Release|Any CPU
		{5BCAE3AB-176F-4158-A5BC-845F0734D313}.Release|x86.ActiveCfg = Release|Any CPU
		{5BCAE3AB-176F-4158-A5BC-845F0734D313}.Release|x86.Build.0 = Release|Any CPU
		{E47D7663-0397-46D6-9F3D-68D01B716E81}.Debug|Any CPU.ActiveCfg = Debug|Any CPU
		{E47D7663-0397-46D6-9F3D-68D01B716E81}.Debug|Any CPU.Build.0 = Debug|Any CPU
		{E47D7663-0397-46D6-9F3D-68D01B716E81}.Debug|x64.ActiveCfg = Debug|Any CPU
		{E47D7663-0397-46D6-9F3D-68D01B716E81}.Debug|x64.Build.0 = Debug|Any CPU
		{E47D7663-0397-46D6-9F3D-68D01B716E81}.Debug|x86.ActiveCfg = Debug|Any CPU
		{E47D7663-0397-46D6-9F3D-68D01B716E81}.Debug|x86.Build.0 = Debug|Any CPU
		{E47D7663-0397-46D6-9F3D-68D01B716E81}.Release|Any CPU.ActiveCfg = Release|Any CPU
		{E47D7663-0397-46D6-9F3D-68D01B716E81}.Release|Any CPU.Build.0 = Release|Any CPU
		{E47D7663-0397-46D6-9F3D-68D01B716E81}.Release|x64.ActiveCfg = Release|Any CPU
		{E47D7663-0397-46D6-9F3D-68D01B716E81}.Release|x64.Build.0 = Release|Any CPU
		{E47D7663-0397-46D6-9F3D-68D01B716E81}.Release|x86.ActiveCfg = Release|Any CPU
		{E47D7663-0397-46D6-9F3D-68D01B716E81}.Release|x86.Build.0 = Release|Any CPU
		{D07C8ADB-2761-4556-8A02-9840CF128B44}.Debug|Any CPU.ActiveCfg = Debug|Any CPU
		{D07C8ADB-2761-4556-8A02-9840CF128B44}.Debug|Any CPU.Build.0 = Debug|Any CPU
		{D07C8ADB-2761-4556-8A02-9840CF128B44}.Debug|x64.ActiveCfg = Debug|Any CPU
		{D07C8ADB-2761-4556-8A02-9840CF128B44}.Debug|x64.Build.0 = Debug|Any CPU
		{D07C8ADB-2761-4556-8A02-9840CF128B44}.Debug|x86.ActiveCfg = Debug|Any CPU
		{D07C8ADB-2761-4556-8A02-9840CF128B44}.Debug|x86.Build.0 = Debug|Any CPU
		{D07C8ADB-2761-4556-8A02-9840CF128B44}.Release|Any CPU.ActiveCfg = Release|Any CPU
		{D07C8ADB-2761-4556-8A02-9840CF128B44}.Release|Any CPU.Build.0 = Release|Any CPU
		{D07C8ADB-2761-4556-8A02-9840CF128B44}.Release|x64.ActiveCfg = Release|Any CPU
		{D07C8ADB-2761-4556-8A02-9840CF128B44}.Release|x64.Build.0 = Release|Any CPU
		{D07C8ADB-2761-4556-8A02-9840CF128B44}.Release|x86.ActiveCfg = Release|Any CPU
		{D07C8ADB-2761-4556-8A02-9840CF128B44}.Release|x86.Build.0 = Release|Any CPU
		{20B73D8C-A783-4E3F-98D1-B5DEC88AE83C}.Debug|Any CPU.ActiveCfg = Debug|Any CPU
		{20B73D8C-A783-4E3F-98D1-B5DEC88AE83C}.Debug|Any CPU.Build.0 = Debug|Any CPU
		{20B73D8C-A783-4E3F-98D1-B5DEC88AE83C}.Debug|x64.ActiveCfg = Debug|Any CPU
		{20B73D8C-A783-4E3F-98D1-B5DEC88AE83C}.Debug|x64.Build.0 = Debug|Any CPU
		{20B73D8C-A783-4E3F-98D1-B5DEC88AE83C}.Debug|x86.ActiveCfg = Debug|Any CPU
		{20B73D8C-A783-4E3F-98D1-B5DEC88AE83C}.Debug|x86.Build.0 = Debug|Any CPU
		{20B73D8C-A783-4E3F-98D1-B5DEC88AE83C}.Release|Any CPU.ActiveCfg = Release|Any CPU
		{20B73D8C-A783-4E3F-98D1-B5DEC88AE83C}.Release|Any CPU.Build.0 = Release|Any CPU
		{20B73D8C-A783-4E3F-98D1-B5DEC88AE83C}.Release|x64.ActiveCfg = Release|Any CPU
		{20B73D8C-A783-4E3F-98D1-B5DEC88AE83C}.Release|x64.Build.0 = Release|Any CPU
		{20B73D8C-A783-4E3F-98D1-B5DEC88AE83C}.Release|x86.ActiveCfg = Release|Any CPU
		{20B73D8C-A783-4E3F-98D1-B5DEC88AE83C}.Release|x86.Build.0 = Release|Any CPU
		{8D780FDC-7650-405D-9C76-211DE4DA2099}.Debug|Any CPU.ActiveCfg = Debug|Any CPU
		{8D780FDC-7650-405D-9C76-211DE4DA2099}.Debug|Any CPU.Build.0 = Debug|Any CPU
		{8D780FDC-7650-405D-9C76-211DE4DA2099}.Debug|x64.ActiveCfg = Debug|Any CPU
		{8D780FDC-7650-405D-9C76-211DE4DA2099}.Debug|x64.Build.0 = Debug|Any CPU
		{8D780FDC-7650-405D-9C76-211DE4DA2099}.Debug|x86.ActiveCfg = Debug|Any CPU
		{8D780FDC-7650-405D-9C76-211DE4DA2099}.Debug|x86.Build.0 = Debug|Any CPU
		{8D780FDC-7650-405D-9C76-211DE4DA2099}.Release|Any CPU.ActiveCfg = Release|Any CPU
		{8D780FDC-7650-405D-9C76-211DE4DA2099}.Release|Any CPU.Build.0 = Release|Any CPU
		{8D780FDC-7650-405D-9C76-211DE4DA2099}.Release|x64.ActiveCfg = Release|Any CPU
		{8D780FDC-7650-405D-9C76-211DE4DA2099}.Release|x64.Build.0 = Release|Any CPU
		{8D780FDC-7650-405D-9C76-211DE4DA2099}.Release|x86.ActiveCfg = Release|Any CPU
		{8D780FDC-7650-405D-9C76-211DE4DA2099}.Release|x86.Build.0 = Release|Any CPU
		{AD7BCF38-E4DB-41D1-AAE3-22631A9D35D7}.Debug|Any CPU.ActiveCfg = Debug|Any CPU
		{AD7BCF38-E4DB-41D1-AAE3-22631A9D35D7}.Debug|Any CPU.Build.0 = Debug|Any CPU
		{AD7BCF38-E4DB-41D1-AAE3-22631A9D35D7}.Debug|x64.ActiveCfg = Debug|Any CPU
		{AD7BCF38-E4DB-41D1-AAE3-22631A9D35D7}.Debug|x64.Build.0 = Debug|Any CPU
		{AD7BCF38-E4DB-41D1-AAE3-22631A9D35D7}.Debug|x86.ActiveCfg = Debug|Any CPU
		{AD7BCF38-E4DB-41D1-AAE3-22631A9D35D7}.Debug|x86.Build.0 = Debug|Any CPU
		{AD7BCF38-E4DB-41D1-AAE3-22631A9D35D7}.Release|Any CPU.ActiveCfg = Release|Any CPU
		{AD7BCF38-E4DB-41D1-AAE3-22631A9D35D7}.Release|Any CPU.Build.0 = Release|Any CPU
		{AD7BCF38-E4DB-41D1-AAE3-22631A9D35D7}.Release|x64.ActiveCfg = Release|Any CPU
		{AD7BCF38-E4DB-41D1-AAE3-22631A9D35D7}.Release|x64.Build.0 = Release|Any CPU
		{AD7BCF38-E4DB-41D1-AAE3-22631A9D35D7}.Release|x86.ActiveCfg = Release|Any CPU
		{AD7BCF38-E4DB-41D1-AAE3-22631A9D35D7}.Release|x86.Build.0 = Release|Any CPU
		{8FDA7B40-E0D8-4BA2-B03A-068606E3B674}.Debug|Any CPU.ActiveCfg = Debug|Any CPU
		{8FDA7B40-E0D8-4BA2-B03A-068606E3B674}.Debug|Any CPU.Build.0 = Debug|Any CPU
		{8FDA7B40-E0D8-4BA2-B03A-068606E3B674}.Debug|x64.ActiveCfg = Debug|Any CPU
		{8FDA7B40-E0D8-4BA2-B03A-068606E3B674}.Debug|x64.Build.0 = Debug|Any CPU
		{8FDA7B40-E0D8-4BA2-B03A-068606E3B674}.Debug|x86.ActiveCfg = Debug|Any CPU
		{8FDA7B40-E0D8-4BA2-B03A-068606E3B674}.Debug|x86.Build.0 = Debug|Any CPU
		{8FDA7B40-E0D8-4BA2-B03A-068606E3B674}.Release|Any CPU.ActiveCfg = Release|Any CPU
		{8FDA7B40-E0D8-4BA2-B03A-068606E3B674}.Release|Any CPU.Build.0 = Release|Any CPU
		{8FDA7B40-E0D8-4BA2-B03A-068606E3B674}.Release|x64.ActiveCfg = Release|Any CPU
		{8FDA7B40-E0D8-4BA2-B03A-068606E3B674}.Release|x64.Build.0 = Release|Any CPU
		{8FDA7B40-E0D8-4BA2-B03A-068606E3B674}.Release|x86.ActiveCfg = Release|Any CPU
		{8FDA7B40-E0D8-4BA2-B03A-068606E3B674}.Release|x86.Build.0 = Release|Any CPU
		{062A31E4-D1D5-4BF9-B8C4-BB26255E1D3F}.Debug|Any CPU.ActiveCfg = Debug|Any CPU
		{062A31E4-D1D5-4BF9-B8C4-BB26255E1D3F}.Debug|Any CPU.Build.0 = Debug|Any CPU
		{062A31E4-D1D5-4BF9-B8C4-BB26255E1D3F}.Debug|x64.ActiveCfg = Debug|Any CPU
		{062A31E4-D1D5-4BF9-B8C4-BB26255E1D3F}.Debug|x64.Build.0 = Debug|Any CPU
		{062A31E4-D1D5-4BF9-B8C4-BB26255E1D3F}.Debug|x86.ActiveCfg = Debug|Any CPU
		{062A31E4-D1D5-4BF9-B8C4-BB26255E1D3F}.Debug|x86.Build.0 = Debug|Any CPU
		{062A31E4-D1D5-4BF9-B8C4-BB26255E1D3F}.Release|Any CPU.ActiveCfg = Release|Any CPU
		{062A31E4-D1D5-4BF9-B8C4-BB26255E1D3F}.Release|Any CPU.Build.0 = Release|Any CPU
		{062A31E4-D1D5-4BF9-B8C4-BB26255E1D3F}.Release|x64.ActiveCfg = Release|Any CPU
		{062A31E4-D1D5-4BF9-B8C4-BB26255E1D3F}.Release|x64.Build.0 = Release|Any CPU
		{062A31E4-D1D5-4BF9-B8C4-BB26255E1D3F}.Release|x86.ActiveCfg = Release|Any CPU
		{062A31E4-D1D5-4BF9-B8C4-BB26255E1D3F}.Release|x86.Build.0 = Release|Any CPU
		{B127FA71-7E63-45D0-9C18-9C6CF6C7C4E9}.Debug|Any CPU.ActiveCfg = Debug|Any CPU
		{B127FA71-7E63-45D0-9C18-9C6CF6C7C4E9}.Debug|Any CPU.Build.0 = Debug|Any CPU
		{B127FA71-7E63-45D0-9C18-9C6CF6C7C4E9}.Debug|x64.ActiveCfg = Debug|Any CPU
		{B127FA71-7E63-45D0-9C18-9C6CF6C7C4E9}.Debug|x64.Build.0 = Debug|Any CPU
		{B127FA71-7E63-45D0-9C18-9C6CF6C7C4E9}.Debug|x86.ActiveCfg = Debug|Any CPU
		{B127FA71-7E63-45D0-9C18-9C6CF6C7C4E9}.Debug|x86.Build.0 = Debug|Any CPU
		{B127FA71-7E63-45D0-9C18-9C6CF6C7C4E9}.Release|Any CPU.ActiveCfg = Release|Any CPU
		{B127FA71-7E63-45D0-9C18-9C6CF6C7C4E9}.Release|Any CPU.Build.0 = Release|Any CPU
		{B127FA71-7E63-45D0-9C18-9C6CF6C7C4E9}.Release|x64.ActiveCfg = Release|Any CPU
		{B127FA71-7E63-45D0-9C18-9C6CF6C7C4E9}.Release|x64.Build.0 = Release|Any CPU
		{B127FA71-7E63-45D0-9C18-9C6CF6C7C4E9}.Release|x86.ActiveCfg = Release|Any CPU
		{B127FA71-7E63-45D0-9C18-9C6CF6C7C4E9}.Release|x86.Build.0 = Release|Any CPU
		{68170D7A-90D6-411B-860E-9A6B1C809240}.Debug|Any CPU.ActiveCfg = Debug|Any CPU
		{68170D7A-90D6-411B-860E-9A6B1C809240}.Debug|Any CPU.Build.0 = Debug|Any CPU
		{68170D7A-90D6-411B-860E-9A6B1C809240}.Debug|x64.ActiveCfg = Debug|Any CPU
		{68170D7A-90D6-411B-860E-9A6B1C809240}.Debug|x64.Build.0 = Debug|Any CPU
		{68170D7A-90D6-411B-860E-9A6B1C809240}.Debug|x86.ActiveCfg = Debug|Any CPU
		{68170D7A-90D6-411B-860E-9A6B1C809240}.Debug|x86.Build.0 = Debug|Any CPU
		{68170D7A-90D6-411B-860E-9A6B1C809240}.Release|Any CPU.ActiveCfg = Release|Any CPU
		{68170D7A-90D6-411B-860E-9A6B1C809240}.Release|Any CPU.Build.0 = Release|Any CPU
		{68170D7A-90D6-411B-860E-9A6B1C809240}.Release|x64.ActiveCfg = Release|Any CPU
		{68170D7A-90D6-411B-860E-9A6B1C809240}.Release|x64.Build.0 = Release|Any CPU
		{68170D7A-90D6-411B-860E-9A6B1C809240}.Release|x86.ActiveCfg = Release|Any CPU
		{68170D7A-90D6-411B-860E-9A6B1C809240}.Release|x86.Build.0 = Release|Any CPU
		{D14A5B3B-A365-42EB-99F6-48F9D29BB96D}.Debug|Any CPU.ActiveCfg = Debug|Any CPU
		{D14A5B3B-A365-42EB-99F6-48F9D29BB96D}.Debug|Any CPU.Build.0 = Debug|Any CPU
		{D14A5B3B-A365-42EB-99F6-48F9D29BB96D}.Debug|x64.ActiveCfg = Debug|Any CPU
		{D14A5B3B-A365-42EB-99F6-48F9D29BB96D}.Debug|x64.Build.0 = Debug|Any CPU
		{D14A5B3B-A365-42EB-99F6-48F9D29BB96D}.Debug|x86.ActiveCfg = Debug|Any CPU
		{D14A5B3B-A365-42EB-99F6-48F9D29BB96D}.Debug|x86.Build.0 = Debug|Any CPU
		{D14A5B3B-A365-42EB-99F6-48F9D29BB96D}.Release|Any CPU.ActiveCfg = Release|Any CPU
		{D14A5B3B-A365-42EB-99F6-48F9D29BB96D}.Release|Any CPU.Build.0 = Release|Any CPU
		{D14A5B3B-A365-42EB-99F6-48F9D29BB96D}.Release|x64.ActiveCfg = Release|Any CPU
		{D14A5B3B-A365-42EB-99F6-48F9D29BB96D}.Release|x64.Build.0 = Release|Any CPU
		{D14A5B3B-A365-42EB-99F6-48F9D29BB96D}.Release|x86.ActiveCfg = Release|Any CPU
		{D14A5B3B-A365-42EB-99F6-48F9D29BB96D}.Release|x86.Build.0 = Release|Any CPU
		{1A1803DD-FCD0-44A8-BB69-99F2E799220D}.Debug|Any CPU.ActiveCfg = Debug|Any CPU
		{1A1803DD-FCD0-44A8-BB69-99F2E799220D}.Debug|Any CPU.Build.0 = Debug|Any CPU
		{1A1803DD-FCD0-44A8-BB69-99F2E799220D}.Debug|x64.ActiveCfg = Debug|Any CPU
		{1A1803DD-FCD0-44A8-BB69-99F2E799220D}.Debug|x64.Build.0 = Debug|Any CPU
		{1A1803DD-FCD0-44A8-BB69-99F2E799220D}.Debug|x86.ActiveCfg = Debug|Any CPU
		{1A1803DD-FCD0-44A8-BB69-99F2E799220D}.Debug|x86.Build.0 = Debug|Any CPU
		{1A1803DD-FCD0-44A8-BB69-99F2E799220D}.Release|Any CPU.ActiveCfg = Release|Any CPU
		{1A1803DD-FCD0-44A8-BB69-99F2E799220D}.Release|Any CPU.Build.0 = Release|Any CPU
		{1A1803DD-FCD0-44A8-BB69-99F2E799220D}.Release|x64.ActiveCfg = Release|Any CPU
		{1A1803DD-FCD0-44A8-BB69-99F2E799220D}.Release|x64.Build.0 = Release|Any CPU
		{1A1803DD-FCD0-44A8-BB69-99F2E799220D}.Release|x86.ActiveCfg = Release|Any CPU
		{1A1803DD-FCD0-44A8-BB69-99F2E799220D}.Release|x86.Build.0 = Release|Any CPU
		{F5C35A3F-5EEE-4934-A49A-BC1348EC78B3}.Debug|Any CPU.ActiveCfg = Debug|Any CPU
		{F5C35A3F-5EEE-4934-A49A-BC1348EC78B3}.Debug|Any CPU.Build.0 = Debug|Any CPU
		{F5C35A3F-5EEE-4934-A49A-BC1348EC78B3}.Debug|x64.ActiveCfg = Debug|Any CPU
		{F5C35A3F-5EEE-4934-A49A-BC1348EC78B3}.Debug|x64.Build.0 = Debug|Any CPU
		{F5C35A3F-5EEE-4934-A49A-BC1348EC78B3}.Debug|x86.ActiveCfg = Debug|Any CPU
		{F5C35A3F-5EEE-4934-A49A-BC1348EC78B3}.Debug|x86.Build.0 = Debug|Any CPU
		{F5C35A3F-5EEE-4934-A49A-BC1348EC78B3}.Release|Any CPU.ActiveCfg = Release|Any CPU
		{F5C35A3F-5EEE-4934-A49A-BC1348EC78B3}.Release|Any CPU.Build.0 = Release|Any CPU
		{F5C35A3F-5EEE-4934-A49A-BC1348EC78B3}.Release|x64.ActiveCfg = Release|Any CPU
		{F5C35A3F-5EEE-4934-A49A-BC1348EC78B3}.Release|x64.Build.0 = Release|Any CPU
		{F5C35A3F-5EEE-4934-A49A-BC1348EC78B3}.Release|x86.ActiveCfg = Release|Any CPU
		{F5C35A3F-5EEE-4934-A49A-BC1348EC78B3}.Release|x86.Build.0 = Release|Any CPU
		{A5AF80B5-F829-4D73-9E71-E5B6CD8F8582}.Debug|Any CPU.ActiveCfg = Debug|Any CPU
		{A5AF80B5-F829-4D73-9E71-E5B6CD8F8582}.Debug|Any CPU.Build.0 = Debug|Any CPU
		{A5AF80B5-F829-4D73-9E71-E5B6CD8F8582}.Debug|x64.ActiveCfg = Debug|Any CPU
		{A5AF80B5-F829-4D73-9E71-E5B6CD8F8582}.Debug|x64.Build.0 = Debug|Any CPU
		{A5AF80B5-F829-4D73-9E71-E5B6CD8F8582}.Debug|x86.ActiveCfg = Debug|Any CPU
		{A5AF80B5-F829-4D73-9E71-E5B6CD8F8582}.Debug|x86.Build.0 = Debug|Any CPU
		{A5AF80B5-F829-4D73-9E71-E5B6CD8F8582}.Release|Any CPU.ActiveCfg = Release|Any CPU
		{A5AF80B5-F829-4D73-9E71-E5B6CD8F8582}.Release|Any CPU.Build.0 = Release|Any CPU
		{A5AF80B5-F829-4D73-9E71-E5B6CD8F8582}.Release|x64.ActiveCfg = Release|Any CPU
		{A5AF80B5-F829-4D73-9E71-E5B6CD8F8582}.Release|x64.Build.0 = Release|Any CPU
		{A5AF80B5-F829-4D73-9E71-E5B6CD8F8582}.Release|x86.ActiveCfg = Release|Any CPU
		{A5AF80B5-F829-4D73-9E71-E5B6CD8F8582}.Release|x86.Build.0 = Release|Any CPU
		{DF3BE68E-DB8F-49A8-801D-9260A85BCB10}.Debug|Any CPU.ActiveCfg = Debug|Any CPU
		{DF3BE68E-DB8F-49A8-801D-9260A85BCB10}.Debug|Any CPU.Build.0 = Debug|Any CPU
		{DF3BE68E-DB8F-49A8-801D-9260A85BCB10}.Debug|x64.ActiveCfg = Debug|Any CPU
		{DF3BE68E-DB8F-49A8-801D-9260A85BCB10}.Debug|x64.Build.0 = Debug|Any CPU
		{DF3BE68E-DB8F-49A8-801D-9260A85BCB10}.Debug|x86.ActiveCfg = Debug|Any CPU
		{DF3BE68E-DB8F-49A8-801D-9260A85BCB10}.Debug|x86.Build.0 = Debug|Any CPU
		{DF3BE68E-DB8F-49A8-801D-9260A85BCB10}.Release|Any CPU.ActiveCfg = Release|Any CPU
		{DF3BE68E-DB8F-49A8-801D-9260A85BCB10}.Release|Any CPU.Build.0 = Release|Any CPU
		{DF3BE68E-DB8F-49A8-801D-9260A85BCB10}.Release|x64.ActiveCfg = Release|Any CPU
		{DF3BE68E-DB8F-49A8-801D-9260A85BCB10}.Release|x64.Build.0 = Release|Any CPU
		{DF3BE68E-DB8F-49A8-801D-9260A85BCB10}.Release|x86.ActiveCfg = Release|Any CPU
		{DF3BE68E-DB8F-49A8-801D-9260A85BCB10}.Release|x86.Build.0 = Release|Any CPU
		{C03E5A86-4321-42FE-82D0-4C3512071A6A}.Debug|Any CPU.ActiveCfg = Debug|Any CPU
		{C03E5A86-4321-42FE-82D0-4C3512071A6A}.Debug|Any CPU.Build.0 = Debug|Any CPU
		{C03E5A86-4321-42FE-82D0-4C3512071A6A}.Debug|x64.ActiveCfg = Debug|Any CPU
		{C03E5A86-4321-42FE-82D0-4C3512071A6A}.Debug|x64.Build.0 = Debug|Any CPU
		{C03E5A86-4321-42FE-82D0-4C3512071A6A}.Debug|x86.ActiveCfg = Debug|Any CPU
		{C03E5A86-4321-42FE-82D0-4C3512071A6A}.Debug|x86.Build.0 = Debug|Any CPU
		{C03E5A86-4321-42FE-82D0-4C3512071A6A}.Release|Any CPU.ActiveCfg = Release|Any CPU
		{C03E5A86-4321-42FE-82D0-4C3512071A6A}.Release|Any CPU.Build.0 = Release|Any CPU
		{C03E5A86-4321-42FE-82D0-4C3512071A6A}.Release|x64.ActiveCfg = Release|Any CPU
		{C03E5A86-4321-42FE-82D0-4C3512071A6A}.Release|x64.Build.0 = Release|Any CPU
		{C03E5A86-4321-42FE-82D0-4C3512071A6A}.Release|x86.ActiveCfg = Release|Any CPU
		{C03E5A86-4321-42FE-82D0-4C3512071A6A}.Release|x86.Build.0 = Release|Any CPU
		{5B39D876-358B-4CF4-9A16-06654E806C0B}.Debug|Any CPU.ActiveCfg = Debug|Any CPU
		{5B39D876-358B-4CF4-9A16-06654E806C0B}.Debug|Any CPU.Build.0 = Debug|Any CPU
		{5B39D876-358B-4CF4-9A16-06654E806C0B}.Debug|x64.ActiveCfg = Debug|Any CPU
		{5B39D876-358B-4CF4-9A16-06654E806C0B}.Debug|x64.Build.0 = Debug|Any CPU
		{5B39D876-358B-4CF4-9A16-06654E806C0B}.Debug|x86.ActiveCfg = Debug|Any CPU
		{5B39D876-358B-4CF4-9A16-06654E806C0B}.Debug|x86.Build.0 = Debug|Any CPU
		{5B39D876-358B-4CF4-9A16-06654E806C0B}.Release|Any CPU.ActiveCfg = Release|Any CPU
		{5B39D876-358B-4CF4-9A16-06654E806C0B}.Release|Any CPU.Build.0 = Release|Any CPU
		{5B39D876-358B-4CF4-9A16-06654E806C0B}.Release|x64.ActiveCfg = Release|Any CPU
		{5B39D876-358B-4CF4-9A16-06654E806C0B}.Release|x64.Build.0 = Release|Any CPU
		{5B39D876-358B-4CF4-9A16-06654E806C0B}.Release|x86.ActiveCfg = Release|Any CPU
		{5B39D876-358B-4CF4-9A16-06654E806C0B}.Release|x86.Build.0 = Release|Any CPU
		{69AFFE40-5A38-4648-B87D-280F7BD2832A}.Debug|Any CPU.ActiveCfg = Debug|Any CPU
		{69AFFE40-5A38-4648-B87D-280F7BD2832A}.Debug|Any CPU.Build.0 = Debug|Any CPU
		{69AFFE40-5A38-4648-B87D-280F7BD2832A}.Debug|x64.ActiveCfg = Debug|Any CPU
		{69AFFE40-5A38-4648-B87D-280F7BD2832A}.Debug|x64.Build.0 = Debug|Any CPU
		{69AFFE40-5A38-4648-B87D-280F7BD2832A}.Debug|x86.ActiveCfg = Debug|Any CPU
		{69AFFE40-5A38-4648-B87D-280F7BD2832A}.Debug|x86.Build.0 = Debug|Any CPU
		{69AFFE40-5A38-4648-B87D-280F7BD2832A}.Release|Any CPU.ActiveCfg = Release|Any CPU
		{69AFFE40-5A38-4648-B87D-280F7BD2832A}.Release|Any CPU.Build.0 = Release|Any CPU
		{69AFFE40-5A38-4648-B87D-280F7BD2832A}.Release|x64.ActiveCfg = Release|Any CPU
		{69AFFE40-5A38-4648-B87D-280F7BD2832A}.Release|x64.Build.0 = Release|Any CPU
		{69AFFE40-5A38-4648-B87D-280F7BD2832A}.Release|x86.ActiveCfg = Release|Any CPU
		{69AFFE40-5A38-4648-B87D-280F7BD2832A}.Release|x86.Build.0 = Release|Any CPU
		{712D4EC6-1BB1-41E9-9B20-30B534DDCDF2}.Debug|Any CPU.ActiveCfg = Debug|Any CPU
		{712D4EC6-1BB1-41E9-9B20-30B534DDCDF2}.Debug|Any CPU.Build.0 = Debug|Any CPU
		{712D4EC6-1BB1-41E9-9B20-30B534DDCDF2}.Debug|x64.ActiveCfg = Debug|Any CPU
		{712D4EC6-1BB1-41E9-9B20-30B534DDCDF2}.Debug|x64.Build.0 = Debug|Any CPU
		{712D4EC6-1BB1-41E9-9B20-30B534DDCDF2}.Debug|x86.ActiveCfg = Debug|Any CPU
		{712D4EC6-1BB1-41E9-9B20-30B534DDCDF2}.Debug|x86.Build.0 = Debug|Any CPU
		{712D4EC6-1BB1-41E9-9B20-30B534DDCDF2}.Release|Any CPU.ActiveCfg = Release|Any CPU
		{712D4EC6-1BB1-41E9-9B20-30B534DDCDF2}.Release|Any CPU.Build.0 = Release|Any CPU
		{712D4EC6-1BB1-41E9-9B20-30B534DDCDF2}.Release|x64.ActiveCfg = Release|Any CPU
		{712D4EC6-1BB1-41E9-9B20-30B534DDCDF2}.Release|x64.Build.0 = Release|Any CPU
		{712D4EC6-1BB1-41E9-9B20-30B534DDCDF2}.Release|x86.ActiveCfg = Release|Any CPU
		{712D4EC6-1BB1-41E9-9B20-30B534DDCDF2}.Release|x86.Build.0 = Release|Any CPU
		{D7535798-4A90-425E-8FD5-85EB03ACD88C}.Debug|Any CPU.ActiveCfg = Debug|Any CPU
		{D7535798-4A90-425E-8FD5-85EB03ACD88C}.Debug|Any CPU.Build.0 = Debug|Any CPU
		{D7535798-4A90-425E-8FD5-85EB03ACD88C}.Debug|x64.ActiveCfg = Debug|Any CPU
		{D7535798-4A90-425E-8FD5-85EB03ACD88C}.Debug|x64.Build.0 = Debug|Any CPU
		{D7535798-4A90-425E-8FD5-85EB03ACD88C}.Debug|x86.ActiveCfg = Debug|Any CPU
		{D7535798-4A90-425E-8FD5-85EB03ACD88C}.Debug|x86.Build.0 = Debug|Any CPU
		{D7535798-4A90-425E-8FD5-85EB03ACD88C}.Release|Any CPU.ActiveCfg = Release|Any CPU
		{D7535798-4A90-425E-8FD5-85EB03ACD88C}.Release|Any CPU.Build.0 = Release|Any CPU
		{D7535798-4A90-425E-8FD5-85EB03ACD88C}.Release|x64.ActiveCfg = Release|Any CPU
		{D7535798-4A90-425E-8FD5-85EB03ACD88C}.Release|x64.Build.0 = Release|Any CPU
		{D7535798-4A90-425E-8FD5-85EB03ACD88C}.Release|x86.ActiveCfg = Release|Any CPU
		{D7535798-4A90-425E-8FD5-85EB03ACD88C}.Release|x86.Build.0 = Release|Any CPU
		{80D0B0AA-B55B-45CE-97AF-826CCB6A50D5}.Debug|Any CPU.ActiveCfg = Debug|Any CPU
		{80D0B0AA-B55B-45CE-97AF-826CCB6A50D5}.Debug|Any CPU.Build.0 = Debug|Any CPU
		{80D0B0AA-B55B-45CE-97AF-826CCB6A50D5}.Debug|x64.ActiveCfg = Debug|Any CPU
		{80D0B0AA-B55B-45CE-97AF-826CCB6A50D5}.Debug|x64.Build.0 = Debug|Any CPU
		{80D0B0AA-B55B-45CE-97AF-826CCB6A50D5}.Debug|x86.ActiveCfg = Debug|Any CPU
		{80D0B0AA-B55B-45CE-97AF-826CCB6A50D5}.Debug|x86.Build.0 = Debug|Any CPU
		{80D0B0AA-B55B-45CE-97AF-826CCB6A50D5}.Release|Any CPU.ActiveCfg = Release|Any CPU
		{80D0B0AA-B55B-45CE-97AF-826CCB6A50D5}.Release|Any CPU.Build.0 = Release|Any CPU
		{80D0B0AA-B55B-45CE-97AF-826CCB6A50D5}.Release|x64.ActiveCfg = Release|Any CPU
		{80D0B0AA-B55B-45CE-97AF-826CCB6A50D5}.Release|x64.Build.0 = Release|Any CPU
		{80D0B0AA-B55B-45CE-97AF-826CCB6A50D5}.Release|x86.ActiveCfg = Release|Any CPU
		{80D0B0AA-B55B-45CE-97AF-826CCB6A50D5}.Release|x86.Build.0 = Release|Any CPU
		{BF7C61FD-053D-41EF-B2B1-52D4B00F243B}.Debug|Any CPU.ActiveCfg = Debug|Any CPU
		{BF7C61FD-053D-41EF-B2B1-52D4B00F243B}.Debug|Any CPU.Build.0 = Debug|Any CPU
		{BF7C61FD-053D-41EF-B2B1-52D4B00F243B}.Debug|x64.ActiveCfg = Debug|Any CPU
		{BF7C61FD-053D-41EF-B2B1-52D4B00F243B}.Debug|x64.Build.0 = Debug|Any CPU
		{BF7C61FD-053D-41EF-B2B1-52D4B00F243B}.Debug|x86.ActiveCfg = Debug|Any CPU
		{BF7C61FD-053D-41EF-B2B1-52D4B00F243B}.Debug|x86.Build.0 = Debug|Any CPU
		{BF7C61FD-053D-41EF-B2B1-52D4B00F243B}.Release|Any CPU.ActiveCfg = Release|Any CPU
		{BF7C61FD-053D-41EF-B2B1-52D4B00F243B}.Release|Any CPU.Build.0 = Release|Any CPU
		{BF7C61FD-053D-41EF-B2B1-52D4B00F243B}.Release|x64.ActiveCfg = Release|Any CPU
		{BF7C61FD-053D-41EF-B2B1-52D4B00F243B}.Release|x64.Build.0 = Release|Any CPU
		{BF7C61FD-053D-41EF-B2B1-52D4B00F243B}.Release|x86.ActiveCfg = Release|Any CPU
		{BF7C61FD-053D-41EF-B2B1-52D4B00F243B}.Release|x86.Build.0 = Release|Any CPU
		{F7A14778-A951-4C83-8558-6C2686542334}.Debug|Any CPU.ActiveCfg = Debug|Any CPU
		{F7A14778-A951-4C83-8558-6C2686542334}.Debug|Any CPU.Build.0 = Debug|Any CPU
		{F7A14778-A951-4C83-8558-6C2686542334}.Debug|x64.ActiveCfg = Debug|Any CPU
		{F7A14778-A951-4C83-8558-6C2686542334}.Debug|x64.Build.0 = Debug|Any CPU
		{F7A14778-A951-4C83-8558-6C2686542334}.Debug|x86.ActiveCfg = Debug|Any CPU
		{F7A14778-A951-4C83-8558-6C2686542334}.Debug|x86.Build.0 = Debug|Any CPU
		{F7A14778-A951-4C83-8558-6C2686542334}.Release|Any CPU.ActiveCfg = Release|Any CPU
		{F7A14778-A951-4C83-8558-6C2686542334}.Release|Any CPU.Build.0 = Release|Any CPU
		{F7A14778-A951-4C83-8558-6C2686542334}.Release|x64.ActiveCfg = Release|Any CPU
		{F7A14778-A951-4C83-8558-6C2686542334}.Release|x64.Build.0 = Release|Any CPU
		{F7A14778-A951-4C83-8558-6C2686542334}.Release|x86.ActiveCfg = Release|Any CPU
		{F7A14778-A951-4C83-8558-6C2686542334}.Release|x86.Build.0 = Release|Any CPU
		{62B19315-5842-4025-A015-1DBAEFFF073E}.Debug|Any CPU.ActiveCfg = Debug|Any CPU
		{62B19315-5842-4025-A015-1DBAEFFF073E}.Debug|Any CPU.Build.0 = Debug|Any CPU
		{62B19315-5842-4025-A015-1DBAEFFF073E}.Debug|x64.ActiveCfg = Debug|Any CPU
		{62B19315-5842-4025-A015-1DBAEFFF073E}.Debug|x64.Build.0 = Debug|Any CPU
		{62B19315-5842-4025-A015-1DBAEFFF073E}.Debug|x86.ActiveCfg = Debug|Any CPU
		{62B19315-5842-4025-A015-1DBAEFFF073E}.Debug|x86.Build.0 = Debug|Any CPU
		{62B19315-5842-4025-A015-1DBAEFFF073E}.Release|Any CPU.ActiveCfg = Release|Any CPU
		{62B19315-5842-4025-A015-1DBAEFFF073E}.Release|Any CPU.Build.0 = Release|Any CPU
		{62B19315-5842-4025-A015-1DBAEFFF073E}.Release|x64.ActiveCfg = Release|Any CPU
		{62B19315-5842-4025-A015-1DBAEFFF073E}.Release|x64.Build.0 = Release|Any CPU
		{62B19315-5842-4025-A015-1DBAEFFF073E}.Release|x86.ActiveCfg = Release|Any CPU
		{62B19315-5842-4025-A015-1DBAEFFF073E}.Release|x86.Build.0 = Release|Any CPU
		{111E05B5-9FA5-4C48-8E50-A1E8C0F18DCF}.Debug|Any CPU.ActiveCfg = Debug|Any CPU
		{111E05B5-9FA5-4C48-8E50-A1E8C0F18DCF}.Debug|Any CPU.Build.0 = Debug|Any CPU
		{111E05B5-9FA5-4C48-8E50-A1E8C0F18DCF}.Debug|x64.ActiveCfg = Debug|Any CPU
		{111E05B5-9FA5-4C48-8E50-A1E8C0F18DCF}.Debug|x64.Build.0 = Debug|Any CPU
		{111E05B5-9FA5-4C48-8E50-A1E8C0F18DCF}.Debug|x86.ActiveCfg = Debug|Any CPU
		{111E05B5-9FA5-4C48-8E50-A1E8C0F18DCF}.Debug|x86.Build.0 = Debug|Any CPU
		{111E05B5-9FA5-4C48-8E50-A1E8C0F18DCF}.Release|Any CPU.ActiveCfg = Release|Any CPU
		{111E05B5-9FA5-4C48-8E50-A1E8C0F18DCF}.Release|Any CPU.Build.0 = Release|Any CPU
		{111E05B5-9FA5-4C48-8E50-A1E8C0F18DCF}.Release|x64.ActiveCfg = Release|Any CPU
		{111E05B5-9FA5-4C48-8E50-A1E8C0F18DCF}.Release|x64.Build.0 = Release|Any CPU
		{111E05B5-9FA5-4C48-8E50-A1E8C0F18DCF}.Release|x86.ActiveCfg = Release|Any CPU
		{111E05B5-9FA5-4C48-8E50-A1E8C0F18DCF}.Release|x86.Build.0 = Release|Any CPU
		{FB2E6BF0-31E3-4001-AB67-59E733BD0F31}.Debug|Any CPU.ActiveCfg = Debug|Any CPU
		{FB2E6BF0-31E3-4001-AB67-59E733BD0F31}.Debug|Any CPU.Build.0 = Debug|Any CPU
		{FB2E6BF0-31E3-4001-AB67-59E733BD0F31}.Debug|x64.ActiveCfg = Debug|Any CPU
		{FB2E6BF0-31E3-4001-AB67-59E733BD0F31}.Debug|x64.Build.0 = Debug|Any CPU
		{FB2E6BF0-31E3-4001-AB67-59E733BD0F31}.Debug|x86.ActiveCfg = Debug|Any CPU
		{FB2E6BF0-31E3-4001-AB67-59E733BD0F31}.Debug|x86.Build.0 = Debug|Any CPU
		{FB2E6BF0-31E3-4001-AB67-59E733BD0F31}.Release|Any CPU.ActiveCfg = Release|Any CPU
		{FB2E6BF0-31E3-4001-AB67-59E733BD0F31}.Release|Any CPU.Build.0 = Release|Any CPU
		{FB2E6BF0-31E3-4001-AB67-59E733BD0F31}.Release|x64.ActiveCfg = Release|Any CPU
		{FB2E6BF0-31E3-4001-AB67-59E733BD0F31}.Release|x64.Build.0 = Release|Any CPU
		{FB2E6BF0-31E3-4001-AB67-59E733BD0F31}.Release|x86.ActiveCfg = Release|Any CPU
		{FB2E6BF0-31E3-4001-AB67-59E733BD0F31}.Release|x86.Build.0 = Release|Any CPU
		{B2237F0E-59A6-4D7E-8376-EA815C79E12D}.Debug|Any CPU.ActiveCfg = Debug|Any CPU
		{B2237F0E-59A6-4D7E-8376-EA815C79E12D}.Debug|Any CPU.Build.0 = Debug|Any CPU
		{B2237F0E-59A6-4D7E-8376-EA815C79E12D}.Debug|x64.ActiveCfg = Debug|Any CPU
		{B2237F0E-59A6-4D7E-8376-EA815C79E12D}.Debug|x64.Build.0 = Debug|Any CPU
		{B2237F0E-59A6-4D7E-8376-EA815C79E12D}.Debug|x86.ActiveCfg = Debug|Any CPU
		{B2237F0E-59A6-4D7E-8376-EA815C79E12D}.Debug|x86.Build.0 = Debug|Any CPU
		{B2237F0E-59A6-4D7E-8376-EA815C79E12D}.Release|Any CPU.ActiveCfg = Release|Any CPU
		{B2237F0E-59A6-4D7E-8376-EA815C79E12D}.Release|Any CPU.Build.0 = Release|Any CPU
		{B2237F0E-59A6-4D7E-8376-EA815C79E12D}.Release|x64.ActiveCfg = Release|Any CPU
		{B2237F0E-59A6-4D7E-8376-EA815C79E12D}.Release|x64.Build.0 = Release|Any CPU
		{B2237F0E-59A6-4D7E-8376-EA815C79E12D}.Release|x86.ActiveCfg = Release|Any CPU
		{B2237F0E-59A6-4D7E-8376-EA815C79E12D}.Release|x86.Build.0 = Release|Any CPU
		{F384F84F-E627-4E89-9FB2-FC45C9495AA8}.Debug|Any CPU.ActiveCfg = Debug|Any CPU
		{F384F84F-E627-4E89-9FB2-FC45C9495AA8}.Debug|Any CPU.Build.0 = Debug|Any CPU
		{F384F84F-E627-4E89-9FB2-FC45C9495AA8}.Debug|x64.ActiveCfg = Debug|Any CPU
		{F384F84F-E627-4E89-9FB2-FC45C9495AA8}.Debug|x64.Build.0 = Debug|Any CPU
		{F384F84F-E627-4E89-9FB2-FC45C9495AA8}.Debug|x86.ActiveCfg = Debug|Any CPU
		{F384F84F-E627-4E89-9FB2-FC45C9495AA8}.Debug|x86.Build.0 = Debug|Any CPU
		{F384F84F-E627-4E89-9FB2-FC45C9495AA8}.Release|Any CPU.ActiveCfg = Release|Any CPU
		{F384F84F-E627-4E89-9FB2-FC45C9495AA8}.Release|Any CPU.Build.0 = Release|Any CPU
		{F384F84F-E627-4E89-9FB2-FC45C9495AA8}.Release|x64.ActiveCfg = Release|Any CPU
		{F384F84F-E627-4E89-9FB2-FC45C9495AA8}.Release|x64.Build.0 = Release|Any CPU
		{F384F84F-E627-4E89-9FB2-FC45C9495AA8}.Release|x86.ActiveCfg = Release|Any CPU
		{F384F84F-E627-4E89-9FB2-FC45C9495AA8}.Release|x86.Build.0 = Release|Any CPU
	EndGlobalSection
	GlobalSection(SolutionProperties) = preSolution
		HideSolutionNode = FALSE
	EndGlobalSection
EndGlobal
