
Microsoft Visual Studio Solution File, Format Version 12.00
# Visual Studio Version 17
VisualStudioVersion = 17.0.31903.59
MinimumVisualStudioVersion = 10.0.40219.1
Project("{9A19103F-16F7-4668-BE54-9A1E7A4F7556}") = "UnboundedIntegrationTests", "UnboundedIntegrationTests\UnboundedIntegrationTests.csproj", "{1E17AA8A-B8BA-4A64-892C-B58151293142}"
	ProjectSection(ProjectDependencies) = postProject
		{5CF71C91-EE5E-4F8D-8FEE-AE497A32BF8B} = {5CF71C91-EE5E-4F8D-8FEE-AE497A32BF8B}
		{EA98CDD2-655D-4239-9B9F-44EB806DEE53} = {EA98CDD2-655D-4239-9B9F-44EB806DEE53}
	EndProjectSection
EndProject
Project("{9A19103F-16F7-4668-BE54-9A1E7A4F7556}") = "IntegrationTestHelpers", "IntegrationTestHelpers\IntegrationTestHelpers.csproj", "{9AABBBB0-32FC-4DA3-A38C-96A50A7ABAC1}"
EndProject
Project("{9A19103F-16F7-4668-BE54-9A1E7A4F7556}") = "HostedWebCore", "HostedWebCore\HostedWebCore.csproj", "{5CF71C91-EE5E-4F8D-8FEE-AE497A32BF8B}"
EndProject
Project("{2150E333-8FDC-42A3-9474-1A3956D46DE8}") = "UnboundedApplications", "UnboundedApplications", "{03BAC949-FAD7-4EE6-A2BD-45E3DE2407F9}"
EndProject
Project("{FAE04EC0-301F-11D3-BF4B-00C04F79EFBC}") = "BasicMvcApplication", "UnboundedApplications\BasicMvcApplication\BasicMvcApplication.csproj", "{EA98CDD2-655D-4239-9B9F-44EB806DEE53}"
EndProject
Project("{9A19103F-16F7-4668-BE54-9A1E7A4F7556}") = "Shared", "Shared\Shared.csproj", "{F4B857C6-8458-41C7-9254-F9CE97BB473A}"
EndProject
Project("{FAE04EC0-301F-11D3-BF4B-00C04F79EFBC}") = "MongoDBApplication", "UnboundedApplications\MongoDBApplication\MongoDBApplication.csproj", "{A8308E64-6659-4EFB-A9C4-0C48D4C99A61}"
EndProject
Project("{9A19103F-16F7-4668-BE54-9A1E7A4F7556}") = "NewRelic.Testing.Assertions", "..\NewRelic.Testing.Assertions\NewRelic.Testing.Assertions.csproj", "{2A932B62-8787-4963-8D53-F83BF6ACBB5C}"
EndProject
Project("{9A19103F-16F7-4668-BE54-9A1E7A4F7556}") = "BasicMvcCoreApplication", "UnboundedApplications\BasicMvcCoreApplication\BasicMvcCoreApplication.csproj", "{26AEFF66-DFF2-4C85-AB0C-0B2672E8A434}"
EndProject
Project("{2150E333-8FDC-42A3-9474-1A3956D46DE8}") = "SharedApplications", "SharedApplications", "{859E490D-4C1A-4D9D-8271-5FE2E0726ADE}"
	ProjectSection(SolutionItems) = preProject
		SharedApplications\WcfAppIisHosted\WcfAppIisHosted.csproj = SharedApplications\WcfAppIisHosted\WcfAppIisHosted.csproj
	EndProjectSection
EndProject
Project("{9A19103F-16F7-4668-BE54-9A1E7A4F7556}") = "ConsoleMultiFunctionApplicationFW", "SharedApplications\ConsoleMultiFunctionApplicationFW\ConsoleMultiFunctionApplicationFW.csproj", "{8D07A4F7-70FD-40D4-AA95-BA9A98F14CD0}"
EndProject
Project("{9A19103F-16F7-4668-BE54-9A1E7A4F7556}") = "ConsoleMultiFunctionApplicationCore", "SharedApplications\ConsoleMultiFunctionApplicationCore\ConsoleMultiFunctionApplicationCore.csproj", "{5350D3F3-CE09-4992-9756-ACCC92A9129C}"
EndProject
Project("{2150E333-8FDC-42A3-9474-1A3956D46DE8}") = "Common", "Common", "{129FF113-1F3A-4DAA-8D6F-287DF67A68FA}"
EndProject
Project("{9A19103F-16F7-4668-BE54-9A1E7A4F7556}") = "MultiFunctionApplicationHelpers", "SharedApplications\Common\MultiFunctionApplicationHelpers\MultiFunctionApplicationHelpers.csproj", "{3E8423E9-1FBF-451F-8117-88CE3DADEF7F}"
EndProject
Project("{9A19103F-16F7-4668-BE54-9A1E7A4F7556}") = "NetStandardTestLibrary", "SharedApplications\Common\NetStandardTestLibrary\NetStandardTestLibrary.csproj", "{B64766CA-8731-493F-8417-61A70F783EB7}"
EndProject
Project("{9A19103F-16F7-4668-BE54-9A1E7A4F7556}") = "NewRelic.Api.Agent", "..\..\..\src\Agent\NewRelic.Api.Agent\NewRelic.Api.Agent.csproj", "{1D93182F-CF1D-47A1-BC0F-4E27DE9ACEF9}"
EndProject
Project("{9A19103F-16F7-4668-BE54-9A1E7A4F7556}") = "Models", "Models\Models.csproj", "{81A13A3C-2008-4756-8A5F-1E1B4F97CCAD}"
EndProject
Project("{9A19103F-16F7-4668-BE54-9A1E7A4F7556}") = "SharedApplicationHelpers", "SharedApplications\Common\SharedApplicationHelpers\SharedApplicationHelpers.csproj", "{F35861EC-9861-4776-AF51-9C2B7F1DBA5C}"
EndProject
Global
	GlobalSection(SolutionConfigurationPlatforms) = preSolution
		Debug|Any CPU = Debug|Any CPU
		Release|Any CPU = Release|Any CPU
	EndGlobalSection
	GlobalSection(ProjectConfigurationPlatforms) = postSolution
		{1E17AA8A-B8BA-4A64-892C-B58151293142}.Debug|Any CPU.ActiveCfg = Debug|Any CPU
		{1E17AA8A-B8BA-4A64-892C-B58151293142}.Debug|Any CPU.Build.0 = Debug|Any CPU
		{1E17AA8A-B8BA-4A64-892C-B58151293142}.Release|Any CPU.ActiveCfg = Release|Any CPU
		{1E17AA8A-B8BA-4A64-892C-B58151293142}.Release|Any CPU.Build.0 = Release|Any CPU
		{9AABBBB0-32FC-4DA3-A38C-96A50A7ABAC1}.Debug|Any CPU.ActiveCfg = Debug|Any CPU
		{9AABBBB0-32FC-4DA3-A38C-96A50A7ABAC1}.Debug|Any CPU.Build.0 = Debug|Any CPU
		{9AABBBB0-32FC-4DA3-A38C-96A50A7ABAC1}.Release|Any CPU.ActiveCfg = Release|Any CPU
		{9AABBBB0-32FC-4DA3-A38C-96A50A7ABAC1}.Release|Any CPU.Build.0 = Release|Any CPU
		{5CF71C91-EE5E-4F8D-8FEE-AE497A32BF8B}.Debug|Any CPU.ActiveCfg = Debug|Any CPU
		{5CF71C91-EE5E-4F8D-8FEE-AE497A32BF8B}.Debug|Any CPU.Build.0 = Debug|Any CPU
		{5CF71C91-EE5E-4F8D-8FEE-AE497A32BF8B}.Release|Any CPU.ActiveCfg = Release|Any CPU
		{5CF71C91-EE5E-4F8D-8FEE-AE497A32BF8B}.Release|Any CPU.Build.0 = Release|Any CPU
		{EA98CDD2-655D-4239-9B9F-44EB806DEE53}.Debug|Any CPU.ActiveCfg = Debug|Any CPU
		{EA98CDD2-655D-4239-9B9F-44EB806DEE53}.Debug|Any CPU.Build.0 = Debug|Any CPU
		{EA98CDD2-655D-4239-9B9F-44EB806DEE53}.Release|Any CPU.ActiveCfg = Release|Any CPU
		{EA98CDD2-655D-4239-9B9F-44EB806DEE53}.Release|Any CPU.Build.0 = Release|Any CPU
		{F4B857C6-8458-41C7-9254-F9CE97BB473A}.Debug|Any CPU.ActiveCfg = Debug|Any CPU
		{F4B857C6-8458-41C7-9254-F9CE97BB473A}.Debug|Any CPU.Build.0 = Debug|Any CPU
		{F4B857C6-8458-41C7-9254-F9CE97BB473A}.Release|Any CPU.ActiveCfg = Release|Any CPU
		{F4B857C6-8458-41C7-9254-F9CE97BB473A}.Release|Any CPU.Build.0 = Release|Any CPU
		{A8308E64-6659-4EFB-A9C4-0C48D4C99A61}.Debug|Any CPU.ActiveCfg = Debug|Any CPU
		{A8308E64-6659-4EFB-A9C4-0C48D4C99A61}.Debug|Any CPU.Build.0 = Debug|Any CPU
		{A8308E64-6659-4EFB-A9C4-0C48D4C99A61}.Release|Any CPU.ActiveCfg = Release|Any CPU
		{A8308E64-6659-4EFB-A9C4-0C48D4C99A61}.Release|Any CPU.Build.0 = Release|Any CPU
		{2A932B62-8787-4963-8D53-F83BF6ACBB5C}.Debug|Any CPU.ActiveCfg = Debug|Any CPU
		{2A932B62-8787-4963-8D53-F83BF6ACBB5C}.Debug|Any CPU.Build.0 = Debug|Any CPU
		{2A932B62-8787-4963-8D53-F83BF6ACBB5C}.Release|Any CPU.ActiveCfg = Release|Any CPU
		{2A932B62-8787-4963-8D53-F83BF6ACBB5C}.Release|Any CPU.Build.0 = Release|Any CPU
		{26AEFF66-DFF2-4C85-AB0C-0B2672E8A434}.Debug|Any CPU.ActiveCfg = Debug|Any CPU
		{26AEFF66-DFF2-4C85-AB0C-0B2672E8A434}.Debug|Any CPU.Build.0 = Debug|Any CPU
		{26AEFF66-DFF2-4C85-AB0C-0B2672E8A434}.Release|Any CPU.ActiveCfg = Release|Any CPU
		{26AEFF66-DFF2-4C85-AB0C-0B2672E8A434}.Release|Any CPU.Build.0 = Release|Any CPU
		{8D07A4F7-70FD-40D4-AA95-BA9A98F14CD0}.Debug|Any CPU.ActiveCfg = Debug|Any CPU
		{8D07A4F7-70FD-40D4-AA95-BA9A98F14CD0}.Debug|Any CPU.Build.0 = Debug|Any CPU
		{8D07A4F7-70FD-40D4-AA95-BA9A98F14CD0}.Release|Any CPU.ActiveCfg = Release|Any CPU
		{8D07A4F7-70FD-40D4-AA95-BA9A98F14CD0}.Release|Any CPU.Build.0 = Release|Any CPU
		{5350D3F3-CE09-4992-9756-ACCC92A9129C}.Debug|Any CPU.ActiveCfg = Debug|Any CPU
		{5350D3F3-CE09-4992-9756-ACCC92A9129C}.Debug|Any CPU.Build.0 = Debug|Any CPU
		{5350D3F3-CE09-4992-9756-ACCC92A9129C}.Release|Any CPU.ActiveCfg = Release|Any CPU
		{5350D3F3-CE09-4992-9756-ACCC92A9129C}.Release|Any CPU.Build.0 = Release|Any CPU
		{3E8423E9-1FBF-451F-8117-88CE3DADEF7F}.Debug|Any CPU.ActiveCfg = Debug|Any CPU
		{3E8423E9-1FBF-451F-8117-88CE3DADEF7F}.Debug|Any CPU.Build.0 = Debug|Any CPU
		{3E8423E9-1FBF-451F-8117-88CE3DADEF7F}.Release|Any CPU.ActiveCfg = Release|Any CPU
		{3E8423E9-1FBF-451F-8117-88CE3DADEF7F}.Release|Any CPU.Build.0 = Release|Any CPU
		{B64766CA-8731-493F-8417-61A70F783EB7}.Debug|Any CPU.ActiveCfg = Debug|Any CPU
		{B64766CA-8731-493F-8417-61A70F783EB7}.Debug|Any CPU.Build.0 = Debug|Any CPU
		{B64766CA-8731-493F-8417-61A70F783EB7}.Release|Any CPU.ActiveCfg = Release|Any CPU
		{B64766CA-8731-493F-8417-61A70F783EB7}.Release|Any CPU.Build.0 = Release|Any CPU
		{1D93182F-CF1D-47A1-BC0F-4E27DE9ACEF9}.Debug|Any CPU.ActiveCfg = Debug|Any CPU
		{1D93182F-CF1D-47A1-BC0F-4E27DE9ACEF9}.Debug|Any CPU.Build.0 = Debug|Any CPU
		{1D93182F-CF1D-47A1-BC0F-4E27DE9ACEF9}.Release|Any CPU.ActiveCfg = Release|Any CPU
		{1D93182F-CF1D-47A1-BC0F-4E27DE9ACEF9}.Release|Any CPU.Build.0 = Release|Any CPU
		{81A13A3C-2008-4756-8A5F-1E1B4F97CCAD}.Debug|Any CPU.ActiveCfg = Debug|Any CPU
		{81A13A3C-2008-4756-8A5F-1E1B4F97CCAD}.Debug|Any CPU.Build.0 = Debug|Any CPU
		{81A13A3C-2008-4756-8A5F-1E1B4F97CCAD}.Release|Any CPU.ActiveCfg = Release|Any CPU
		{81A13A3C-2008-4756-8A5F-1E1B4F97CCAD}.Release|Any CPU.Build.0 = Release|Any CPU
		{F35861EC-9861-4776-AF51-9C2B7F1DBA5C}.Debug|Any CPU.ActiveCfg = Debug|Any CPU
		{F35861EC-9861-4776-AF51-9C2B7F1DBA5C}.Debug|Any CPU.Build.0 = Debug|Any CPU
		{F35861EC-9861-4776-AF51-9C2B7F1DBA5C}.Release|Any CPU.ActiveCfg = Release|Any CPU
		{F35861EC-9861-4776-AF51-9C2B7F1DBA5C}.Release|Any CPU.Build.0 = Release|Any CPU
	EndGlobalSection
	GlobalSection(SolutionProperties) = preSolution
		HideSolutionNode = FALSE
	EndGlobalSection
	GlobalSection(NestedProjects) = preSolution
		{EA98CDD2-655D-4239-9B9F-44EB806DEE53} = {03BAC949-FAD7-4EE6-A2BD-45E3DE2407F9}
		{A8308E64-6659-4EFB-A9C4-0C48D4C99A61} = {03BAC949-FAD7-4EE6-A2BD-45E3DE2407F9}
		{26AEFF66-DFF2-4C85-AB0C-0B2672E8A434} = {03BAC949-FAD7-4EE6-A2BD-45E3DE2407F9}
		{8D07A4F7-70FD-40D4-AA95-BA9A98F14CD0} = {859E490D-4C1A-4D9D-8271-5FE2E0726ADE}
		{5350D3F3-CE09-4992-9756-ACCC92A9129C} = {859E490D-4C1A-4D9D-8271-5FE2E0726ADE}
		{129FF113-1F3A-4DAA-8D6F-287DF67A68FA} = {859E490D-4C1A-4D9D-8271-5FE2E0726ADE}
		{3E8423E9-1FBF-451F-8117-88CE3DADEF7F} = {129FF113-1F3A-4DAA-8D6F-287DF67A68FA}
		{B64766CA-8731-493F-8417-61A70F783EB7} = {129FF113-1F3A-4DAA-8D6F-287DF67A68FA}
		{F35861EC-9861-4776-AF51-9C2B7F1DBA5C} = {129FF113-1F3A-4DAA-8D6F-287DF67A68FA}
	EndGlobalSection
	GlobalSection(ExtensibilityGlobals) = postSolution
		EnterpriseLibraryConfigurationToolBinariesPathV6 = packages\EnterpriseLibrary.Common.6.0.1304.0\lib\NET45;packages\EnterpriseLibrary.Data.6.0.1304.0\lib\NET45
		SolutionGuid = {656848E2-BFD2-4092-9328-C6CDF39B1274}
	EndGlobalSection
EndGlobal
