
Microsoft Visual Studio Solution File, Format Version 12.00
# Visual Studio Version 17
VisualStudioVersion = 17.5.002.0
MinimumVisualStudioVersion = 10.0.40219.1
Project("{2150E333-8FDC-42A3-9474-1A3956D46DE8}") = "scripts", "scripts", "{AAC9CA3C-605D-40C5-8A35-E606A75FE972}"
EndProject
Project("{9A19103F-16F7-4668-BE54-9A1E7A4F7556}") = "nugetSlackNotifications", "scripts\nugetSlackNotifications\nugetSlackNotifications.csproj", "{0A39161F-8458-404C-B2CB-72DF6A02B77A}"
EndProject
Global
	GlobalSection(SolutionConfigurationPlatforms) = preSolution
		Debug|Any CPU = Debug|Any CPU
		Release|Any CPU = Release|Any CPU
	EndGlobalSection
	GlobalSection(ProjectConfigurationPlatforms) = postSolution
		{0A39161F-8458-404C-B2CB-72DF6A02B77A}.Debug|Any CPU.ActiveCfg = Debug|Any CPU
		{0A39161F-8458-404C-B2CB-72DF6A02B77A}.Debug|Any CPU.Build.0 = Debug|Any CPU
		{0A39161F-8458-404C-B2CB-72DF6A02B77A}.Release|Any CPU.ActiveCfg = Release|Any CPU
		{0A39161F-8458-404C-B2CB-72DF6A02B77A}.Release|Any CPU.Build.0 = Release|Any CPU
	EndGlobalSection
	GlobalSection(SolutionProperties) = preSolution
		HideSolutionNode = FALSE
	EndGlobalSection
	GlobalSection(NestedProjects) = preSolution
		{0A39161F-8458-404C-B2CB-72DF6A02B77A} = {AAC9CA3C-605D-40C5-8A35-E606A75FE972}
	EndGlobalSection
	GlobalSection(ExtensibilityGlobals) = postSolution
		SolutionGuid = {00939DF1-4B23-430C-9972-9961583ACDC9}
	EndGlobalSection
EndGlobal
